{
  "name": "@strv/stylelint-config-css-in-js-react-native",
  "version": "1.0.0",
  "lockfileVersion": 1,
  "requires": true,
  "dependencies": {
    "react-native-known-styling-properties": {
      "version": "1.0.5",
      "resolved": "https://registry.npmjs.org/react-native-known-styling-properties/-/react-native-known-styling-properties-1.0.5.tgz",
      "integrity": "sha512-PKRW5v9Um2/7mIaUy2fxg3XugP/QyVoqnzpnkY6AUTIlfyC2c/PeEhDwEVJgTotWiFCIj2lUACQ2lsG5zp0NUQ=="
    },
    "stylelint-react-native": {
      "version": "2.2.0",
      "resolved": "https://registry.npmjs.org/stylelint-react-native/-/stylelint-react-native-2.2.0.tgz",
      "integrity": "sha512-r5eIvGqU0zbqtUmYBXJfbIL8JSpdOTMnjf6/hh8MfaixxV+D68ecVn9hHVQUt94XkrN1nI3FLvIuHnxYnnpaEg==",
      "requires": {
        "react-native-known-styling-properties": "^1.0.5"
      }
    }
  }
}
