{
	"name": "@strv/eslint-config-react-native",
	"version": "2.1.2",
	"lockfileVersion": 1,
	"requires": true,
	"dependencies": {
		"array-includes": {
			"version": "3.0.3",
			"resolved": "https://registry.npmjs.org/array-includes/-/array-includes-3.0.3.tgz",
			"integrity": "sha1-GEtI9i2S10UrsxsyMWXH+L0CJm0=",
			"requires": {
				"define-properties": "^1.1.2",
				"es-abstract": "^1.7.0"
			}
		},
		"ast-types-flow": {
			"version": "0.0.7",
			"resolved": "https://registry.npmjs.org/ast-types-flow/-/ast-types-flow-0.0.7.tgz",
			"integrity": "sha1-9wtzXGvKGlycItmCw+Oef+ujva0="
		},
		"define-properties": {
			"version": "1.1.3",
			"resolved": "https://registry.npmjs.org/define-properties/-/define-properties-1.1.3.tgz",
			"integrity": "sha512-3MqfYKj2lLzdMSf8ZIZE/V+Zuy+BgD6f164e8K2w7dgnpKArBDerGYpM46IYYcjnkdPNMjPk9A6VFB8+3SKlXQ==",
			"requires": {
				"object-keys": "^1.0.12"
			}
		},
		"es-abstract": {
			"version": "1.13.0",
			"resolved": "https://registry.npmjs.org/es-abstract/-/es-abstract-1.13.0.tgz",
			"integrity": "sha512-vDZfg/ykNxQVwup/8E1BZhVzFfBxs9NqMzGcvIJrqg5k2/5Za2bWo40dK2J1pgLngZ7c+Shh8lwYtLGyrwPutg==",
			"requires": {
				"es-to-primitive": "^1.2.0",
				"function-bind": "^1.1.1",
				"has": "^1.0.3",
				"is-callable": "^1.1.4",
				"is-regex": "^1.0.4",
				"object-keys": "^1.0.12"
			}
		},
		"es-to-primitive": {
			"version": "1.2.0",
			"resolved": "https://registry.npmjs.org/es-to-primitive/-/es-to-primitive-1.2.0.tgz",
			"integrity": "sha512-qZryBOJjV//LaxLTV6UC//WewneB3LcXOL9NP++ozKVXsIIIpm/2c13UDiD9Jp2eThsecw9m3jPqDwTyobcdbg==",
			"requires": {
				"is-callable": "^1.1.4",
				"is-date-object": "^1.0.1",
				"is-symbol": "^1.0.2"
			}
		},
		"eslint-plugin-react-native": {
			"version": "3.8.1",
			"resolved": "https://registry.npmjs.org/eslint-plugin-react-native/-/eslint-plugin-react-native-3.8.1.tgz",
			"integrity": "sha512-6Z4s4nvgFRdda/1s1+uu4a6EMZwEjjJ9Bk/1yBImv0fd9U2CsGu2cUakAtV83cZKhizbWhSouXoaK4JtlScdFg==",
			"requires": {
				"eslint-plugin-react-native-globals": "^0.1.1"
			}
		},
		"eslint-plugin-react-native-a11y": {
			"version": "1.2.0",
			"resolved": "https://registry.npmjs.org/eslint-plugin-react-native-a11y/-/eslint-plugin-react-native-a11y-1.2.0.tgz",
			"integrity": "sha512-YI0Om+R7etakx1EAYq/kyBwybVZ46067hIkkVQJfgtPqky81xYi+xRsQmZGUf0ftfXvpCtPsTZOuCzlTheoz6g==",
			"requires": {
				"ast-types-flow": "^0.0.7",
				"jsx-ast-utils": "^2.0.1"
			}
		},
		"eslint-plugin-react-native-globals": {
			"version": "0.1.2",
			"resolved": "https://registry.npmjs.org/eslint-plugin-react-native-globals/-/eslint-plugin-react-native-globals-0.1.2.tgz",
			"integrity": "sha512-9aEPf1JEpiTjcFAmmyw8eiIXmcNZOqaZyHO77wgm0/dWfT/oxC1SrIq8ET38pMxHYrcB6Uew+TzUVsBeczF88g=="
		},
		"function-bind": {
			"version": "1.1.1",
			"resolved": "https://registry.npmjs.org/function-bind/-/function-bind-1.1.1.tgz",
			"integrity": "sha512-yIovAzMX49sF8Yl58fSCWJ5svSLuaibPxXQJFLmBObTuCr0Mf1KiPopGM9NiFjiYBCbfaa2Fh6breQ6ANVTI0A=="
		},
		"has": {
			"version": "1.0.3",
			"resolved": "https://registry.npmjs.org/has/-/has-1.0.3.tgz",
			"integrity": "sha512-f2dvO0VU6Oej7RkWJGrehjbzMAjFp5/VKPp5tTpWIV4JHHZK1/BxbFRtf/siA2SWTe09caDmVtYYzWEIbBS4zw==",
			"requires": {
				"function-bind": "^1.1.1"
			}
		},
		"has-symbols": {
			"version": "1.0.0",
			"resolved": "https://registry.npmjs.org/has-symbols/-/has-symbols-1.0.0.tgz",
			"integrity": "sha1-uhqPGvKg/DllD1yFA2dwQSIGO0Q="
		},
		"is-callable": {
			"version": "1.1.4",
			"resolved": "https://registry.npmjs.org/is-callable/-/is-callable-1.1.4.tgz",
			"integrity": "sha512-r5p9sxJjYnArLjObpjA4xu5EKI3CuKHkJXMhT7kwbpUyIFD1n5PMAsoPvWnvtZiNz7LjkYDRZhd7FlI0eMijEA=="
		},
		"is-date-object": {
			"version": "1.0.1",
			"resolved": "https://registry.npmjs.org/is-date-object/-/is-date-object-1.0.1.tgz",
			"integrity": "sha1-mqIOtq7rv/d/vTPnTKAbM1gdOhY="
		},
		"is-regex": {
			"version": "1.0.4",
			"resolved": "https://registry.npmjs.org/is-regex/-/is-regex-1.0.4.tgz",
			"integrity": "sha1-VRdIm1RwkbCTDglWVM7SXul+lJE=",
			"requires": {
				"has": "^1.0.1"
			}
		},
		"is-symbol": {
			"version": "1.0.2",
			"resolved": "https://registry.npmjs.org/is-symbol/-/is-symbol-1.0.2.tgz",
			"integrity": "sha512-HS8bZ9ox60yCJLH9snBpIwv9pYUAkcuLhSA1oero1UB5y9aiQpRA8y2ex945AOtCZL1lJDeIk3G5LthswI46Lw==",
			"requires": {
				"has-symbols": "^1.0.0"
			}
		},
		"jsx-ast-utils": {
			"version": "2.2.1",
			"resolved": "https://registry.npmjs.org/jsx-ast-utils/-/jsx-ast-utils-2.2.1.tgz",
			"integrity": "sha512-v3FxCcAf20DayI+uxnCuw795+oOIkVu6EnJ1+kSzhqqTZHNkTZ7B66ZgLp4oLJ/gbA64cI0B7WRoHZMSRdyVRQ==",
			"requires": {
				"array-includes": "^3.0.3",
				"object.assign": "^4.1.0"
			}
		},
		"object-keys": {
			"version": "1.1.1",
			"resolved": "https://registry.npmjs.org/object-keys/-/object-keys-1.1.1.tgz",
			"integrity": "sha512-NuAESUOUMrlIXOfHKzD6bpPu3tYt3xvjNdRIQ+FeT0lNb4K8WR70CaDxhuNguS2XG+GjkyMwOzsN5ZktImfhLA=="
		},
		"object.assign": {
			"version": "4.1.0",
			"resolved": "https://registry.npmjs.org/object.assign/-/object.assign-4.1.0.tgz",
			"integrity": "sha512-exHJeq6kBKj58mqGyTQ9DFvrZC/eR6OwxzoM9YRoGBqrXYonaFyGiFMuc9VZrXf7DarreEwMpurG3dd+CNyW5w==",
			"requires": {
				"define-properties": "^1.1.2",
				"function-bind": "^1.1.1",
				"has-symbols": "^1.0.0",
				"object-keys": "^1.0.11"
			}
		}
	}
}
