{
	"name": "@strv/textlint-rule-preset-strv",
	"version": "1.0.1",
	"lockfileVersion": 1,
	"requires": true,
	"dependencies": {
		"@textlint/ast-node-types": {
			"version": "4.2.5",
			"resolved": "https://registry.npmjs.org/@textlint/ast-node-types/-/ast-node-types-4.2.5.tgz",
			"integrity": "sha512-+rEx4jLOeZpUcdvll7jEg/7hNbwYvHWFy4IGW/tk2JdbyB3SJVyIP6arAwzTH/sp/pO9jftfyZnRj4//sLbLvQ=="
		},
		"@textlint/types": {
			"version": "1.2.2",
			"resolved": "https://registry.npmjs.org/@textlint/types/-/types-1.2.2.tgz",
			"integrity": "sha512-eo+/NSmJxAk47Dvnjp4p3jbA/z/adVoAXjFURRhVQ4W/1KTVLyvB+WdiJBp8fiT5t5Kf3XSxyiS7mZcrY2bf/Q==",
			"requires": {
				"@textlint/ast-node-types": "^4.2.5"
			}
		},
		"adverb-where": {
			"version": "0.0.9",
			"resolved": "https://registry.npmjs.org/adverb-where/-/adverb-where-0.0.9.tgz",
			"integrity": "sha1-CcXN3Y1QO5/l924LjcXHCo8ZPjQ="
		},
		"ap-style-title-case": {
			"version": "1.1.0",
			"resolved": "https://registry.npmjs.org/ap-style-title-case/-/ap-style-title-case-1.1.0.tgz",
			"integrity": "sha512-2hQDKWPwncNrw01Vkgf0BwFC1OLA8LdVidV0nPlZzSxU1AM/+1s3np0lzy5AXpsM6iyUHPWKGBEUUgcX7UR2Tw=="
		},
		"boundary": {
			"version": "1.0.1",
			"resolved": "https://registry.npmjs.org/boundary/-/boundary-1.0.1.tgz",
			"integrity": "sha1-TWfcJgLAzBbdm85+v4fpSCkPWBI="
		},
		"define-properties": {
			"version": "1.1.3",
			"resolved": "https://registry.npmjs.org/define-properties/-/define-properties-1.1.3.tgz",
			"integrity": "sha512-3MqfYKj2lLzdMSf8ZIZE/V+Zuy+BgD6f164e8K2w7dgnpKArBDerGYpM46IYYcjnkdPNMjPk9A6VFB8+3SKlXQ==",
			"requires": {
				"object-keys": "^1.0.12"
			}
		},
		"e-prime": {
			"version": "0.10.2",
			"resolved": "https://registry.npmjs.org/e-prime/-/e-prime-0.10.2.tgz",
			"integrity": "sha1-6pN165hWNt6IATx6n7EprZ4V7/g="
		},
		"function-bind": {
			"version": "1.1.1",
			"resolved": "https://registry.npmjs.org/function-bind/-/function-bind-1.1.1.tgz",
			"integrity": "sha512-yIovAzMX49sF8Yl58fSCWJ5svSLuaibPxXQJFLmBObTuCr0Mf1KiPopGM9NiFjiYBCbfaa2Fh6breQ6ANVTI0A=="
		},
		"has-symbols": {
			"version": "1.0.0",
			"resolved": "https://registry.npmjs.org/has-symbols/-/has-symbols-1.0.0.tgz",
			"integrity": "sha1-uhqPGvKg/DllD1yFA2dwQSIGO0Q="
		},
		"lodash": {
			"version": "4.17.15",
			"resolved": "https://registry.npmjs.org/lodash/-/lodash-4.17.15.tgz",
			"integrity": "sha512-8xOcRHvCjnocdS5cpwXQXVzmmh5e5+saE2QGoeQmbKmRS6J3VQppPOIt0MnmE+4xlZoumy0GPG0D0MVIQbNA1A=="
		},
		"misspellings": {
			"version": "1.1.0",
			"resolved": "https://registry.npmjs.org/misspellings/-/misspellings-1.1.0.tgz",
			"integrity": "sha1-U9UAJmy9Cc2p2UxM85LmBYm1syQ="
		},
		"no-cliches": {
			"version": "0.1.1",
			"resolved": "https://registry.npmjs.org/no-cliches/-/no-cliches-0.1.1.tgz",
			"integrity": "sha512-mYihjs47X5+N71CN3P+QBrEIBuclIfMMpgWEpkmLqFPvrOXdzokvDlhbLfjdBNZOqYgniaeZC6J1ZCgxFdyvXw=="
		},
		"object-keys": {
			"version": "1.1.1",
			"resolved": "https://registry.npmjs.org/object-keys/-/object-keys-1.1.1.tgz",
			"integrity": "sha512-NuAESUOUMrlIXOfHKzD6bpPu3tYt3xvjNdRIQ+FeT0lNb4K8WR70CaDxhuNguS2XG+GjkyMwOzsN5ZktImfhLA=="
		},
		"object.assign": {
			"version": "4.1.0",
			"resolved": "https://registry.npmjs.org/object.assign/-/object.assign-4.1.0.tgz",
			"integrity": "sha512-exHJeq6kBKj58mqGyTQ9DFvrZC/eR6OwxzoM9YRoGBqrXYonaFyGiFMuc9VZrXf7DarreEwMpurG3dd+CNyW5w==",
			"requires": {
				"define-properties": "^1.1.2",
				"function-bind": "^1.1.1",
				"has-symbols": "^1.0.0",
				"object-keys": "^1.0.11"
			}
		},
		"passive-voice": {
			"version": "0.1.0",
			"resolved": "https://registry.npmjs.org/passive-voice/-/passive-voice-0.1.0.tgz",
			"integrity": "sha1-Fv+RrkC6DpLEPmcXY/3IQqcCcLE="
		},
		"split-lines": {
			"version": "2.0.0",
			"resolved": "https://registry.npmjs.org/split-lines/-/split-lines-2.0.0.tgz",
			"integrity": "sha512-gaIdhbqxkB5/VflPXsJwZvEzh/kdwiRPF9iqpkxX4us+lzB8INedFwjCyo6vwuz5x2Ddlnav2zh270CEjCG8mA=="
		},
		"strip-json-comments": {
			"version": "3.0.1",
			"resolved": "https://registry.npmjs.org/strip-json-comments/-/strip-json-comments-3.0.1.tgz",
			"integrity": "sha512-VTyMAUfdm047mwKl+u79WIdrZxtFtn+nBxHeb844XBQ9uMNTuTHdx2hc5RiAJYqwTj3wc/xe5HLSdJSkJ+WfZw=="
		},
		"structured-source": {
			"version": "3.0.2",
			"resolved": "https://registry.npmjs.org/structured-source/-/structured-source-3.0.2.tgz",
			"integrity": "sha1-3YAkJeD1PcSm56yjdSkBoczaevU=",
			"requires": {
				"boundary": "^1.0.1"
			}
		},
		"textlint-filter-rule-comments": {
			"version": "1.2.2",
			"resolved": "https://registry.npmjs.org/textlint-filter-rule-comments/-/textlint-filter-rule-comments-1.2.2.tgz",
			"integrity": "sha1-OnLElJlOBo4OSqrQ8k6nz+M4UDo="
		},
		"textlint-rule-apostrophe": {
			"version": "1.0.0",
			"resolved": "https://registry.npmjs.org/textlint-rule-apostrophe/-/textlint-rule-apostrophe-1.0.0.tgz",
			"integrity": "sha512-FzAThN6ZRQWIQh0ZxMIqkhBRx7MsbpOvjCgTaopzod1EdvhaDMJnk7Gf1hnvYjqyq256ja6CYZ7xLs4FT9QCDA=="
		},
		"textlint-rule-common-misspellings": {
			"version": "1.0.1",
			"resolved": "https://registry.npmjs.org/textlint-rule-common-misspellings/-/textlint-rule-common-misspellings-1.0.1.tgz",
			"integrity": "sha1-jEEzzzu1mqFZGZ0sm87RJBM2V3Q=",
			"requires": {
				"misspellings": "^1.0.1",
				"textlint-rule-helper": "^1.1.5"
			}
		},
		"textlint-rule-helper": {
			"version": "1.2.0",
			"resolved": "https://registry.npmjs.org/textlint-rule-helper/-/textlint-rule-helper-1.2.0.tgz",
			"integrity": "sha1-vmjUelFGsW3RFieMmut701YxzNo=",
			"requires": {
				"unist-util-visit": "^1.1.0"
			}
		},
		"textlint-rule-stop-words": {
			"version": "1.0.17",
			"resolved": "https://registry.npmjs.org/textlint-rule-stop-words/-/textlint-rule-stop-words-1.0.17.tgz",
			"integrity": "sha512-7m1k3xMwsOw7WyGNINJQ5EX2+mnqAeg6VBfXY7BVUr/y6NOYhPbEj3A3MBJ9Jt9dfC1twL0aI6mKPo+5xLUsVA==",
			"requires": {
				"lodash": "^4.17.10",
				"split-lines": "^2.0.0",
				"textlint-rule-helper": "^2.0.0"
			},
			"dependencies": {
				"textlint-rule-helper": {
					"version": "2.1.1",
					"resolved": "https://registry.npmjs.org/textlint-rule-helper/-/textlint-rule-helper-2.1.1.tgz",
					"integrity": "sha512-6fxgHzoJVkjl3LaC1b2Egi+5wbhG4i0pU0knJmQujVhxIJ3D3AcQQZPs457xKAi5xKz1WayYeTeJ5jrD/hnO7g==",
					"requires": {
						"@textlint/ast-node-types": "^4.2.1",
						"@textlint/types": "^1.1.2",
						"structured-source": "^3.0.2",
						"unist-util-visit": "^1.1.0"
					}
				}
			}
		},
		"textlint-rule-terminology": {
			"version": "2.1.2",
			"resolved": "https://registry.npmjs.org/textlint-rule-terminology/-/textlint-rule-terminology-2.1.2.tgz",
			"integrity": "sha512-vhgdy7R/Oicqv37zlvIWlqlRZcEJ8/gBuMuZFxVG1DGjjeRJ375DjjNOxO9hVJOclnfgLKghwr0ZbsM/R5sGOw==",
			"requires": {
				"lodash": "^4.17.15",
				"strip-json-comments": "^3.0.1",
				"textlint-rule-helper": "^2.1.1"
			},
			"dependencies": {
				"textlint-rule-helper": {
					"version": "2.1.1",
					"resolved": "https://registry.npmjs.org/textlint-rule-helper/-/textlint-rule-helper-2.1.1.tgz",
					"integrity": "sha512-6fxgHzoJVkjl3LaC1b2Egi+5wbhG4i0pU0knJmQujVhxIJ3D3AcQQZPs457xKAi5xKz1WayYeTeJ5jrD/hnO7g==",
					"requires": {
						"@textlint/ast-node-types": "^4.2.1",
						"@textlint/types": "^1.1.2",
						"structured-source": "^3.0.2",
						"unist-util-visit": "^1.1.0"
					}
				}
			}
		},
		"textlint-rule-title-case": {
			"version": "1.0.0",
			"resolved": "https://registry.npmjs.org/textlint-rule-title-case/-/textlint-rule-title-case-1.0.0.tgz",
			"integrity": "sha512-2Qz5O+XqCO3o6sijrVgy6XGSAPspA8S9aqF5uOmplR/vljfo4w7Yx8g6eJBAbCZgrmQjQHO5yy7LJjUIMZmFEQ==",
			"requires": {
				"ap-style-title-case": "^1.0.1"
			}
		},
		"textlint-rule-write-good": {
			"version": "1.6.2",
			"resolved": "https://registry.npmjs.org/textlint-rule-write-good/-/textlint-rule-write-good-1.6.2.tgz",
			"integrity": "sha1-PHmwQJExnU6L5ftELFlr9QDoST4=",
			"requires": {
				"textlint-rule-helper": "^2.0.0",
				"write-good": "^0.11.0"
			},
			"dependencies": {
				"textlint-rule-helper": {
					"version": "2.1.1",
					"resolved": "https://registry.npmjs.org/textlint-rule-helper/-/textlint-rule-helper-2.1.1.tgz",
					"integrity": "sha512-6fxgHzoJVkjl3LaC1b2Egi+5wbhG4i0pU0knJmQujVhxIJ3D3AcQQZPs457xKAi5xKz1WayYeTeJ5jrD/hnO7g==",
					"requires": {
						"@textlint/ast-node-types": "^4.2.1",
						"@textlint/types": "^1.1.2",
						"structured-source": "^3.0.2",
						"unist-util-visit": "^1.1.0"
					}
				}
			}
		},
		"too-wordy": {
			"version": "0.1.6",
			"resolved": "https://registry.npmjs.org/too-wordy/-/too-wordy-0.1.6.tgz",
			"integrity": "sha512-MV5F74YF9+UYsvwXGXTh+5YP3EqH/ivwWfyFE2/YHWQQxm9jDPmkIC23nkN133Ye4nO3HTXmiMcfGqJ5xRPfOA=="
		},
		"unist-util-is": {
			"version": "3.0.0",
			"resolved": "https://registry.npmjs.org/unist-util-is/-/unist-util-is-3.0.0.tgz",
			"integrity": "sha512-sVZZX3+kspVNmLWBPAB6r+7D9ZgAFPNWm66f7YNb420RlQSbn+n8rG8dGZSkrER7ZIXGQYNm5pqC3v3HopH24A=="
		},
		"unist-util-visit": {
			"version": "1.4.1",
			"resolved": "https://registry.npmjs.org/unist-util-visit/-/unist-util-visit-1.4.1.tgz",
			"integrity": "sha512-AvGNk7Bb//EmJZyhtRUnNMEpId/AZ5Ph/KUpTI09WHQuDZHKovQ1oEv3mfmKpWKtoMzyMC4GLBm1Zy5k12fjIw==",
			"requires": {
				"unist-util-visit-parents": "^2.0.0"
			}
		},
		"unist-util-visit-parents": {
			"version": "2.1.2",
			"resolved": "https://registry.npmjs.org/unist-util-visit-parents/-/unist-util-visit-parents-2.1.2.tgz",
			"integrity": "sha512-DyN5vD4NE3aSeB+PXYNKxzGsfocxp6asDc2XXE3b0ekO2BaRUpBicbbUygfSvYfUz1IkmjFR1YF7dPklraMZ2g==",
			"requires": {
				"unist-util-is": "^3.0.0"
			}
		},
		"weasel-words": {
			"version": "0.1.1",
			"resolved": "https://registry.npmjs.org/weasel-words/-/weasel-words-0.1.1.tgz",
			"integrity": "sha1-cTeUZYXHP+RIggE4U70ADF1oek4="
		},
		"write-good": {
			"version": "0.11.3",
			"resolved": "https://registry.npmjs.org/write-good/-/write-good-0.11.3.tgz",
			"integrity": "sha512-fDKIHO5wCzTLCOGNJl1rzzJrZlTIzfZl8msOoJQZzRhYo0X/tFTm4+2B1zTibFYK01Nnd1kLZBjj4xjcFLePNQ==",
			"requires": {
				"adverb-where": "0.0.9",
				"e-prime": "^0.10.2",
				"no-cliches": "^0.1.0",
				"object.assign": "^4.0.4",
				"passive-voice": "^0.1.0",
				"too-wordy": "^0.1.4",
				"weasel-words": "^0.1.1"
			}
		}
	}
}
