{
	"name": "@strv/eslint-config-mocha",
	"version": "3.0.0-alpha.0",
	"lockfileVersion": 1,
	"requires": true,
	"dependencies": {
		"eslint-plugin-mocha": {
			"version": "8.0.0",
			"resolved": "https://registry.npmjs.org/eslint-plugin-mocha/-/eslint-plugin-mocha-8.0.0.tgz",
			"integrity": "sha512-n67etbWDz6NQM+HnTwZHyBwz/bLlYPOxUbw7bPuCyFujv7ZpaT/Vn6KTAbT02gf7nRljtYIjWcTxK/n8a57rQQ==",
			"requires": {
				"eslint-utils": "^2.1.0",
				"ramda": "^0.27.1"
			}
		},
		"eslint-utils": {
			"version": "2.1.0",
			"resolved": "https://registry.npmjs.org/eslint-utils/-/eslint-utils-2.1.0.tgz",
			"integrity": "sha512-w94dQYoauyvlDc43XnGB8lU3Zt713vNChgt4EWwhXAP2XkBvndfxF0AgIqKOOasjPIPzj9JqgwkwbCYD0/V3Zg==",
			"requires": {
				"eslint-visitor-keys": "^1.1.0"
			}
		},
		"eslint-visitor-keys": {
			"version": "1.3.0",
			"resolved": "https://registry.npmjs.org/eslint-visitor-keys/-/eslint-visitor-keys-1.3.0.tgz",
			"integrity": "sha512-6J72N8UNa462wa/KFODt/PJ3IU60SDpC3QXC1Hjc1BXXpfL2C9R5+AU7jhe0F6GREqVMh4Juu+NY7xn+6dipUQ=="
		},
		"ramda": {
			"version": "0.27.1",
			"resolved": "https://registry.npmjs.org/ramda/-/ramda-0.27.1.tgz",
			"integrity": "sha512-PgIdVpn5y5Yns8vqb8FzBUEYn98V3xcPgawAkkgj0YJ0qDsnHCiNmZYfOGMgOvoB0eWFLpYbhxUR3mxfDIMvpw=="
		}
	}
}
