{
	"name": "@strv/eslint-config-mocha",
	"version": "3.1.0",
	"lockfileVersion": 2,
	"requires": true,
	"packages": {
		"": {
			"name": "@strv/eslint-config-mocha",
			"version": "3.0.0",
			"license": "BSD-3-Clause",
			"dependencies": {
				"eslint-plugin-mocha": "^10.0.0"
			},
			"engines": {
				"node": "^14 || >=16"
			},
			"peerDependencies": {
				"eslint": "^7 || ^8"
			}
		},
		"node_modules/eslint-plugin-mocha": {
			"version": "10.0.3",
			"resolved": "https://registry.npmjs.org/eslint-plugin-mocha/-/eslint-plugin-mocha-10.0.3.tgz",
			"integrity": "sha512-9mM7PZGxfejpjey+MrG0Cu3Lc8MyA5E2s7eUCdHXgS4SY/H9zLuwa7wVAjnEaoDjbBilA+0bPEB+iMO7lBUPcg==",
			"dependencies": {
				"eslint-utils": "^3.0.0",
				"ramda": "^0.27.1"
			},
			"engines": {
				"node": ">=14.0.0"
			},
			"peerDependencies": {
				"eslint": ">=7.0.0"
			}
		},
		"node_modules/eslint-utils": {
			"version": "3.0.0",
			"resolved": "https://registry.npmjs.org/eslint-utils/-/eslint-utils-3.0.0.tgz",
			"integrity": "sha512-uuQC43IGctw68pJA1RgbQS8/NP7rch6Cwd4j3ZBtgo4/8Flj4eGE7ZYSZRN3iq5pVUv6GPdW5Z1RFleo84uLDA==",
			"dependencies": {
				"eslint-visitor-keys": "^2.0.0"
			},
			"engines": {
				"node": "^10.0.0 || ^12.0.0 || >= 14.0.0"
			},
			"funding": {
				"url": "https://github.com/sponsors/mysticatea"
			},
			"peerDependencies": {
				"eslint": ">=5"
			}
		},
		"node_modules/eslint-visitor-keys": {
			"version": "2.1.0",
			"resolved": "https://registry.npmjs.org/eslint-visitor-keys/-/eslint-visitor-keys-2.1.0.tgz",
			"integrity": "sha512-0rSmRBzXgDzIsD6mGdJgevzgezI534Cer5L/vyMX0kHzT/jiB43jRhd9YUlMGYLQy2zprNmoT8qasCGtY+QaKw==",
			"engines": {
				"node": ">=10"
			}
		},
		"node_modules/ramda": {
			"version": "0.27.2",
			"resolved": "https://registry.npmjs.org/ramda/-/ramda-0.27.2.tgz",
			"integrity": "sha512-SbiLPU40JuJniHexQSAgad32hfwd+DRUdwF2PlVuI5RZD0/vahUco7R8vD86J/tcEKKF9vZrUVwgtmGCqlCKyA=="
		}
	},
	"dependencies": {
		"eslint-plugin-mocha": {
			"version": "10.0.3",
			"resolved": "https://registry.npmjs.org/eslint-plugin-mocha/-/eslint-plugin-mocha-10.0.3.tgz",
			"integrity": "sha512-9mM7PZGxfejpjey+MrG0Cu3Lc8MyA5E2s7eUCdHXgS4SY/H9zLuwa7wVAjnEaoDjbBilA+0bPEB+iMO7lBUPcg==",
			"requires": {
				"eslint-utils": "^3.0.0",
				"ramda": "^0.27.1"
			}
		},
		"eslint-utils": {
			"version": "3.0.0",
			"resolved": "https://registry.npmjs.org/eslint-utils/-/eslint-utils-3.0.0.tgz",
			"integrity": "sha512-uuQC43IGctw68pJA1RgbQS8/NP7rch6Cwd4j3ZBtgo4/8Flj4eGE7ZYSZRN3iq5pVUv6GPdW5Z1RFleo84uLDA==",
			"requires": {
				"eslint-visitor-keys": "^2.0.0"
			}
		},
		"eslint-visitor-keys": {
			"version": "2.1.0",
			"resolved": "https://registry.npmjs.org/eslint-visitor-keys/-/eslint-visitor-keys-2.1.0.tgz",
			"integrity": "sha512-0rSmRBzXgDzIsD6mGdJgevzgezI534Cer5L/vyMX0kHzT/jiB43jRhd9YUlMGYLQy2zprNmoT8qasCGtY+QaKw=="
		},
		"ramda": {
			"version": "0.27.2",
			"resolved": "https://registry.npmjs.org/ramda/-/ramda-0.27.2.tgz",
			"integrity": "sha512-SbiLPU40JuJniHexQSAgad32hfwd+DRUdwF2PlVuI5RZD0/vahUco7R8vD86J/tcEKKF9vZrUVwgtmGCqlCKyA=="
		}
	}
}
