{
	"name": "@strv/remark-config",
	"version": "1.0.1",
	"lockfileVersion": 1,
	"requires": true,
	"dependencies": {
		"@types/unist": {
			"version": "2.0.3",
			"resolved": "https://registry.npmjs.org/@types/unist/-/unist-2.0.3.tgz",
			"integrity": "sha512-FvUupuM3rlRsRtCN+fDudtmytGO6iHJuuRKS1Ss0pG5z8oX0diNEw94UEL7hgDbpN94rgaK5R7sWm6RrSkZuAQ=="
		},
		"co": {
			"version": "3.1.0",
			"resolved": "https://registry.npmjs.org/co/-/co-3.1.0.tgz",
			"integrity": "sha1-TqVOpaCJOBUxheFSEMaNkJK8G3g="
		},
		"collapse-white-space": {
			"version": "1.0.5",
			"resolved": "https://registry.npmjs.org/collapse-white-space/-/collapse-white-space-1.0.5.tgz",
			"integrity": "sha512-703bOOmytCYAX9cXYqoikYIx6twmFCXsnzRQheBcTG3nzKYBR4P/+wkYeH+Mvj7qUz8zZDtdyzbxfnEi/kYzRQ=="
		},
		"irregular-plurals": {
			"version": "2.0.0",
			"resolved": "https://registry.npmjs.org/irregular-plurals/-/irregular-plurals-2.0.0.tgz",
			"integrity": "sha512-Y75zBYLkh0lJ9qxeHlMjQ7bSbyiSqNW/UOPWDmzC7cXskL1hekSITh1Oc6JV0XCWWZ9DE8VYSB71xocLk3gmGw=="
		},
		"mdast-comment-marker": {
			"version": "1.1.1",
			"resolved": "https://registry.npmjs.org/mdast-comment-marker/-/mdast-comment-marker-1.1.1.tgz",
			"integrity": "sha512-TWZDaUtPLwKX1pzDIY48MkSUQRDwX/HqbTB4m3iYdL/zosi/Z6Xqfdv0C0hNVKvzrPjZENrpWDt4p4odeVO0Iw=="
		},
		"mdast-util-heading-style": {
			"version": "1.0.5",
			"resolved": "https://registry.npmjs.org/mdast-util-heading-style/-/mdast-util-heading-style-1.0.5.tgz",
			"integrity": "sha512-8zQkb3IUwiwOdUw6jIhnwM6DPyib+mgzQuHAe7j2Hy1rIarU4VUxe472bp9oktqULW3xqZE+Kz6OD4Gi7IA3vw=="
		},
		"mdast-util-to-string": {
			"version": "1.0.6",
			"resolved": "https://registry.npmjs.org/mdast-util-to-string/-/mdast-util-to-string-1.0.6.tgz",
			"integrity": "sha512-868pp48gUPmZIhfKrLbaDneuzGiw3OTDjHc5M1kAepR2CWBJ+HpEsm252K4aXdiP5coVZaJPOqGtVU6Po8xnXg=="
		},
		"plur": {
			"version": "3.1.1",
			"resolved": "https://registry.npmjs.org/plur/-/plur-3.1.1.tgz",
			"integrity": "sha512-t1Ax8KUvV3FFII8ltczPn2tJdjqbd1sIzu6t4JL7nQ3EyeL/lTrj5PWKb06ic5/6XYDr65rQ4uzQEGN70/6X5w==",
			"requires": {
				"irregular-plurals": "^2.0.0"
			}
		},
		"remark-lint": {
			"version": "6.0.5",
			"resolved": "https://registry.npmjs.org/remark-lint/-/remark-lint-6.0.5.tgz",
			"integrity": "sha512-o1I3ddm+KNsTxk60wWGI+p2yU1jB1gcm8jo2Sy6VhJ4ab2TrQIp1oQbp5xeLoFXYSh/NAqCpKjHkCM/BYpkFdQ==",
			"requires": {
				"remark-message-control": "^4.0.0"
			}
		},
		"remark-lint-blockquote-indentation": {
			"version": "1.0.3",
			"resolved": "https://registry.npmjs.org/remark-lint-blockquote-indentation/-/remark-lint-blockquote-indentation-1.0.3.tgz",
			"integrity": "sha512-qK4C1l2VmeOVWEAkDYP0CaDtSFoaEBEo5l4oyz1kTkY7YB0Jh7llW2KjuhJz5IzMLmloKJzIyGwlu/odcwaHpg==",
			"requires": {
				"mdast-util-to-string": "^1.0.2",
				"plur": "^3.0.0",
				"unified-lint-rule": "^1.0.0",
				"unist-util-generated": "^1.1.0",
				"unist-util-position": "^3.0.0",
				"unist-util-visit": "^1.1.1"
			}
		},
		"remark-lint-checkbox-character-style": {
			"version": "1.0.3",
			"resolved": "https://registry.npmjs.org/remark-lint-checkbox-character-style/-/remark-lint-checkbox-character-style-1.0.3.tgz",
			"integrity": "sha512-bQGrGHLlguTxOzuywHtYxNcg58TYhNgeEAMCTvdAggt5bYZIwmh/otx51JsQ0a96qxd/6/G0Ri2xzgyxf9wB8w==",
			"requires": {
				"unified-lint-rule": "^1.0.0",
				"unist-util-generated": "^1.1.0",
				"unist-util-position": "^3.0.0",
				"unist-util-visit": "^1.1.1",
				"vfile-location": "^2.0.1"
			}
		},
		"remark-lint-code-block-style": {
			"version": "1.0.3",
			"resolved": "https://registry.npmjs.org/remark-lint-code-block-style/-/remark-lint-code-block-style-1.0.3.tgz",
			"integrity": "sha512-DL+rudnd9ILP5YXm74tLpMzfWZLqziX7NwIwUhqRefaOyWwxgPPy7hbT59FJqcFc6E/zvDz+Oq4nR1BSV5kEdw==",
			"requires": {
				"unified-lint-rule": "^1.0.0",
				"unist-util-generated": "^1.1.0",
				"unist-util-position": "^3.0.0",
				"unist-util-visit": "^1.1.1"
			}
		},
		"remark-lint-definition-case": {
			"version": "1.0.4",
			"resolved": "https://registry.npmjs.org/remark-lint-definition-case/-/remark-lint-definition-case-1.0.4.tgz",
			"integrity": "sha512-ebl8vYOab9iy1Mr29Wo/9CmqcYGRjCfBievIZts08efrxIElWz+jB8/n7C17fh8k0djiiS/Of6W+bfRD+kMXLA==",
			"requires": {
				"unified-lint-rule": "^1.0.0",
				"unist-util-generated": "^1.1.0",
				"unist-util-position": "^3.0.0",
				"unist-util-visit": "^1.4.0"
			}
		},
		"remark-lint-definition-spacing": {
			"version": "1.0.4",
			"resolved": "https://registry.npmjs.org/remark-lint-definition-spacing/-/remark-lint-definition-spacing-1.0.4.tgz",
			"integrity": "sha512-UderghITmru72OXB5ErCFhVsY7up2wK/m1bUD3E2dm/TFn73/7WpykENt5UirCDT/aeyoHYl8QXUVL20rAc3XQ==",
			"requires": {
				"unified-lint-rule": "^1.0.0",
				"unist-util-generated": "^1.1.0",
				"unist-util-position": "^3.0.0",
				"unist-util-visit": "^1.4.0"
			}
		},
		"remark-lint-emphasis-marker": {
			"version": "1.0.3",
			"resolved": "https://registry.npmjs.org/remark-lint-emphasis-marker/-/remark-lint-emphasis-marker-1.0.3.tgz",
			"integrity": "sha512-ea2tEVyhZvYxwj6AHsW2qzgEDLljcnzq5taZ3FJFL0KMZYZHfWaIU90H43jrW4seGEtmaP1bmoqJaTavJ2x5Jw==",
			"requires": {
				"unified-lint-rule": "^1.0.0",
				"unist-util-generated": "^1.1.0",
				"unist-util-position": "^3.0.0",
				"unist-util-visit": "^1.1.1"
			}
		},
		"remark-lint-fenced-code-flag": {
			"version": "1.0.3",
			"resolved": "https://registry.npmjs.org/remark-lint-fenced-code-flag/-/remark-lint-fenced-code-flag-1.0.3.tgz",
			"integrity": "sha512-X8Oi6dhfqV9NI3cVg29myvT/NATDHVgRGCpnNz76w7VXwzhBvQtJr1MxZzuPxfWLox+ARCXF2rY9n9hbYFHYTg==",
			"requires": {
				"unified-lint-rule": "^1.0.0",
				"unist-util-generated": "^1.1.0",
				"unist-util-position": "^3.0.0",
				"unist-util-visit": "^1.1.1"
			}
		},
		"remark-lint-fenced-code-marker": {
			"version": "1.0.3",
			"resolved": "https://registry.npmjs.org/remark-lint-fenced-code-marker/-/remark-lint-fenced-code-marker-1.0.3.tgz",
			"integrity": "sha512-JKnojSQ8JkwpIpbNm6wtKEfx8iiv8QIwNHFM06iTCHExMhXa4pJ3wb5M5f0wsWNHtoND3lrw6AcVPoZxEPnflg==",
			"requires": {
				"unified-lint-rule": "^1.0.0",
				"unist-util-generated": "^1.1.0",
				"unist-util-position": "^3.0.0",
				"unist-util-visit": "^1.1.1"
			}
		},
		"remark-lint-file-extension": {
			"version": "1.0.3",
			"resolved": "https://registry.npmjs.org/remark-lint-file-extension/-/remark-lint-file-extension-1.0.3.tgz",
			"integrity": "sha512-P5gzsxKmuAVPN7Kq1W0f8Ss0cFKfu+OlezYJWXf+5qOa+9Y5GqHEUOobPnsmNFZrVMiM7JoqJN2C9ZjrUx3N6Q==",
			"requires": {
				"unified-lint-rule": "^1.0.0"
			}
		},
		"remark-lint-final-definition": {
			"version": "1.0.3",
			"resolved": "https://registry.npmjs.org/remark-lint-final-definition/-/remark-lint-final-definition-1.0.3.tgz",
			"integrity": "sha512-QhbBYy99enfQDeUTElioCHrhgg+SgjMNRlru7/JlOguOufP6wn7AXgn2EVTrLZRoByY0VsNS2jCayXxUTzQ8KA==",
			"requires": {
				"unified-lint-rule": "^1.0.0",
				"unist-util-generated": "^1.1.0",
				"unist-util-position": "^3.0.0",
				"unist-util-visit": "^1.1.1"
			}
		},
		"remark-lint-final-newline": {
			"version": "1.0.3",
			"resolved": "https://registry.npmjs.org/remark-lint-final-newline/-/remark-lint-final-newline-1.0.3.tgz",
			"integrity": "sha512-ETAadktv75EwUS3XDhyZUVstXKxfPAEn7SmfN9kZ4+Jb4qo4hHE9gtTOzhE6HxLUxxl9BBhpC5mMO3JcL8UZ5A==",
			"requires": {
				"unified-lint-rule": "^1.0.0"
			}
		},
		"remark-lint-hard-break-spaces": {
			"version": "1.0.4",
			"resolved": "https://registry.npmjs.org/remark-lint-hard-break-spaces/-/remark-lint-hard-break-spaces-1.0.4.tgz",
			"integrity": "sha512-YM82UpgliZCZhGNmFxEe7ArfhqR5CplFf2bc0k0+8w3rKWKx7EJcGMar2NK410tIi40gGeWtH/pIEypPJFCCiA==",
			"requires": {
				"unified-lint-rule": "^1.0.0",
				"unist-util-generated": "^1.1.0",
				"unist-util-position": "^3.0.0",
				"unist-util-visit": "^1.1.1"
			}
		},
		"remark-lint-heading-increment": {
			"version": "1.0.3",
			"resolved": "https://registry.npmjs.org/remark-lint-heading-increment/-/remark-lint-heading-increment-1.0.3.tgz",
			"integrity": "sha512-/KL4/7D2pNxP07KKgktjcIUS+ga8pYI2k9Q/V91pMfyfSC+RYuCGOLFVJSKV0Affr/4Eqnfhw+gJ9X2HAanNuw==",
			"requires": {
				"unified-lint-rule": "^1.0.0",
				"unist-util-generated": "^1.1.0",
				"unist-util-visit": "^1.1.1"
			}
		},
		"remark-lint-heading-style": {
			"version": "1.0.3",
			"resolved": "https://registry.npmjs.org/remark-lint-heading-style/-/remark-lint-heading-style-1.0.3.tgz",
			"integrity": "sha512-ZUhMav0HHUxo5gzLqxQsOf2ZpP/I3m6EEK8q25/kqpCYnwm1uRJ5CQ40PDQx46pmKtVibIMzDmraYovxNG3ovw==",
			"requires": {
				"mdast-util-heading-style": "^1.0.2",
				"unified-lint-rule": "^1.0.0",
				"unist-util-generated": "^1.1.0",
				"unist-util-visit": "^1.1.1"
			}
		},
		"remark-lint-link-title-style": {
			"version": "1.0.4",
			"resolved": "https://registry.npmjs.org/remark-lint-link-title-style/-/remark-lint-link-title-style-1.0.4.tgz",
			"integrity": "sha512-61/uH3zDTiozLJqgxp6rHGnVKTChC3UjL3Q0KQDBpprEOL4qLYjTn4fFKscVz776d0uUX6jczrW+GT4AFVOUgg==",
			"requires": {
				"unified-lint-rule": "^1.0.0",
				"unist-util-generated": "^1.1.0",
				"unist-util-position": "^3.0.0",
				"unist-util-visit": "^1.1.1",
				"vfile-location": "^2.0.1"
			}
		},
		"remark-lint-list-item-bullet-indent": {
			"version": "1.0.3",
			"resolved": "https://registry.npmjs.org/remark-lint-list-item-bullet-indent/-/remark-lint-list-item-bullet-indent-1.0.3.tgz",
			"integrity": "sha512-iVxQbrgzLpMHG3C6o6wRta/+Bc96etOiBYJnh2zm/aWz6DJ7cGLDykngblP/C4he7LYSeWOD/8Y57HbXZwM2Og==",
			"requires": {
				"plur": "^3.0.0",
				"unified-lint-rule": "^1.0.0",
				"unist-util-generated": "^1.1.0",
				"unist-util-position": "^3.0.0",
				"unist-util-visit": "^1.1.1"
			}
		},
		"remark-lint-list-item-content-indent": {
			"version": "1.0.3",
			"resolved": "https://registry.npmjs.org/remark-lint-list-item-content-indent/-/remark-lint-list-item-content-indent-1.0.3.tgz",
			"integrity": "sha512-ZSIGJG2/6jd1xj/xEoDlkcJBf2Ksw8U6vIGJO0IFIA3BLCbJm2EMWJxto2cfzRvXoACmAaxTJMqW8qatPExa4w==",
			"requires": {
				"plur": "^3.0.0",
				"unified-lint-rule": "^1.0.0",
				"unist-util-generated": "^1.1.0",
				"unist-util-position": "^3.0.0",
				"unist-util-visit": "^1.1.1"
			}
		},
		"remark-lint-list-item-indent": {
			"version": "1.0.4",
			"resolved": "https://registry.npmjs.org/remark-lint-list-item-indent/-/remark-lint-list-item-indent-1.0.4.tgz",
			"integrity": "sha512-Sv0gVH6qP1/nFpbJuyyguB9sAD2o42StD2WbEZeUcEexXwRO4u/YaX0Pm5pMtCiEHyN+qyL6ShKBQMtgol9BeA==",
			"requires": {
				"plur": "^3.0.0",
				"unified-lint-rule": "^1.0.0",
				"unist-util-generated": "^1.1.0",
				"unist-util-position": "^3.0.0",
				"unist-util-visit": "^1.1.1"
			}
		},
		"remark-lint-list-item-spacing": {
			"version": "1.1.3",
			"resolved": "https://registry.npmjs.org/remark-lint-list-item-spacing/-/remark-lint-list-item-spacing-1.1.3.tgz",
			"integrity": "sha512-QzDY0Qfk6m+Az0kmxP57OfswIH1WRdd6SIpQLaUEgsTlsbrJOiO0sJYkkOlFPsyJIfp7SV/FCbr+aYCbHF+kRQ==",
			"requires": {
				"unified-lint-rule": "^1.0.0",
				"unist-util-generated": "^1.1.0",
				"unist-util-position": "^3.0.0",
				"unist-util-visit": "^1.1.1"
			}
		},
		"remark-lint-maximum-heading-length": {
			"version": "1.0.3",
			"resolved": "https://registry.npmjs.org/remark-lint-maximum-heading-length/-/remark-lint-maximum-heading-length-1.0.3.tgz",
			"integrity": "sha512-ybcDpR5VHBjtjzdry7AdSjLFwslPo6rdhIJK2+WfHgfeEjIYnlz1uMvp1Z98QMmjpB5JSN83Kzg5fH8/B7poUw==",
			"requires": {
				"mdast-util-to-string": "^1.0.2",
				"unified-lint-rule": "^1.0.0",
				"unist-util-generated": "^1.1.0",
				"unist-util-visit": "^1.1.1"
			}
		},
		"remark-lint-maximum-line-length": {
			"version": "1.2.1",
			"resolved": "https://registry.npmjs.org/remark-lint-maximum-line-length/-/remark-lint-maximum-line-length-1.2.1.tgz",
			"integrity": "sha512-CSxX1qc+rAqixk8eBrI+yBsUmD8YGfOezFeJWjJRuUaoOvs67oqCIU+I2HbwcUYY8/KnDxF1MCp+uCM0RkjKKw==",
			"requires": {
				"unified-lint-rule": "^1.0.0",
				"unist-util-generated": "^1.1.0",
				"unist-util-position": "^3.0.0",
				"unist-util-visit": "^1.4.0"
			}
		},
		"remark-lint-no-auto-link-without-protocol": {
			"version": "1.0.3",
			"resolved": "https://registry.npmjs.org/remark-lint-no-auto-link-without-protocol/-/remark-lint-no-auto-link-without-protocol-1.0.3.tgz",
			"integrity": "sha512-k+hg2mXnO4Q9WV+UShPLen5oThvFxcRVWkx2hviVd/nu3eiszBKH3o38csBwjeJoMG3l2ZhdUW8dlOBhq8670Q==",
			"requires": {
				"mdast-util-to-string": "^1.0.2",
				"unified-lint-rule": "^1.0.0",
				"unist-util-generated": "^1.1.0",
				"unist-util-position": "^3.0.0",
				"unist-util-visit": "^1.1.1"
			}
		},
		"remark-lint-no-blockquote-without-marker": {
			"version": "2.0.3",
			"resolved": "https://registry.npmjs.org/remark-lint-no-blockquote-without-marker/-/remark-lint-no-blockquote-without-marker-2.0.3.tgz",
			"integrity": "sha512-faDzKrA6aKidsRXG6gcIlCO8TexLxIxe+n9B3mdnl8mhZGgE0FfWTkIWVMj0IYps/xVsVMf45KxhXgc1wU9kwg==",
			"requires": {
				"unified-lint-rule": "^1.0.0",
				"unist-util-generated": "^1.1.0",
				"unist-util-position": "^3.0.0",
				"unist-util-visit": "^1.1.1",
				"vfile-location": "^2.0.1"
			}
		},
		"remark-lint-no-consecutive-blank-lines": {
			"version": "1.0.3",
			"resolved": "https://registry.npmjs.org/remark-lint-no-consecutive-blank-lines/-/remark-lint-no-consecutive-blank-lines-1.0.3.tgz",
			"integrity": "sha512-2Ef7fPxrfLditA7sTo2Qfqd+xwh/luWl8GzILE5vcWIxLDqKk3dTLJkB5nP+7Cr4kqWJAwXnRkEDd77ehrRV3A==",
			"requires": {
				"plur": "^3.0.0",
				"unified-lint-rule": "^1.0.0",
				"unist-util-generated": "^1.1.0",
				"unist-util-position": "^3.0.0",
				"unist-util-visit": "^1.1.1"
			}
		},
		"remark-lint-no-duplicate-definitions": {
			"version": "1.0.5",
			"resolved": "https://registry.npmjs.org/remark-lint-no-duplicate-definitions/-/remark-lint-no-duplicate-definitions-1.0.5.tgz",
			"integrity": "sha512-zKXmfNUODXhJsGQdqfguMG9Nl9v1sLaDsQgMjUtmOSoQRnNud9ThQAZl62eX5jBn5HKcpOifG80tgkyBvU5eEw==",
			"requires": {
				"unified-lint-rule": "^1.0.0",
				"unist-util-generated": "^1.1.0",
				"unist-util-position": "^3.0.0",
				"unist-util-stringify-position": "^2.0.0",
				"unist-util-visit": "^1.4.0"
			}
		},
		"remark-lint-no-duplicate-headings": {
			"version": "1.0.4",
			"resolved": "https://registry.npmjs.org/remark-lint-no-duplicate-headings/-/remark-lint-no-duplicate-headings-1.0.4.tgz",
			"integrity": "sha512-QuPw+VG502Ctpd/jBjnBYuRXTg0ToP3D+dd3TYds4TRcdgaEFYTZfQ5zjK6XrxLMg0Hn9/WpXr4UqTlV4YZupA==",
			"requires": {
				"mdast-util-to-string": "^1.0.2",
				"unified-lint-rule": "^1.0.0",
				"unist-util-generated": "^1.1.0",
				"unist-util-position": "^3.0.0",
				"unist-util-stringify-position": "^2.0.0",
				"unist-util-visit": "^1.1.1"
			}
		},
		"remark-lint-no-emphasis-as-heading": {
			"version": "1.0.3",
			"resolved": "https://registry.npmjs.org/remark-lint-no-emphasis-as-heading/-/remark-lint-no-emphasis-as-heading-1.0.3.tgz",
			"integrity": "sha512-HEmyeyKciUz95+CgpAH98RPR73jq5u5CZb2FOMSqgNl9B6FZXqVpq9F3txPqUw3nAqFYOAEnfiaoRgcqtioh0Q==",
			"requires": {
				"unified-lint-rule": "^1.0.0",
				"unist-util-generated": "^1.1.0",
				"unist-util-visit": "^1.1.1"
			}
		},
		"remark-lint-no-file-name-articles": {
			"version": "1.0.3",
			"resolved": "https://registry.npmjs.org/remark-lint-no-file-name-articles/-/remark-lint-no-file-name-articles-1.0.3.tgz",
			"integrity": "sha512-YZDJDKUWZEmhrO6tHB0u0K0K2qJKxyg/kryr14OaRMvWLS62RgMn97sXPZ38XOSN7mOcCnl0k7/bClghJXx0sg==",
			"requires": {
				"unified-lint-rule": "^1.0.0"
			}
		},
		"remark-lint-no-file-name-consecutive-dashes": {
			"version": "1.0.3",
			"resolved": "https://registry.npmjs.org/remark-lint-no-file-name-consecutive-dashes/-/remark-lint-no-file-name-consecutive-dashes-1.0.3.tgz",
			"integrity": "sha512-7f4vyXn/ca5lAguWWC3eu5hi8oZ7etX7aQlnTSgQZeslnJCbVJm6V6prFJKAzrqbBzMicUXr5pZLBDoXyTvHHw==",
			"requires": {
				"unified-lint-rule": "^1.0.0"
			}
		},
		"remark-lint-no-file-name-irregular-characters": {
			"version": "1.0.3",
			"resolved": "https://registry.npmjs.org/remark-lint-no-file-name-irregular-characters/-/remark-lint-no-file-name-irregular-characters-1.0.3.tgz",
			"integrity": "sha512-b4xIy1Yi8qZpM2vnMN+6gEujagPGxUBAs1judv6xJQngkl5d5zT8VQZsYsTGHku4NWHjjh3b7vK5mr0/yp4JSg==",
			"requires": {
				"unified-lint-rule": "^1.0.0"
			}
		},
		"remark-lint-no-file-name-mixed-case": {
			"version": "1.0.3",
			"resolved": "https://registry.npmjs.org/remark-lint-no-file-name-mixed-case/-/remark-lint-no-file-name-mixed-case-1.0.3.tgz",
			"integrity": "sha512-d7rJ4c8CzDbEbGafw2lllOY8k7pvnsO77t8cV4PHFylwQ3hmCdTHLuDvK87G3DaWCeKclp0PMyamfOgJWKMkPA==",
			"requires": {
				"unified-lint-rule": "^1.0.0"
			}
		},
		"remark-lint-no-file-name-outer-dashes": {
			"version": "1.0.4",
			"resolved": "https://registry.npmjs.org/remark-lint-no-file-name-outer-dashes/-/remark-lint-no-file-name-outer-dashes-1.0.4.tgz",
			"integrity": "sha512-+bZvvme2Bm3Vp5L2iKuvGHYVmHKrTkkRt8JqJPGepuhvBvT4Q7+CgfKyMtC/hIjyl+IcuJQ2H0qPRzdicjy1wQ==",
			"requires": {
				"unified-lint-rule": "^1.0.0"
			}
		},
		"remark-lint-no-heading-content-indent": {
			"version": "1.0.3",
			"resolved": "https://registry.npmjs.org/remark-lint-no-heading-content-indent/-/remark-lint-no-heading-content-indent-1.0.3.tgz",
			"integrity": "sha512-7xM6X5E/dt8OXOHdejH+sfYb139a3kMr8ZSSkcp90Ab1y+ZQBNaWsR3mYh8FRKkYPTN5eyd+KjhNpLWyqqCbgg==",
			"requires": {
				"mdast-util-heading-style": "^1.0.2",
				"plur": "^3.0.0",
				"unified-lint-rule": "^1.0.0",
				"unist-util-generated": "^1.1.0",
				"unist-util-position": "^3.0.0",
				"unist-util-visit": "^1.1.1"
			}
		},
		"remark-lint-no-heading-punctuation": {
			"version": "1.0.3",
			"resolved": "https://registry.npmjs.org/remark-lint-no-heading-punctuation/-/remark-lint-no-heading-punctuation-1.0.3.tgz",
			"integrity": "sha512-JQD05RjLS99ePBQ4Bed1uWsQTlIMBTcGgIgF6jFXSCEqhwnrIUDwk6S3MG1RZsKd3TLw2xuT/i+POpfBc2+1kQ==",
			"requires": {
				"mdast-util-to-string": "^1.0.2",
				"unified-lint-rule": "^1.0.0",
				"unist-util-generated": "^1.1.0",
				"unist-util-visit": "^1.1.1"
			}
		},
		"remark-lint-no-inline-padding": {
			"version": "1.0.4",
			"resolved": "https://registry.npmjs.org/remark-lint-no-inline-padding/-/remark-lint-no-inline-padding-1.0.4.tgz",
			"integrity": "sha512-u5rgbDkcfVv645YxxOwoGBBJbsHEwWm/XqnO8EhfKTxkfKOF4ZItG7Ajhj89EDaeXMkvCcB/avBl4bj50eJH3g==",
			"requires": {
				"mdast-util-to-string": "^1.0.2",
				"unified-lint-rule": "^1.0.0",
				"unist-util-generated": "^1.1.0",
				"unist-util-visit": "^1.4.0"
			}
		},
		"remark-lint-no-literal-urls": {
			"version": "1.0.3",
			"resolved": "https://registry.npmjs.org/remark-lint-no-literal-urls/-/remark-lint-no-literal-urls-1.0.3.tgz",
			"integrity": "sha512-H5quyMzl2kaewK+jYD1FI0G1SIinIsIp4DEyOUwIR+vYUoKwo0B4vvW0cmPpD1dgqqxHYx0B2B0JQQKFVWzGiw==",
			"requires": {
				"mdast-util-to-string": "^1.0.2",
				"unified-lint-rule": "^1.0.0",
				"unist-util-generated": "^1.1.0",
				"unist-util-position": "^3.0.0",
				"unist-util-visit": "^1.1.1"
			}
		},
		"remark-lint-no-multiple-toplevel-headings": {
			"version": "1.0.4",
			"resolved": "https://registry.npmjs.org/remark-lint-no-multiple-toplevel-headings/-/remark-lint-no-multiple-toplevel-headings-1.0.4.tgz",
			"integrity": "sha512-0wDddx6htN5sL9/rofesiQF0oEgwN5224UmueiDx0ZUlYrn6VS0/SS0X3WWxtXmyeqlExfWF3D/g89tNs7dcjw==",
			"requires": {
				"unified-lint-rule": "^1.0.0",
				"unist-util-generated": "^1.1.0",
				"unist-util-position": "^3.0.0",
				"unist-util-stringify-position": "^2.0.0",
				"unist-util-visit": "^1.1.1"
			}
		},
		"remark-lint-no-shell-dollars": {
			"version": "1.0.3",
			"resolved": "https://registry.npmjs.org/remark-lint-no-shell-dollars/-/remark-lint-no-shell-dollars-1.0.3.tgz",
			"integrity": "sha512-fT3lQMTjEkPryL+63qDP1NfrohP3tG5i3SkNWSSR4VLU6OSsSSXlHGQGjo0ag//+EPKHB5/9frB/YQ0gDEPRGQ==",
			"requires": {
				"unified-lint-rule": "^1.0.0",
				"unist-util-generated": "^1.1.0",
				"unist-util-visit": "^1.1.1"
			}
		},
		"remark-lint-no-shortcut-reference-image": {
			"version": "1.0.3",
			"resolved": "https://registry.npmjs.org/remark-lint-no-shortcut-reference-image/-/remark-lint-no-shortcut-reference-image-1.0.3.tgz",
			"integrity": "sha512-CGm27X54kXp/5ehXejDTsZjqzK4uIhLGcrFzN3k/KjdwunQouEY92AARGrLSEuJ1hQx0bJsmnvr/hvQyWAfNJg==",
			"requires": {
				"unified-lint-rule": "^1.0.0",
				"unist-util-generated": "^1.1.0",
				"unist-util-visit": "^1.1.1"
			}
		},
		"remark-lint-no-shortcut-reference-link": {
			"version": "1.0.4",
			"resolved": "https://registry.npmjs.org/remark-lint-no-shortcut-reference-link/-/remark-lint-no-shortcut-reference-link-1.0.4.tgz",
			"integrity": "sha512-FXdMJYqspZBhPlxYqfVgVluVXjxStg0RHJzqrk8G9wS8fCS62AE3reoaoiCahwoH1tfKcA+poktbKqDAmZo7Jg==",
			"requires": {
				"unified-lint-rule": "^1.0.0",
				"unist-util-generated": "^1.1.0",
				"unist-util-visit": "^1.1.1"
			}
		},
		"remark-lint-no-table-indentation": {
			"version": "1.0.4",
			"resolved": "https://registry.npmjs.org/remark-lint-no-table-indentation/-/remark-lint-no-table-indentation-1.0.4.tgz",
			"integrity": "sha512-H4VGHcg1k8sTIbwazFYLNbDqpPR+M0aHHKDf+93b/xyd27Dp0ODQrMnQbls1Cls5qOAQnwAQbx+75wcpFxP3OQ==",
			"requires": {
				"unified-lint-rule": "^1.0.0",
				"unist-util-generated": "^1.1.0",
				"unist-util-position": "^3.0.0",
				"unist-util-visit": "^1.4.0"
			}
		},
		"remark-lint-no-undefined-references": {
			"version": "1.1.1",
			"resolved": "https://registry.npmjs.org/remark-lint-no-undefined-references/-/remark-lint-no-undefined-references-1.1.1.tgz",
			"integrity": "sha512-b1eIjWFaCu6m16Ax2uG33o1v+eRYqDTQRUqU6UeQ76JXmDmVtVO75ZuyRpqqE7VTZRW8YLVurXfJPDXfIa5Wng==",
			"requires": {
				"collapse-white-space": "^1.0.4",
				"unified-lint-rule": "^1.0.0",
				"unist-util-generated": "^1.1.0",
				"unist-util-visit": "^1.4.0"
			}
		},
		"remark-lint-no-unused-definitions": {
			"version": "1.0.5",
			"resolved": "https://registry.npmjs.org/remark-lint-no-unused-definitions/-/remark-lint-no-unused-definitions-1.0.5.tgz",
			"integrity": "sha512-Bo22e0RNzc1QMW317KTuStGFDG7uTDUQhm/TrW6Qzud0WXnNnqUyvts+e7wTYoj8VnwhhjyjyoA9lKA3uXMdAQ==",
			"requires": {
				"unified-lint-rule": "^1.0.0",
				"unist-util-generated": "^1.1.0",
				"unist-util-visit": "^1.4.0"
			}
		},
		"remark-lint-ordered-list-marker-style": {
			"version": "1.0.3",
			"resolved": "https://registry.npmjs.org/remark-lint-ordered-list-marker-style/-/remark-lint-ordered-list-marker-style-1.0.3.tgz",
			"integrity": "sha512-24TmW1eUa/2JlwprZg9jJ8LKLxNGKnlKiI5YOhN4taUp2yv8daqlV9vR54yfn/ZZQh6EQvbIX0jeVY9NYgQUtw==",
			"requires": {
				"unified-lint-rule": "^1.0.0",
				"unist-util-generated": "^1.1.0",
				"unist-util-position": "^3.0.0",
				"unist-util-visit": "^1.1.1"
			}
		},
		"remark-lint-ordered-list-marker-value": {
			"version": "1.0.3",
			"resolved": "https://registry.npmjs.org/remark-lint-ordered-list-marker-value/-/remark-lint-ordered-list-marker-value-1.0.3.tgz",
			"integrity": "sha512-WQ9yLD8cI9DSk/CE+APKUT6ZeXp0/RzOnsYqzMxEa8n1QHSqRSF7hVEiisqNTG9+gV64OEE66e+m4c7RVSUADw==",
			"requires": {
				"unified-lint-rule": "^1.0.0",
				"unist-util-generated": "^1.1.0",
				"unist-util-position": "^3.0.0",
				"unist-util-visit": "^1.1.1"
			}
		},
		"remark-lint-rule-style": {
			"version": "1.0.3",
			"resolved": "https://registry.npmjs.org/remark-lint-rule-style/-/remark-lint-rule-style-1.0.3.tgz",
			"integrity": "sha512-SJe7IFORYRdo8JUhMSdcTktVAUVNVp36YYl1ZD9CfHqQHWlFD+3vWYzJXOZfog/i+CyWf7Yi0WVYmQes+167dA==",
			"requires": {
				"unified-lint-rule": "^1.0.0",
				"unist-util-generated": "^1.1.0",
				"unist-util-position": "^3.0.0",
				"unist-util-visit": "^1.1.1"
			}
		},
		"remark-lint-strong-marker": {
			"version": "1.0.3",
			"resolved": "https://registry.npmjs.org/remark-lint-strong-marker/-/remark-lint-strong-marker-1.0.3.tgz",
			"integrity": "sha512-PFkH282dCwfRsVEw9IxbYbaZBY4UcTuT2SN+lA3R0cBeocWnOySVw8YEm4sv9JfV8BLcQA5gc4tj66/U3KCScw==",
			"requires": {
				"unified-lint-rule": "^1.0.0",
				"unist-util-generated": "^1.1.0",
				"unist-util-position": "^3.0.0",
				"unist-util-visit": "^1.1.1"
			}
		},
		"remark-lint-table-cell-padding": {
			"version": "1.0.4",
			"resolved": "https://registry.npmjs.org/remark-lint-table-cell-padding/-/remark-lint-table-cell-padding-1.0.4.tgz",
			"integrity": "sha512-AQWWtV1yca1PN27QaFRJbBK6Ro/bopv1XnVKxj/iMebhOU2D2FBJ8rXmMZXVMC3G9OB2WSzGgqH3nP6QY12LoA==",
			"requires": {
				"unified-lint-rule": "^1.0.0",
				"unist-util-generated": "^1.1.0",
				"unist-util-position": "^3.0.0",
				"unist-util-visit": "^1.4.0"
			}
		},
		"remark-lint-table-pipe-alignment": {
			"version": "1.0.3",
			"resolved": "https://registry.npmjs.org/remark-lint-table-pipe-alignment/-/remark-lint-table-pipe-alignment-1.0.3.tgz",
			"integrity": "sha512-5fhEMcKqNjK6S/y7cVG0+iVqhmhXFW+awIuN7vOBhmDbZ3HF9rCCy20XiHoaG6FzrPJ+zfkjK/QZAbq2Vf58HA==",
			"requires": {
				"unified-lint-rule": "^1.0.0",
				"unist-util-generated": "^1.1.0",
				"unist-util-position": "^3.0.0",
				"unist-util-visit": "^1.1.1"
			}
		},
		"remark-lint-table-pipes": {
			"version": "1.0.3",
			"resolved": "https://registry.npmjs.org/remark-lint-table-pipes/-/remark-lint-table-pipes-1.0.3.tgz",
			"integrity": "sha512-K9NnGZp6i0m/CaOH7ZT4Ymt2seyiRPcBIlNMMGXBm6gpy34KJDDxYqsNUrh+j7dR+Zg4rYAQLnr3BiSHvj+rbQ==",
			"requires": {
				"unified-lint-rule": "^1.0.0",
				"unist-util-generated": "^1.1.0",
				"unist-util-position": "^3.0.0",
				"unist-util-visit": "^1.1.1"
			}
		},
		"remark-lint-unordered-list-marker-style": {
			"version": "1.0.3",
			"resolved": "https://registry.npmjs.org/remark-lint-unordered-list-marker-style/-/remark-lint-unordered-list-marker-style-1.0.3.tgz",
			"integrity": "sha512-0nn/Yscy5ImO4fqByrk/Ua02UwGx8LRu+0kdCbkVz4IxPO5qxTEfyccUQZR71zTdMJp1d2OeqyD9XtMaO4X7Ww==",
			"requires": {
				"unified-lint-rule": "^1.0.0",
				"unist-util-generated": "^1.1.0",
				"unist-util-position": "^3.0.0",
				"unist-util-visit": "^1.1.1"
			}
		},
		"remark-message-control": {
			"version": "4.2.0",
			"resolved": "https://registry.npmjs.org/remark-message-control/-/remark-message-control-4.2.0.tgz",
			"integrity": "sha512-WXH2t5ljTyhsXlK1zPBLF3iPHbXl58R94phPMreS1xcHWBZJt6Oiu8RtNjy1poZFb3PqKnbYLJeR/CWcZ1bTFw==",
			"requires": {
				"mdast-comment-marker": "^1.0.0",
				"unified-message-control": "^1.0.0",
				"xtend": "^4.0.1"
			}
		},
		"remark-preset-lint-consistent": {
			"version": "2.0.3",
			"resolved": "https://registry.npmjs.org/remark-preset-lint-consistent/-/remark-preset-lint-consistent-2.0.3.tgz",
			"integrity": "sha512-mrtGznAikgXvBwgQdkT3LAWn47wQGvFs9IsLuBjNluv9JnCqkt2CpOG5htlES5aB3YnVdxzSS7AntF5iNxSlpA==",
			"requires": {
				"remark-lint": "^6.0.0",
				"remark-lint-blockquote-indentation": "^1.0.0",
				"remark-lint-checkbox-character-style": "^1.0.0",
				"remark-lint-code-block-style": "^1.0.0",
				"remark-lint-emphasis-marker": "^1.0.0",
				"remark-lint-fenced-code-marker": "^1.0.0",
				"remark-lint-heading-style": "^1.0.0",
				"remark-lint-link-title-style": "^1.0.0",
				"remark-lint-list-item-content-indent": "^1.0.0",
				"remark-lint-ordered-list-marker-style": "^1.0.0",
				"remark-lint-rule-style": "^1.0.0",
				"remark-lint-strong-marker": "^1.0.0",
				"remark-lint-table-cell-padding": "^1.0.0"
			}
		},
		"remark-preset-lint-markdown-style-guide": {
			"version": "2.1.3",
			"resolved": "https://registry.npmjs.org/remark-preset-lint-markdown-style-guide/-/remark-preset-lint-markdown-style-guide-2.1.3.tgz",
			"integrity": "sha512-H/jSoLvTY8abUcB+7/062I2oHevlHcHdrfRMP2RMh19QA1wmARgNEn3tZfdBXFq1TpzhevGgb6VwSdOjdU8NOQ==",
			"requires": {
				"remark-lint": "^6.0.0",
				"remark-lint-blockquote-indentation": "^1.0.0",
				"remark-lint-code-block-style": "^1.0.0",
				"remark-lint-definition-case": "^1.0.0",
				"remark-lint-definition-spacing": "^1.0.0",
				"remark-lint-emphasis-marker": "^1.0.0",
				"remark-lint-fenced-code-flag": "^1.0.0",
				"remark-lint-fenced-code-marker": "^1.0.0",
				"remark-lint-file-extension": "^1.0.0",
				"remark-lint-final-definition": "^1.0.0",
				"remark-lint-hard-break-spaces": "^1.0.0",
				"remark-lint-heading-increment": "^1.0.0",
				"remark-lint-heading-style": "^1.0.0",
				"remark-lint-link-title-style": "^1.0.0",
				"remark-lint-list-item-content-indent": "^1.0.0",
				"remark-lint-list-item-indent": "^1.0.0",
				"remark-lint-list-item-spacing": "^1.0.0",
				"remark-lint-maximum-heading-length": "^1.0.0",
				"remark-lint-maximum-line-length": "^1.0.0",
				"remark-lint-no-auto-link-without-protocol": "^1.0.0",
				"remark-lint-no-blockquote-without-marker": "^2.0.0",
				"remark-lint-no-consecutive-blank-lines": "^1.0.0",
				"remark-lint-no-duplicate-headings": "^1.0.0",
				"remark-lint-no-emphasis-as-heading": "^1.0.0",
				"remark-lint-no-file-name-articles": "^1.0.0",
				"remark-lint-no-file-name-consecutive-dashes": "^1.0.0",
				"remark-lint-no-file-name-irregular-characters": "^1.0.0",
				"remark-lint-no-file-name-mixed-case": "^1.0.0",
				"remark-lint-no-file-name-outer-dashes": "^1.0.0",
				"remark-lint-no-heading-punctuation": "^1.0.0",
				"remark-lint-no-inline-padding": "^1.0.0",
				"remark-lint-no-literal-urls": "^1.0.0",
				"remark-lint-no-multiple-toplevel-headings": "^1.0.0",
				"remark-lint-no-shell-dollars": "^1.0.0",
				"remark-lint-no-shortcut-reference-image": "^1.0.0",
				"remark-lint-no-shortcut-reference-link": "^1.0.0",
				"remark-lint-no-table-indentation": "^1.0.0",
				"remark-lint-ordered-list-marker-style": "^1.0.0",
				"remark-lint-ordered-list-marker-value": "^1.0.0",
				"remark-lint-rule-style": "^1.0.0",
				"remark-lint-strong-marker": "^1.0.0",
				"remark-lint-table-cell-padding": "^1.0.0",
				"remark-lint-table-pipe-alignment": "^1.0.0",
				"remark-lint-table-pipes": "^1.0.0",
				"remark-lint-unordered-list-marker-style": "^1.0.0"
			}
		},
		"remark-preset-lint-recommended": {
			"version": "3.0.3",
			"resolved": "https://registry.npmjs.org/remark-preset-lint-recommended/-/remark-preset-lint-recommended-3.0.3.tgz",
			"integrity": "sha512-5sQ34j1Irlsj6Tt4WWRylZ7UU+1jD5es/LfDZBZp/LXDwC4ldGqKpMmCCR6Z00x1jYM1phmS4M+eGqTdah0qkQ==",
			"requires": {
				"remark-lint": "^6.0.0",
				"remark-lint-final-newline": "^1.0.0",
				"remark-lint-hard-break-spaces": "^1.0.0",
				"remark-lint-list-item-bullet-indent": "^1.0.0",
				"remark-lint-list-item-indent": "^1.0.0",
				"remark-lint-no-auto-link-without-protocol": "^1.0.0",
				"remark-lint-no-blockquote-without-marker": "^2.0.0",
				"remark-lint-no-duplicate-definitions": "^1.0.0",
				"remark-lint-no-heading-content-indent": "^1.0.0",
				"remark-lint-no-inline-padding": "^1.0.0",
				"remark-lint-no-literal-urls": "^1.0.0",
				"remark-lint-no-shortcut-reference-image": "^1.0.0",
				"remark-lint-no-shortcut-reference-link": "^1.0.0",
				"remark-lint-no-undefined-references": "^1.0.0",
				"remark-lint-no-unused-definitions": "^1.0.0",
				"remark-lint-ordered-list-marker-style": "^1.0.0"
			}
		},
		"sliced": {
			"version": "1.0.1",
			"resolved": "https://registry.npmjs.org/sliced/-/sliced-1.0.1.tgz",
			"integrity": "sha1-CzpmK10Ewxd7GSa+qCsD+Dei70E="
		},
		"trim": {
			"version": "0.0.1",
			"resolved": "https://registry.npmjs.org/trim/-/trim-0.0.1.tgz",
			"integrity": "sha1-WFhUf2spB1fulczMZm+1AITEYN0="
		},
		"unified-lint-rule": {
			"version": "1.0.4",
			"resolved": "https://registry.npmjs.org/unified-lint-rule/-/unified-lint-rule-1.0.4.tgz",
			"integrity": "sha512-q9wY6S+d38xRAuWQVOMjBQYi7zGyKkY23ciNafB8JFVmDroyKjtytXHCg94JnhBCXrNqpfojo3+8D+gmF4zxJQ==",
			"requires": {
				"wrapped": "^1.0.1"
			}
		},
		"unified-message-control": {
			"version": "1.0.4",
			"resolved": "https://registry.npmjs.org/unified-message-control/-/unified-message-control-1.0.4.tgz",
			"integrity": "sha512-e1dEtN4Z/TvLn/qHm+xeZpzqhJTtfZusFErk336kkZVpqrJYiV9ptxq+SbRPFMlN0OkjDYHmVJ929KYjsMTo3g==",
			"requires": {
				"trim": "0.0.1",
				"unist-util-visit": "^1.0.0",
				"vfile-location": "^2.0.0"
			}
		},
		"unist-util-generated": {
			"version": "1.1.4",
			"resolved": "https://registry.npmjs.org/unist-util-generated/-/unist-util-generated-1.1.4.tgz",
			"integrity": "sha512-SA7Sys3h3X4AlVnxHdvN/qYdr4R38HzihoEVY2Q2BZu8NHWDnw5OGcC/tXWjQfd4iG+M6qRFNIRGqJmp2ez4Ww=="
		},
		"unist-util-is": {
			"version": "3.0.0",
			"resolved": "https://registry.npmjs.org/unist-util-is/-/unist-util-is-3.0.0.tgz",
			"integrity": "sha512-sVZZX3+kspVNmLWBPAB6r+7D9ZgAFPNWm66f7YNb420RlQSbn+n8rG8dGZSkrER7ZIXGQYNm5pqC3v3HopH24A=="
		},
		"unist-util-position": {
			"version": "3.0.3",
			"resolved": "https://registry.npmjs.org/unist-util-position/-/unist-util-position-3.0.3.tgz",
			"integrity": "sha512-28EpCBYFvnMeq9y/4w6pbnFmCUfzlsc41NJui5c51hOFjBA1fejcwc+5W4z2+0ECVbScG3dURS3JTVqwenzqZw=="
		},
		"unist-util-stringify-position": {
			"version": "2.0.1",
			"resolved": "https://registry.npmjs.org/unist-util-stringify-position/-/unist-util-stringify-position-2.0.1.tgz",
			"integrity": "sha512-Zqlf6+FRI39Bah8Q6ZnNGrEHUhwJOkHde2MHVk96lLyftfJJckaPslKgzhVcviXj8KcE9UJM9F+a4JEiBUTYgA==",
			"requires": {
				"@types/unist": "^2.0.2"
			}
		},
		"unist-util-visit": {
			"version": "1.4.1",
			"resolved": "https://registry.npmjs.org/unist-util-visit/-/unist-util-visit-1.4.1.tgz",
			"integrity": "sha512-AvGNk7Bb//EmJZyhtRUnNMEpId/AZ5Ph/KUpTI09WHQuDZHKovQ1oEv3mfmKpWKtoMzyMC4GLBm1Zy5k12fjIw==",
			"requires": {
				"unist-util-visit-parents": "^2.0.0"
			}
		},
		"unist-util-visit-parents": {
			"version": "2.1.2",
			"resolved": "https://registry.npmjs.org/unist-util-visit-parents/-/unist-util-visit-parents-2.1.2.tgz",
			"integrity": "sha512-DyN5vD4NE3aSeB+PXYNKxzGsfocxp6asDc2XXE3b0ekO2BaRUpBicbbUygfSvYfUz1IkmjFR1YF7dPklraMZ2g==",
			"requires": {
				"unist-util-is": "^3.0.0"
			}
		},
		"vfile-location": {
			"version": "2.0.5",
			"resolved": "https://registry.npmjs.org/vfile-location/-/vfile-location-2.0.5.tgz",
			"integrity": "sha512-Pa1ey0OzYBkLPxPZI3d9E+S4BmvfVwNAAXrrqGbwTVXWaX2p9kM1zZ+n35UtVM06shmWKH4RPRN8KI80qE3wNQ=="
		},
		"wrapped": {
			"version": "1.0.1",
			"resolved": "https://registry.npmjs.org/wrapped/-/wrapped-1.0.1.tgz",
			"integrity": "sha1-x4PZ2Aeyc+mwHoUWgKk4yHyQckI=",
			"requires": {
				"co": "3.1.0",
				"sliced": "^1.0.1"
			}
		},
		"xtend": {
			"version": "4.0.2",
			"resolved": "https://registry.npmjs.org/xtend/-/xtend-4.0.2.tgz",
			"integrity": "sha512-LKYU1iAXJXUgAXn9URjiu+MWhyUXHsvfp7mcuYm9dSUKK0/CjtrUwFAxD82/mCWbtLsGjFIad0wIsod4zrTAEQ=="
		}
	}
}
