{
	"name": "@strv/remark-config",
	"version": "2.0.0-alpha.1",
	"lockfileVersion": 1,
	"requires": true,
	"dependencies": {
		"@types/unist": {
			"version": "2.0.3",
			"resolved": "https://registry.npmjs.org/@types/unist/-/unist-2.0.3.tgz",
			"integrity": "sha512-FvUupuM3rlRsRtCN+fDudtmytGO6iHJuuRKS1Ss0pG5z8oX0diNEw94UEL7hgDbpN94rgaK5R7sWm6RrSkZuAQ=="
		},
		"co": {
			"version": "3.1.0",
			"resolved": "https://registry.npmjs.org/co/-/co-3.1.0.tgz",
			"integrity": "sha1-TqVOpaCJOBUxheFSEMaNkJK8G3g="
		},
		"collapse-white-space": {
			"version": "1.0.6",
			"resolved": "https://registry.npmjs.org/collapse-white-space/-/collapse-white-space-1.0.6.tgz",
			"integrity": "sha512-jEovNnrhMuqyCcjfEJA56v0Xq8SkIoPKDyaHahwo3POf4qcSXqMYuwNcOTzp74vTsR9Tn08z4MxWqAhcekogkQ=="
		},
		"mdast-comment-marker": {
			"version": "1.1.2",
			"resolved": "https://registry.npmjs.org/mdast-comment-marker/-/mdast-comment-marker-1.1.2.tgz",
			"integrity": "sha512-vTFXtmbbF3rgnTh3Zl3irso4LtvwUq/jaDvT2D1JqTGAwaipcS7RpTxzi6KjoRqI9n2yuAhzLDAC8xVTF3XYVQ=="
		},
		"mdast-util-heading-style": {
			"version": "1.0.6",
			"resolved": "https://registry.npmjs.org/mdast-util-heading-style/-/mdast-util-heading-style-1.0.6.tgz",
			"integrity": "sha512-8ZuuegRqS0KESgjAGW8zTx4tJ3VNIiIaGFNEzFpRSAQBavVc7AvOo9I4g3crcZBfYisHs4seYh0rAVimO6HyOw=="
		},
		"mdast-util-to-string": {
			"version": "1.1.0",
			"resolved": "https://registry.npmjs.org/mdast-util-to-string/-/mdast-util-to-string-1.1.0.tgz",
			"integrity": "sha512-jVU0Nr2B9X3MU4tSK7JP1CMkSvOj7X5l/GboG1tKRw52lLF1x2Ju92Ms9tNetCcbfX3hzlM73zYo2NKkWSfF/A=="
		},
		"pluralize": {
			"version": "8.0.0",
			"resolved": "https://registry.npmjs.org/pluralize/-/pluralize-8.0.0.tgz",
			"integrity": "sha512-Nc3IT5yHzflTfbjgqWcCPpo7DaKy4FnpB0l/zCAW0Tc7jxAiuqSxHasntB3D7887LSrA93kDJ9IXovxJYxyLCA=="
		},
		"remark-lint": {
			"version": "8.0.0",
			"resolved": "https://registry.npmjs.org/remark-lint/-/remark-lint-8.0.0.tgz",
			"integrity": "sha512-ESI8qJQ/TIRjABDnqoFsTiZntu+FRifZ5fJ77yX63eIDijl/arvmDvT+tAf75/Nm5BFL4R2JFUtkHRGVjzYUsg==",
			"requires": {
				"remark-message-control": "^6.0.0"
			}
		},
		"remark-lint-blockquote-indentation": {
			"version": "2.0.1",
			"resolved": "https://registry.npmjs.org/remark-lint-blockquote-indentation/-/remark-lint-blockquote-indentation-2.0.1.tgz",
			"integrity": "sha512-uJ9az/Ms9AapnkWpLSCJfawBfnBI2Tn1yUsPNqIFv6YM98ymetItUMyP6ng9NFPqDvTQBbiarulkgoEo0wcafQ==",
			"requires": {
				"mdast-util-to-string": "^1.0.2",
				"pluralize": "^8.0.0",
				"unified-lint-rule": "^1.0.0",
				"unist-util-generated": "^1.1.0",
				"unist-util-position": "^3.0.0",
				"unist-util-visit": "^2.0.0"
			}
		},
		"remark-lint-checkbox-character-style": {
			"version": "3.0.0",
			"resolved": "https://registry.npmjs.org/remark-lint-checkbox-character-style/-/remark-lint-checkbox-character-style-3.0.0.tgz",
			"integrity": "sha512-691OJ5RdBRXVpvnOEiBhMB4uhHJSHVttw83O4qyAkNBiqxa1Axqhsz8FgmzYgRLQbOGd2ncVUcXG1LOJt6C0DQ==",
			"requires": {
				"unified-lint-rule": "^1.0.0",
				"unist-util-generated": "^1.1.0",
				"unist-util-position": "^3.0.0",
				"unist-util-visit": "^2.0.0"
			}
		},
		"remark-lint-code-block-style": {
			"version": "2.0.1",
			"resolved": "https://registry.npmjs.org/remark-lint-code-block-style/-/remark-lint-code-block-style-2.0.1.tgz",
			"integrity": "sha512-eRhmnColmSxJhO61GHZkvO67SpHDshVxs2j3+Zoc5Y1a4zQT2133ZAij04XKaBFfsVLjhbY/+YOWxgvtjx2nmA==",
			"requires": {
				"unified-lint-rule": "^1.0.0",
				"unist-util-generated": "^1.1.0",
				"unist-util-position": "^3.0.0",
				"unist-util-visit": "^2.0.0"
			}
		},
		"remark-lint-definition-case": {
			"version": "2.0.1",
			"resolved": "https://registry.npmjs.org/remark-lint-definition-case/-/remark-lint-definition-case-2.0.1.tgz",
			"integrity": "sha512-M+XlThtQwEJLQnQb5Gi6xZdkw92rGp7m2ux58WMw/Qlcg02WgHR/O0OcHPe5VO5hMJrtI+cGG5T0svsCgRZd3w==",
			"requires": {
				"unified-lint-rule": "^1.0.0",
				"unist-util-generated": "^1.1.0",
				"unist-util-position": "^3.0.0",
				"unist-util-visit": "^2.0.0"
			}
		},
		"remark-lint-definition-spacing": {
			"version": "2.0.1",
			"resolved": "https://registry.npmjs.org/remark-lint-definition-spacing/-/remark-lint-definition-spacing-2.0.1.tgz",
			"integrity": "sha512-xK9DOQO5MudITD189VyUiMHBIKltW1oc55L7Fti3i9DedXoBG7Phm+V9Mm7IdWzCVkquZVgVk63xQdqzSQRrSQ==",
			"requires": {
				"unified-lint-rule": "^1.0.0",
				"unist-util-generated": "^1.1.0",
				"unist-util-position": "^3.0.0",
				"unist-util-visit": "^2.0.0"
			}
		},
		"remark-lint-emphasis-marker": {
			"version": "2.0.1",
			"resolved": "https://registry.npmjs.org/remark-lint-emphasis-marker/-/remark-lint-emphasis-marker-2.0.1.tgz",
			"integrity": "sha512-7mpbAUrSnHiWRyGkbXRL5kfSKY9Cs8cdob7Fw+Z02/pufXMF4yRWaegJ5NTUu1RE+SKlF44wtWWjvcIoyY6/aw==",
			"requires": {
				"unified-lint-rule": "^1.0.0",
				"unist-util-generated": "^1.1.0",
				"unist-util-position": "^3.0.0",
				"unist-util-visit": "^2.0.0"
			}
		},
		"remark-lint-fenced-code-flag": {
			"version": "2.0.1",
			"resolved": "https://registry.npmjs.org/remark-lint-fenced-code-flag/-/remark-lint-fenced-code-flag-2.0.1.tgz",
			"integrity": "sha512-+COnWHlS/h02FMxoZWxNlZW3Y8M0cQQpmx3aNCbG7xkyMyCKsMLg9EmRvYHHIbxQCuF3JT0WWx5AySqlc7d+NA==",
			"requires": {
				"unified-lint-rule": "^1.0.0",
				"unist-util-generated": "^1.1.0",
				"unist-util-position": "^3.0.0",
				"unist-util-visit": "^2.0.0"
			}
		},
		"remark-lint-fenced-code-marker": {
			"version": "2.0.1",
			"resolved": "https://registry.npmjs.org/remark-lint-fenced-code-marker/-/remark-lint-fenced-code-marker-2.0.1.tgz",
			"integrity": "sha512-lujpjm04enn3ma6lITlttadld6eQ1OWAEcT3qZzvFHp+zPraC0yr0eXlvtDN/0UH8mrln/QmGiZp3i8IdbucZg==",
			"requires": {
				"unified-lint-rule": "^1.0.0",
				"unist-util-generated": "^1.1.0",
				"unist-util-position": "^3.0.0",
				"unist-util-visit": "^2.0.0"
			}
		},
		"remark-lint-file-extension": {
			"version": "1.0.5",
			"resolved": "https://registry.npmjs.org/remark-lint-file-extension/-/remark-lint-file-extension-1.0.5.tgz",
			"integrity": "sha512-oVQdf5vEomwHkfQ7R/mgmsWW2H/t9kSvnrxtVoNOHr+qnOEafKKDn+AFhioN2kqtjCZBAjSSrePs6xGKmXKDTw==",
			"requires": {
				"unified-lint-rule": "^1.0.0"
			}
		},
		"remark-lint-final-definition": {
			"version": "2.1.0",
			"resolved": "https://registry.npmjs.org/remark-lint-final-definition/-/remark-lint-final-definition-2.1.0.tgz",
			"integrity": "sha512-83K7n2icOHPfBzbR5Mr1o7cu8gOjD8FwJkFx/ly+rW+8SHfjCj4D3WOFGQ1xVdmHjfomBDXXDSNo2oiacADVXQ==",
			"requires": {
				"unified-lint-rule": "^1.0.0",
				"unist-util-generated": "^1.1.0",
				"unist-util-position": "^3.0.0",
				"unist-util-visit": "^2.0.0"
			}
		},
		"remark-lint-final-newline": {
			"version": "1.0.5",
			"resolved": "https://registry.npmjs.org/remark-lint-final-newline/-/remark-lint-final-newline-1.0.5.tgz",
			"integrity": "sha512-rfLlW8+Fz2dqnaEgU4JwLA55CQF1T4mfSs/GwkkeUCGPenvEYwSkCN2KO2Gr1dy8qPoOdTFE1rSufLjmeTW5HA==",
			"requires": {
				"unified-lint-rule": "^1.0.0"
			}
		},
		"remark-lint-hard-break-spaces": {
			"version": "2.0.1",
			"resolved": "https://registry.npmjs.org/remark-lint-hard-break-spaces/-/remark-lint-hard-break-spaces-2.0.1.tgz",
			"integrity": "sha512-Qfn/BMQFamHhtbfLrL8Co/dbYJFLRL4PGVXZ5wumkUO5f9FkZC2RsV+MD9lisvGTkJK0ZEJrVVeaPbUIFM0OAw==",
			"requires": {
				"unified-lint-rule": "^1.0.0",
				"unist-util-generated": "^1.1.0",
				"unist-util-position": "^3.0.0",
				"unist-util-visit": "^2.0.0"
			}
		},
		"remark-lint-heading-increment": {
			"version": "2.0.1",
			"resolved": "https://registry.npmjs.org/remark-lint-heading-increment/-/remark-lint-heading-increment-2.0.1.tgz",
			"integrity": "sha512-bYDRmv/lk3nuWXs2VSD1B4FneGT6v7a74FuVmb305hyEMmFSnneJvVgnOJxyKlbNlz12pq1IQ6MhlJBda/SFtQ==",
			"requires": {
				"unified-lint-rule": "^1.0.0",
				"unist-util-generated": "^1.1.0",
				"unist-util-visit": "^2.0.0"
			}
		},
		"remark-lint-heading-style": {
			"version": "2.0.1",
			"resolved": "https://registry.npmjs.org/remark-lint-heading-style/-/remark-lint-heading-style-2.0.1.tgz",
			"integrity": "sha512-IrFLNs0M5Vbn9qg51AYhGUfzgLAcDOjh2hFGMz3mx664dV6zLcNZOPSdJBBJq3JQR4gKpoXcNwN1+FFaIATj+A==",
			"requires": {
				"mdast-util-heading-style": "^1.0.2",
				"unified-lint-rule": "^1.0.0",
				"unist-util-generated": "^1.1.0",
				"unist-util-visit": "^2.0.0"
			}
		},
		"remark-lint-link-title-style": {
			"version": "2.0.1",
			"resolved": "https://registry.npmjs.org/remark-lint-link-title-style/-/remark-lint-link-title-style-2.0.1.tgz",
			"integrity": "sha512-+Q7Ew8qpOQzjqbDF6sUHmn9mKgje+m2Ho8Xz7cEnGIRaKJgtJzkn/dZqQM/az0gn3zaN6rOuwTwqw4EsT5EsIg==",
			"requires": {
				"unified-lint-rule": "^1.0.0",
				"unist-util-generated": "^1.1.0",
				"unist-util-position": "^3.0.0",
				"unist-util-visit": "^2.0.0",
				"vfile-location": "^3.0.0"
			}
		},
		"remark-lint-list-item-bullet-indent": {
			"version": "3.0.0",
			"resolved": "https://registry.npmjs.org/remark-lint-list-item-bullet-indent/-/remark-lint-list-item-bullet-indent-3.0.0.tgz",
			"integrity": "sha512-X2rleWP8XReC4LXKF7Qi5vYiPJkA4Grx5zxsjHofFrVRz6j0PYOCuz7vsO+ZzMunFMfom6FODnscSWz4zouDVw==",
			"requires": {
				"pluralize": "^8.0.0",
				"unified-lint-rule": "^1.0.0",
				"unist-util-generated": "^1.1.0",
				"unist-util-visit": "^2.0.0"
			}
		},
		"remark-lint-list-item-content-indent": {
			"version": "2.0.1",
			"resolved": "https://registry.npmjs.org/remark-lint-list-item-content-indent/-/remark-lint-list-item-content-indent-2.0.1.tgz",
			"integrity": "sha512-OzUMqavxyptAdG7vWvBSMc9mLW9ZlTjbW4XGayzczd3KIr6Uwp3NEFXKx6MLtYIM/vwBqMrPQUrObOC7A2uBpQ==",
			"requires": {
				"pluralize": "^8.0.0",
				"unified-lint-rule": "^1.0.0",
				"unist-util-generated": "^1.1.0",
				"unist-util-position": "^3.0.0",
				"unist-util-visit": "^2.0.0"
			}
		},
		"remark-lint-list-item-indent": {
			"version": "2.0.1",
			"resolved": "https://registry.npmjs.org/remark-lint-list-item-indent/-/remark-lint-list-item-indent-2.0.1.tgz",
			"integrity": "sha512-4IKbA9GA14Q9PzKSQI6KEHU/UGO36CSQEjaDIhmb9UOhyhuzz4vWhnSIsxyI73n9nl9GGRAMNUSGzr4pQUFwTA==",
			"requires": {
				"pluralize": "^8.0.0",
				"unified-lint-rule": "^1.0.0",
				"unist-util-generated": "^1.1.0",
				"unist-util-position": "^3.0.0",
				"unist-util-visit": "^2.0.0"
			}
		},
		"remark-lint-list-item-spacing": {
			"version": "3.0.0",
			"resolved": "https://registry.npmjs.org/remark-lint-list-item-spacing/-/remark-lint-list-item-spacing-3.0.0.tgz",
			"integrity": "sha512-SRUVonwdN3GOSFb6oIYs4IfJxIVR+rD0nynkX66qEO49/qDDT1PPvkndis6Nyew5+t+2V/Db9vqllL6SWbnEtw==",
			"requires": {
				"unified-lint-rule": "^1.0.0",
				"unist-util-generated": "^1.1.0",
				"unist-util-position": "^3.0.0",
				"unist-util-visit": "^2.0.0"
			}
		},
		"remark-lint-maximum-heading-length": {
			"version": "2.0.1",
			"resolved": "https://registry.npmjs.org/remark-lint-maximum-heading-length/-/remark-lint-maximum-heading-length-2.0.1.tgz",
			"integrity": "sha512-1CjJ71YDqEpoOjUnc4wrwZV8ZGXWUIYRYeGoarAy3QKHepJL9M+zkdbOxZDfhc3tjVoDW/LWcgsW+DEpczgiMA==",
			"requires": {
				"mdast-util-to-string": "^1.0.2",
				"unified-lint-rule": "^1.0.0",
				"unist-util-generated": "^1.1.0",
				"unist-util-visit": "^2.0.0"
			}
		},
		"remark-lint-maximum-line-length": {
			"version": "2.0.3",
			"resolved": "https://registry.npmjs.org/remark-lint-maximum-line-length/-/remark-lint-maximum-line-length-2.0.3.tgz",
			"integrity": "sha512-zyWHBFh1oPAy+gkaVFXiTHYP2WwriIeBtaarDqkweytw0+qmuikjVMJTWbQ3+XfYBreD7KKDM9SI79nkp0/IZQ==",
			"requires": {
				"unified-lint-rule": "^1.0.0",
				"unist-util-generated": "^1.1.0",
				"unist-util-position": "^3.0.0",
				"unist-util-visit": "^2.0.0"
			}
		},
		"remark-lint-no-auto-link-without-protocol": {
			"version": "2.0.1",
			"resolved": "https://registry.npmjs.org/remark-lint-no-auto-link-without-protocol/-/remark-lint-no-auto-link-without-protocol-2.0.1.tgz",
			"integrity": "sha512-TFcXxzucsfBb/5uMqGF1rQA+WJJqm1ZlYQXyvJEXigEZ8EAxsxZGPb/gOQARHl/y0vymAuYxMTaChavPKaBqpQ==",
			"requires": {
				"mdast-util-to-string": "^1.0.2",
				"unified-lint-rule": "^1.0.0",
				"unist-util-generated": "^1.1.0",
				"unist-util-position": "^3.0.0",
				"unist-util-visit": "^2.0.0"
			}
		},
		"remark-lint-no-blockquote-without-marker": {
			"version": "4.0.0",
			"resolved": "https://registry.npmjs.org/remark-lint-no-blockquote-without-marker/-/remark-lint-no-blockquote-without-marker-4.0.0.tgz",
			"integrity": "sha512-Y59fMqdygRVFLk1gpx2Qhhaw5IKOR9T38Wf7pjR07bEFBGUNfcoNVIFMd1TCJfCPQxUyJzzSqfZz/KT7KdUuiQ==",
			"requires": {
				"unified-lint-rule": "^1.0.0",
				"unist-util-generated": "^1.0.0",
				"unist-util-position": "^3.0.0",
				"unist-util-visit": "^2.0.0",
				"vfile-location": "^3.0.0"
			}
		},
		"remark-lint-no-consecutive-blank-lines": {
			"version": "3.0.0",
			"resolved": "https://registry.npmjs.org/remark-lint-no-consecutive-blank-lines/-/remark-lint-no-consecutive-blank-lines-3.0.0.tgz",
			"integrity": "sha512-kmzLlOLrapBKEngwYFTdCZDmeOaze6adFPB7G0EdymD9V1mpAlnneINuOshRLEDKK5fAhXKiZXxdGIaMPkiXrA==",
			"requires": {
				"pluralize": "^8.0.0",
				"unified-lint-rule": "^1.0.0",
				"unist-util-generated": "^1.1.0",
				"unist-util-position": "^3.0.0",
				"unist-util-visit": "^2.0.0"
			}
		},
		"remark-lint-no-duplicate-definitions": {
			"version": "2.0.1",
			"resolved": "https://registry.npmjs.org/remark-lint-no-duplicate-definitions/-/remark-lint-no-duplicate-definitions-2.0.1.tgz",
			"integrity": "sha512-XL22benJZB01m+aOse91nsu1IMFqeWJWme9QvoJuxIcBROO1BG1VoqLOkwNcawE/M/0CkvTo5rfx0eMlcnXOIw==",
			"requires": {
				"unified-lint-rule": "^1.0.0",
				"unist-util-generated": "^1.1.0",
				"unist-util-position": "^3.0.0",
				"unist-util-stringify-position": "^2.0.0",
				"unist-util-visit": "^2.0.0"
			}
		},
		"remark-lint-no-duplicate-headings": {
			"version": "2.0.1",
			"resolved": "https://registry.npmjs.org/remark-lint-no-duplicate-headings/-/remark-lint-no-duplicate-headings-2.0.1.tgz",
			"integrity": "sha512-F6AP0FJcHIlkmq0pHX0J5EGvLA9LfhuYTvnNO8y3kvflHeRjFkDyt2foz/taXR8OcLQR51n/jIJiwrrSMbiauw==",
			"requires": {
				"mdast-util-to-string": "^1.0.2",
				"unified-lint-rule": "^1.0.0",
				"unist-util-generated": "^1.1.0",
				"unist-util-position": "^3.0.0",
				"unist-util-stringify-position": "^2.0.0",
				"unist-util-visit": "^2.0.0"
			}
		},
		"remark-lint-no-emphasis-as-heading": {
			"version": "2.0.1",
			"resolved": "https://registry.npmjs.org/remark-lint-no-emphasis-as-heading/-/remark-lint-no-emphasis-as-heading-2.0.1.tgz",
			"integrity": "sha512-z86+yWtVivtuGIxIC4g9RuATbgZgOgyLcnaleonJ7/HdGTYssjJNyqCJweaWSLoaI0akBQdDwmtJahW5iuX3/g==",
			"requires": {
				"unified-lint-rule": "^1.0.0",
				"unist-util-generated": "^1.1.0",
				"unist-util-visit": "^2.0.0"
			}
		},
		"remark-lint-no-file-name-articles": {
			"version": "1.0.5",
			"resolved": "https://registry.npmjs.org/remark-lint-no-file-name-articles/-/remark-lint-no-file-name-articles-1.0.5.tgz",
			"integrity": "sha512-AQk5eTb3s3TAPPjiglZgqlQj4ycao+gPs8/XkdN1VCPUtewW0GgwoQe7YEuBKayJ6ioN8dGP37Kg/P/PlKaRQA==",
			"requires": {
				"unified-lint-rule": "^1.0.0"
			}
		},
		"remark-lint-no-file-name-consecutive-dashes": {
			"version": "1.0.5",
			"resolved": "https://registry.npmjs.org/remark-lint-no-file-name-consecutive-dashes/-/remark-lint-no-file-name-consecutive-dashes-1.0.5.tgz",
			"integrity": "sha512-Mg2IDsi790/dSdAzwnBnsMYdZm3qC2QgGwqOWcr0TPABJhhjC3p8r5fX4MNMTXI5It7B7bW9+ImmCeLOZiXkLg==",
			"requires": {
				"unified-lint-rule": "^1.0.0"
			}
		},
		"remark-lint-no-file-name-irregular-characters": {
			"version": "1.0.5",
			"resolved": "https://registry.npmjs.org/remark-lint-no-file-name-irregular-characters/-/remark-lint-no-file-name-irregular-characters-1.0.5.tgz",
			"integrity": "sha512-Oe5i99qNUKc2bxmiH421o5B/kqlf1dfjAxpHNLhi2X2dXE91zRGavrlRM/4f4oR0N9Bqb3qB9JZPyMPWrzu9XA==",
			"requires": {
				"unified-lint-rule": "^1.0.0"
			}
		},
		"remark-lint-no-file-name-mixed-case": {
			"version": "1.0.5",
			"resolved": "https://registry.npmjs.org/remark-lint-no-file-name-mixed-case/-/remark-lint-no-file-name-mixed-case-1.0.5.tgz",
			"integrity": "sha512-ilrUCbHZin/ENwr8c3SC2chgkFsizXjBQIB/oZ7gnm1IkCkZPiMyXZAHdpwC/DjbrpGxfMYh9JmIHao4giS5+A==",
			"requires": {
				"unified-lint-rule": "^1.0.0"
			}
		},
		"remark-lint-no-file-name-outer-dashes": {
			"version": "1.0.6",
			"resolved": "https://registry.npmjs.org/remark-lint-no-file-name-outer-dashes/-/remark-lint-no-file-name-outer-dashes-1.0.6.tgz",
			"integrity": "sha512-rT8CmcIlenegS0Yst4maYXdZfqIjBOiRUY8j/KJkORF5tKH+3O1/S07025qPGmcRihzK3w4yO0K8rgkKQw0b9w==",
			"requires": {
				"unified-lint-rule": "^1.0.0"
			}
		},
		"remark-lint-no-heading-content-indent": {
			"version": "3.0.0",
			"resolved": "https://registry.npmjs.org/remark-lint-no-heading-content-indent/-/remark-lint-no-heading-content-indent-3.0.0.tgz",
			"integrity": "sha512-yULDoVSIqKylLDfW6mVUbrHlyEWUSFtVFiKc+/BA412xDIhm8HZLUnP+FsuBC0OzbIZ+bO9Txy52WtO3LGnK1A==",
			"requires": {
				"mdast-util-heading-style": "^1.0.2",
				"pluralize": "^8.0.0",
				"unified-lint-rule": "^1.0.0",
				"unist-util-generated": "^1.1.0",
				"unist-util-position": "^3.0.0",
				"unist-util-visit": "^2.0.0"
			}
		},
		"remark-lint-no-heading-punctuation": {
			"version": "2.0.1",
			"resolved": "https://registry.npmjs.org/remark-lint-no-heading-punctuation/-/remark-lint-no-heading-punctuation-2.0.1.tgz",
			"integrity": "sha512-lY/eF6GbMeGu4cSuxfGHyvaQQBIq/6T/o+HvAR5UfxSTxmxZFwbZneAI2lbeR1zPcqOU87NsZ5ZZzWVwdLpPBw==",
			"requires": {
				"mdast-util-to-string": "^1.0.2",
				"unified-lint-rule": "^1.0.0",
				"unist-util-generated": "^1.1.0",
				"unist-util-visit": "^2.0.0"
			}
		},
		"remark-lint-no-inline-padding": {
			"version": "3.0.0",
			"resolved": "https://registry.npmjs.org/remark-lint-no-inline-padding/-/remark-lint-no-inline-padding-3.0.0.tgz",
			"integrity": "sha512-3s9uW3Yux9RFC0xV81MQX3bsYs+UY7nPnRuMxeIxgcVwxQ4E/mTJd9QjXUwBhU9kdPtJ5AalngdmOW2Tgar8Cg==",
			"requires": {
				"mdast-util-to-string": "^1.0.2",
				"unified-lint-rule": "^1.0.0",
				"unist-util-generated": "^1.1.0",
				"unist-util-visit": "^2.0.0"
			}
		},
		"remark-lint-no-literal-urls": {
			"version": "2.0.1",
			"resolved": "https://registry.npmjs.org/remark-lint-no-literal-urls/-/remark-lint-no-literal-urls-2.0.1.tgz",
			"integrity": "sha512-IDdKtWOMuKVQIlb1CnsgBoyoTcXU3LppelDFAIZePbRPySVHklTtuK57kacgU5grc7gPM04bZV96eliGrRU7Iw==",
			"requires": {
				"mdast-util-to-string": "^1.0.2",
				"unified-lint-rule": "^1.0.0",
				"unist-util-generated": "^1.1.0",
				"unist-util-position": "^3.0.0",
				"unist-util-visit": "^2.0.0"
			}
		},
		"remark-lint-no-multiple-toplevel-headings": {
			"version": "2.0.1",
			"resolved": "https://registry.npmjs.org/remark-lint-no-multiple-toplevel-headings/-/remark-lint-no-multiple-toplevel-headings-2.0.1.tgz",
			"integrity": "sha512-VKSItR6c+u3OsE5pUiSmNusERNyQS9Nnji26ezoQ1uvy06k3RypIjmzQqJ/hCkSiF+hoyC3ibtrrGT8gorzCmQ==",
			"requires": {
				"unified-lint-rule": "^1.0.0",
				"unist-util-generated": "^1.1.0",
				"unist-util-position": "^3.0.0",
				"unist-util-stringify-position": "^2.0.0",
				"unist-util-visit": "^2.0.0"
			}
		},
		"remark-lint-no-shell-dollars": {
			"version": "2.0.2",
			"resolved": "https://registry.npmjs.org/remark-lint-no-shell-dollars/-/remark-lint-no-shell-dollars-2.0.2.tgz",
			"integrity": "sha512-zhkHZOuyaD3r/TUUkkVqW0OxsR9fnSrAnHIF63nfJoAAUezPOu8D1NBsni6rX8H2DqGbPYkoeWrNsTwiKP0yow==",
			"requires": {
				"unified-lint-rule": "^1.0.0",
				"unist-util-generated": "^1.1.0",
				"unist-util-visit": "^2.0.0"
			}
		},
		"remark-lint-no-shortcut-reference-image": {
			"version": "2.0.1",
			"resolved": "https://registry.npmjs.org/remark-lint-no-shortcut-reference-image/-/remark-lint-no-shortcut-reference-image-2.0.1.tgz",
			"integrity": "sha512-2jcZBdnN6ecP7u87gkOVFrvICLXIU5OsdWbo160FvS/2v3qqqwF2e/n/e7D9Jd+KTq1mR1gEVVuTqkWWuh3cig==",
			"requires": {
				"unified-lint-rule": "^1.0.0",
				"unist-util-generated": "^1.1.0",
				"unist-util-visit": "^2.0.0"
			}
		},
		"remark-lint-no-shortcut-reference-link": {
			"version": "2.0.1",
			"resolved": "https://registry.npmjs.org/remark-lint-no-shortcut-reference-link/-/remark-lint-no-shortcut-reference-link-2.0.1.tgz",
			"integrity": "sha512-pTZbslG412rrwwGQkIboA8wpBvcjmGFmvugIA+UQR+GfFysKtJ5OZMPGJ98/9CYWjw9Z5m0/EktplZ5TjFjqwA==",
			"requires": {
				"unified-lint-rule": "^1.0.0",
				"unist-util-generated": "^1.1.0",
				"unist-util-visit": "^2.0.0"
			}
		},
		"remark-lint-no-table-indentation": {
			"version": "3.0.0",
			"resolved": "https://registry.npmjs.org/remark-lint-no-table-indentation/-/remark-lint-no-table-indentation-3.0.0.tgz",
			"integrity": "sha512-+l7GovI6T+3LhnTtz/SmSRyOb6Fxy6tmaObKHrwb/GAebI/4MhFS1LVo3vbiP/RpPYtyQoFbbuXI55hqBG4ibQ==",
			"requires": {
				"unified-lint-rule": "^1.0.0",
				"unist-util-position": "^3.0.0",
				"unist-util-visit": "^2.0.0",
				"vfile-location": "^3.0.0"
			}
		},
		"remark-lint-no-undefined-references": {
			"version": "3.0.0",
			"resolved": "https://registry.npmjs.org/remark-lint-no-undefined-references/-/remark-lint-no-undefined-references-3.0.0.tgz",
			"integrity": "sha512-0hzaJS9GuzSQVOeeNdJr/s66LRQOzp618xuOQPYWHcJdd+SCaRTyWbjMrTM/cCI5L1sYjgurp410NkIBQ32Vqg==",
			"requires": {
				"collapse-white-space": "^1.0.4",
				"unified-lint-rule": "^1.0.0",
				"unist-util-generated": "^1.1.0",
				"unist-util-position": "^3.1.0",
				"unist-util-visit": "^2.0.0",
				"vfile-location": "^3.1.0"
			}
		},
		"remark-lint-no-unused-definitions": {
			"version": "2.0.1",
			"resolved": "https://registry.npmjs.org/remark-lint-no-unused-definitions/-/remark-lint-no-unused-definitions-2.0.1.tgz",
			"integrity": "sha512-+BMc0BOjc364SvKYLkspmxDch8OaKPbnUGgQBvK0Bmlwy42baR4C9zhwAWBxm0SBy5Z4AyM4G4jKpLXPH40Oxg==",
			"requires": {
				"unified-lint-rule": "^1.0.0",
				"unist-util-generated": "^1.1.0",
				"unist-util-visit": "^2.0.0"
			}
		},
		"remark-lint-ordered-list-marker-style": {
			"version": "2.0.1",
			"resolved": "https://registry.npmjs.org/remark-lint-ordered-list-marker-style/-/remark-lint-ordered-list-marker-style-2.0.1.tgz",
			"integrity": "sha512-Cnpw1Dn9CHn+wBjlyf4qhPciiJroFOEGmyfX008sQ8uGoPZsoBVIJx76usnHklojSONbpjEDcJCjnOvfAcWW1A==",
			"requires": {
				"unified-lint-rule": "^1.0.0",
				"unist-util-generated": "^1.1.0",
				"unist-util-position": "^3.0.0",
				"unist-util-visit": "^2.0.0"
			}
		},
		"remark-lint-ordered-list-marker-value": {
			"version": "2.0.1",
			"resolved": "https://registry.npmjs.org/remark-lint-ordered-list-marker-value/-/remark-lint-ordered-list-marker-value-2.0.1.tgz",
			"integrity": "sha512-blt9rS7OKxZ2NW8tqojELeyNEwPhhTJGVa+YpUkdEH+KnrdcD7Nzhnj6zfLWOx6jFNZk3jpq5nvLFAPteHaNKg==",
			"requires": {
				"unified-lint-rule": "^1.0.0",
				"unist-util-generated": "^1.1.0",
				"unist-util-position": "^3.0.0",
				"unist-util-visit": "^2.0.0"
			}
		},
		"remark-lint-rule-style": {
			"version": "2.0.1",
			"resolved": "https://registry.npmjs.org/remark-lint-rule-style/-/remark-lint-rule-style-2.0.1.tgz",
			"integrity": "sha512-hz4Ff9UdlYmtO6Czz99WJavCjqCer7Cav4VopXt+yVIikObw96G5bAuLYcVS7hvMUGqC9ZuM02/Y/iq9n8pkAg==",
			"requires": {
				"unified-lint-rule": "^1.0.0",
				"unist-util-generated": "^1.1.0",
				"unist-util-position": "^3.0.0",
				"unist-util-visit": "^2.0.0"
			}
		},
		"remark-lint-strong-marker": {
			"version": "2.0.1",
			"resolved": "https://registry.npmjs.org/remark-lint-strong-marker/-/remark-lint-strong-marker-2.0.1.tgz",
			"integrity": "sha512-8X2IsW1jZ5FmW9PLfQjkL0OVy/J3xdXLcZrG1GTeQKQ91BrPFyEZqUM2oM6Y4S6LGtxWer+neZkPZNroZoRPBQ==",
			"requires": {
				"unified-lint-rule": "^1.0.0",
				"unist-util-generated": "^1.1.0",
				"unist-util-position": "^3.0.0",
				"unist-util-visit": "^2.0.0"
			}
		},
		"remark-lint-table-cell-padding": {
			"version": "3.0.0",
			"resolved": "https://registry.npmjs.org/remark-lint-table-cell-padding/-/remark-lint-table-cell-padding-3.0.0.tgz",
			"integrity": "sha512-sEKrbyFZPZpxI39R8/r+CwUrin9YtyRwVn0SQkNQEZWZcIpylK+bvoKIldvLIXQPob+ZxklL0GPVRzotQMwuWQ==",
			"requires": {
				"unified-lint-rule": "^1.0.0",
				"unist-util-generated": "^1.1.0",
				"unist-util-position": "^3.0.0",
				"unist-util-visit": "^2.0.0"
			}
		},
		"remark-lint-table-pipe-alignment": {
			"version": "2.0.1",
			"resolved": "https://registry.npmjs.org/remark-lint-table-pipe-alignment/-/remark-lint-table-pipe-alignment-2.0.1.tgz",
			"integrity": "sha512-O89U7bp0ja6uQkT2uQrNB76GaPvFabrHiUGhqEUnld21yEdyj7rgS57kn84lZNSuuvN1Oor6bDyCwWQGzzpoOQ==",
			"requires": {
				"unified-lint-rule": "^1.0.0",
				"unist-util-generated": "^1.1.0",
				"unist-util-position": "^3.0.0",
				"unist-util-visit": "^2.0.0"
			}
		},
		"remark-lint-table-pipes": {
			"version": "3.0.0",
			"resolved": "https://registry.npmjs.org/remark-lint-table-pipes/-/remark-lint-table-pipes-3.0.0.tgz",
			"integrity": "sha512-QPokSazEdl0Y8ayUV9UB0Ggn3Jos/RAQwIo0z1KDGnJlGDiF80Jc6iU9RgDNUOjlpQffSLIfSVxH5VVYF/K3uQ==",
			"requires": {
				"unified-lint-rule": "^1.0.0",
				"unist-util-generated": "^1.1.0",
				"unist-util-position": "^3.0.0",
				"unist-util-visit": "^2.0.0"
			}
		},
		"remark-lint-unordered-list-marker-style": {
			"version": "2.0.1",
			"resolved": "https://registry.npmjs.org/remark-lint-unordered-list-marker-style/-/remark-lint-unordered-list-marker-style-2.0.1.tgz",
			"integrity": "sha512-8KIDJNDtgbymEvl3LkrXgdxPMTOndcux3BHhNGB2lU4UnxSpYeHsxcDgirbgU6dqCAfQfvMjPvfYk19QTF9WZA==",
			"requires": {
				"unified-lint-rule": "^1.0.0",
				"unist-util-generated": "^1.1.0",
				"unist-util-position": "^3.0.0",
				"unist-util-visit": "^2.0.0"
			}
		},
		"remark-message-control": {
			"version": "6.0.0",
			"resolved": "https://registry.npmjs.org/remark-message-control/-/remark-message-control-6.0.0.tgz",
			"integrity": "sha512-k9bt7BYc3G7YBdmeAhvd3VavrPa/XlKWR3CyHjr4sLO9xJyly8WHHT3Sp+8HPR8lEUv+/sZaffL7IjMLV0f6BA==",
			"requires": {
				"mdast-comment-marker": "^1.0.0",
				"unified-message-control": "^3.0.0"
			}
		},
		"remark-preset-lint-consistent": {
			"version": "4.0.0",
			"resolved": "https://registry.npmjs.org/remark-preset-lint-consistent/-/remark-preset-lint-consistent-4.0.0.tgz",
			"integrity": "sha512-1euNZfRanM3wysHAR0vYX6uMbbKTlmTc+QvrymgRayKV8uhslQBISa+XduWk7mSz68ylS8CRR7JGvBfi6kDQjg==",
			"requires": {
				"remark-lint": "^8.0.0",
				"remark-lint-blockquote-indentation": "^2.0.0",
				"remark-lint-checkbox-character-style": "^3.0.0",
				"remark-lint-code-block-style": "^2.0.0",
				"remark-lint-emphasis-marker": "^2.0.0",
				"remark-lint-fenced-code-marker": "^2.0.0",
				"remark-lint-heading-style": "^2.0.0",
				"remark-lint-link-title-style": "^2.0.0",
				"remark-lint-list-item-content-indent": "^2.0.0",
				"remark-lint-ordered-list-marker-style": "^2.0.0",
				"remark-lint-rule-style": "^2.0.0",
				"remark-lint-strong-marker": "^2.0.0",
				"remark-lint-table-cell-padding": "^3.0.0"
			}
		},
		"remark-preset-lint-markdown-style-guide": {
			"version": "4.0.0",
			"resolved": "https://registry.npmjs.org/remark-preset-lint-markdown-style-guide/-/remark-preset-lint-markdown-style-guide-4.0.0.tgz",
			"integrity": "sha512-gczDlfZ28Fz0IN/oddy0AH4CiTu9S8d3pJWUsrnwFiafjhJjPGobGE1OD3bksi53md1Bp4K0fzo99YYfvB4Sjw==",
			"requires": {
				"remark-lint": "^8.0.0",
				"remark-lint-blockquote-indentation": "^2.0.0",
				"remark-lint-code-block-style": "^2.0.0",
				"remark-lint-definition-case": "^2.0.0",
				"remark-lint-definition-spacing": "^2.0.0",
				"remark-lint-emphasis-marker": "^2.0.0",
				"remark-lint-fenced-code-flag": "^2.0.0",
				"remark-lint-fenced-code-marker": "^2.0.0",
				"remark-lint-file-extension": "^1.0.0",
				"remark-lint-final-definition": "^2.0.0",
				"remark-lint-hard-break-spaces": "^2.0.0",
				"remark-lint-heading-increment": "^2.0.0",
				"remark-lint-heading-style": "^2.0.0",
				"remark-lint-link-title-style": "^2.0.0",
				"remark-lint-list-item-content-indent": "^2.0.0",
				"remark-lint-list-item-indent": "^2.0.0",
				"remark-lint-list-item-spacing": "^3.0.0",
				"remark-lint-maximum-heading-length": "^2.0.0",
				"remark-lint-maximum-line-length": "^2.0.0",
				"remark-lint-no-auto-link-without-protocol": "^2.0.0",
				"remark-lint-no-blockquote-without-marker": "^4.0.0",
				"remark-lint-no-consecutive-blank-lines": "^3.0.0",
				"remark-lint-no-duplicate-headings": "^2.0.0",
				"remark-lint-no-emphasis-as-heading": "^2.0.0",
				"remark-lint-no-file-name-articles": "^1.0.0",
				"remark-lint-no-file-name-consecutive-dashes": "^1.0.0",
				"remark-lint-no-file-name-irregular-characters": "^1.0.0",
				"remark-lint-no-file-name-mixed-case": "^1.0.0",
				"remark-lint-no-file-name-outer-dashes": "^1.0.0",
				"remark-lint-no-heading-punctuation": "^2.0.0",
				"remark-lint-no-inline-padding": "^3.0.0",
				"remark-lint-no-literal-urls": "^2.0.0",
				"remark-lint-no-multiple-toplevel-headings": "^2.0.0",
				"remark-lint-no-shell-dollars": "^2.0.0",
				"remark-lint-no-shortcut-reference-image": "^2.0.0",
				"remark-lint-no-shortcut-reference-link": "^2.0.0",
				"remark-lint-no-table-indentation": "^3.0.0",
				"remark-lint-ordered-list-marker-style": "^2.0.0",
				"remark-lint-ordered-list-marker-value": "^2.0.0",
				"remark-lint-rule-style": "^2.0.0",
				"remark-lint-strong-marker": "^2.0.0",
				"remark-lint-table-cell-padding": "^3.0.0",
				"remark-lint-table-pipe-alignment": "^2.0.0",
				"remark-lint-table-pipes": "^3.0.0",
				"remark-lint-unordered-list-marker-style": "^2.0.0"
			}
		},
		"remark-preset-lint-recommended": {
			"version": "5.0.0",
			"resolved": "https://registry.npmjs.org/remark-preset-lint-recommended/-/remark-preset-lint-recommended-5.0.0.tgz",
			"integrity": "sha512-uu+Ab8JCwMMaKvvB0LOWTWtM3uAvJbKQM/oyWCEJqj7lUVNTKZS575Ro5rKM3Dx7kQjjR1iw0e99bpAYTc5xNA==",
			"requires": {
				"remark-lint": "^8.0.0",
				"remark-lint-final-newline": "^1.0.0",
				"remark-lint-hard-break-spaces": "^2.0.0",
				"remark-lint-list-item-bullet-indent": "^3.0.0",
				"remark-lint-list-item-indent": "^2.0.0",
				"remark-lint-no-auto-link-without-protocol": "^2.0.0",
				"remark-lint-no-blockquote-without-marker": "^4.0.0",
				"remark-lint-no-duplicate-definitions": "^2.0.0",
				"remark-lint-no-heading-content-indent": "^3.0.0",
				"remark-lint-no-inline-padding": "^3.0.0",
				"remark-lint-no-literal-urls": "^2.0.0",
				"remark-lint-no-shortcut-reference-image": "^2.0.0",
				"remark-lint-no-shortcut-reference-link": "^2.0.0",
				"remark-lint-no-undefined-references": "^3.0.0",
				"remark-lint-no-unused-definitions": "^2.0.0",
				"remark-lint-ordered-list-marker-style": "^2.0.0"
			}
		},
		"sliced": {
			"version": "1.0.1",
			"resolved": "https://registry.npmjs.org/sliced/-/sliced-1.0.1.tgz",
			"integrity": "sha1-CzpmK10Ewxd7GSa+qCsD+Dei70E="
		},
		"unified-lint-rule": {
			"version": "1.0.6",
			"resolved": "https://registry.npmjs.org/unified-lint-rule/-/unified-lint-rule-1.0.6.tgz",
			"integrity": "sha512-YPK15YBFwnsVorDFG/u0cVVQN5G2a3V8zv5/N6KN3TCG+ajKtaALcy7u14DCSrJI+gZeyYquFL9cioJXOGXSvg==",
			"requires": {
				"wrapped": "^1.0.1"
			}
		},
		"unified-message-control": {
			"version": "3.0.3",
			"resolved": "https://registry.npmjs.org/unified-message-control/-/unified-message-control-3.0.3.tgz",
			"integrity": "sha512-oY5z2n8ugjpNHXOmcgrw0pQeJzavHS0VjPBP21tOcm7rc2C+5Q+kW9j5+gqtf8vfW/8sabbsK5+P+9QPwwEHDA==",
			"requires": {
				"unist-util-visit": "^2.0.0",
				"vfile-location": "^3.0.0"
			}
		},
		"unist-util-generated": {
			"version": "1.1.6",
			"resolved": "https://registry.npmjs.org/unist-util-generated/-/unist-util-generated-1.1.6.tgz",
			"integrity": "sha512-cln2Mm1/CZzN5ttGK7vkoGw+RZ8VcUH6BtGbq98DDtRGquAAOXig1mrBQYelOwMXYS8rK+vZDyyojSjp7JX+Lg=="
		},
		"unist-util-is": {
			"version": "4.1.0",
			"resolved": "https://registry.npmjs.org/unist-util-is/-/unist-util-is-4.1.0.tgz",
			"integrity": "sha512-ZOQSsnce92GrxSqlnEEseX0gi7GH9zTJZ0p9dtu87WRb/37mMPO2Ilx1s/t9vBHrFhbgweUwb+t7cIn5dxPhZg=="
		},
		"unist-util-position": {
			"version": "3.1.0",
			"resolved": "https://registry.npmjs.org/unist-util-position/-/unist-util-position-3.1.0.tgz",
			"integrity": "sha512-w+PkwCbYSFw8vpgWD0v7zRCl1FpY3fjDSQ3/N/wNd9Ffa4gPi8+4keqt99N3XW6F99t/mUzp2xAhNmfKWp95QA=="
		},
		"unist-util-stringify-position": {
			"version": "2.0.3",
			"resolved": "https://registry.npmjs.org/unist-util-stringify-position/-/unist-util-stringify-position-2.0.3.tgz",
			"integrity": "sha512-3faScn5I+hy9VleOq/qNbAd6pAx7iH5jYBMS9I1HgQVijz/4mv5Bvw5iw1sC/90CODiKo81G/ps8AJrISn687g==",
			"requires": {
				"@types/unist": "^2.0.2"
			}
		},
		"unist-util-visit": {
			"version": "2.0.3",
			"resolved": "https://registry.npmjs.org/unist-util-visit/-/unist-util-visit-2.0.3.tgz",
			"integrity": "sha512-iJ4/RczbJMkD0712mGktuGpm/U4By4FfDonL7N/9tATGIF4imikjOuagyMY53tnZq3NP6BcmlrHhEKAfGWjh7Q==",
			"requires": {
				"@types/unist": "^2.0.0",
				"unist-util-is": "^4.0.0",
				"unist-util-visit-parents": "^3.0.0"
			}
		},
		"unist-util-visit-parents": {
			"version": "3.1.1",
			"resolved": "https://registry.npmjs.org/unist-util-visit-parents/-/unist-util-visit-parents-3.1.1.tgz",
			"integrity": "sha512-1KROIZWo6bcMrZEwiH2UrXDyalAa0uqzWCxCJj6lPOvTve2WkfgCytoDTPaMnodXh1WrXOq0haVYHj99ynJlsg==",
			"requires": {
				"@types/unist": "^2.0.0",
				"unist-util-is": "^4.0.0"
			}
		},
		"vfile-location": {
			"version": "3.2.0",
			"resolved": "https://registry.npmjs.org/vfile-location/-/vfile-location-3.2.0.tgz",
			"integrity": "sha512-aLEIZKv/oxuCDZ8lkJGhuhztf/BW4M+iHdCwglA/eWc+vtuRFJj8EtgceYFX4LRjOhCAAiNHsKGssC6onJ+jbA=="
		},
		"wrapped": {
			"version": "1.0.1",
			"resolved": "https://registry.npmjs.org/wrapped/-/wrapped-1.0.1.tgz",
			"integrity": "sha1-x4PZ2Aeyc+mwHoUWgKk4yHyQckI=",
			"requires": {
				"co": "3.1.0",
				"sliced": "^1.0.1"
			}
		}
	}
}
