{
	"name": "@strv/eslint-config-typescript",
	"version": "3.0.0-alpha.7",
	"lockfileVersion": 1,
	"requires": true,
	"dependencies": {
		"@nodelib/fs.scandir": {
			"version": "2.1.4",
			"resolved": "https://registry.npmjs.org/@nodelib/fs.scandir/-/fs.scandir-2.1.4.tgz",
			"integrity": "sha512-33g3pMJk3bg5nXbL/+CY6I2eJDzZAni49PfJnL5fghPTggPvBd/pFNSgJsdAgWptuFu7qq/ERvOYFlhvsLTCKA==",
			"requires": {
				"@nodelib/fs.stat": "2.0.4",
				"run-parallel": "^1.1.9"
			}
		},
		"@nodelib/fs.stat": {
			"version": "2.0.4",
			"resolved": "https://registry.npmjs.org/@nodelib/fs.stat/-/fs.stat-2.0.4.tgz",
			"integrity": "sha512-IYlHJA0clt2+Vg7bccq+TzRdJvv19c2INqBSsoOLp1je7xjtr7J26+WXR72MCdvU9q1qTzIWDfhMf+DRvQJK4Q=="
		},
		"@nodelib/fs.walk": {
			"version": "1.2.6",
			"resolved": "https://registry.npmjs.org/@nodelib/fs.walk/-/fs.walk-1.2.6.tgz",
			"integrity": "sha512-8Broas6vTtW4GIXTAHDoE32hnN2M5ykgCpWGbuXHQ15vEMqr23pB76e/GZcYsZCHALv50ktd24qhEyKr6wBtow==",
			"requires": {
				"@nodelib/fs.scandir": "2.1.4",
				"fastq": "^1.6.0"
			}
		},
		"@strv/eslint-config-base": {
			"version": "3.0.0-alpha.4",
			"resolved": "https://registry.npmjs.org/@strv/eslint-config-base/-/eslint-config-base-3.0.0-alpha.4.tgz",
			"integrity": "sha512-7VoDsJwpDtbeO/mX67SGVVzFKsrIXbaSpfikwFI8OoI4ekIxBGVnay/ASH3FSK7ENtMQ2Bj/nzd3rHnK/ZFz5A==",
			"requires": {
				"eslint-plugin-import": "^2.22.1"
			}
		},
		"@types/json-schema": {
			"version": "7.0.7",
			"resolved": "https://registry.npmjs.org/@types/json-schema/-/json-schema-7.0.7.tgz",
			"integrity": "sha512-cxWFQVseBm6O9Gbw1IWb8r6OS4OhSt3hPZLkFApLjM8TEXROBuQGLAH2i2gZpcXdLBIrpXuTDhH7Vbm1iXmNGA=="
		},
		"@types/json5": {
			"version": "0.0.29",
			"resolved": "https://registry.npmjs.org/@types/json5/-/json5-0.0.29.tgz",
			"integrity": "sha1-7ihweulOEdK4J7y+UnC86n8+ce4="
		},
		"@typescript-eslint/eslint-plugin": {
			"version": "4.22.1",
			"resolved": "https://registry.npmjs.org/@typescript-eslint/eslint-plugin/-/eslint-plugin-4.22.1.tgz",
			"integrity": "sha512-kVTAghWDDhsvQ602tHBc6WmQkdaYbkcTwZu+7l24jtJiYvm9l+/y/b2BZANEezxPDiX5MK2ZecE+9BFi/YJryw==",
			"requires": {
				"@typescript-eslint/experimental-utils": "4.22.1",
				"@typescript-eslint/scope-manager": "4.22.1",
				"debug": "^4.1.1",
				"functional-red-black-tree": "^1.0.1",
				"lodash": "^4.17.15",
				"regexpp": "^3.0.0",
				"semver": "^7.3.2",
				"tsutils": "^3.17.1"
			}
		},
		"@typescript-eslint/experimental-utils": {
			"version": "4.22.1",
			"resolved": "https://registry.npmjs.org/@typescript-eslint/experimental-utils/-/experimental-utils-4.22.1.tgz",
			"integrity": "sha512-svYlHecSMCQGDO2qN1v477ax/IDQwWhc7PRBiwAdAMJE7GXk5stF4Z9R/8wbRkuX/5e9dHqbIWxjeOjckK3wLQ==",
			"requires": {
				"@types/json-schema": "^7.0.3",
				"@typescript-eslint/scope-manager": "4.22.1",
				"@typescript-eslint/types": "4.22.1",
				"@typescript-eslint/typescript-estree": "4.22.1",
				"eslint-scope": "^5.0.0",
				"eslint-utils": "^2.0.0"
			}
		},
		"@typescript-eslint/parser": {
			"version": "4.22.1",
			"resolved": "https://registry.npmjs.org/@typescript-eslint/parser/-/parser-4.22.1.tgz",
			"integrity": "sha512-l+sUJFInWhuMxA6rtirzjooh8cM/AATAe3amvIkqKFeMzkn85V+eLzb1RyuXkHak4dLfYzOmF6DXPyflJvjQnw==",
			"requires": {
				"@typescript-eslint/scope-manager": "4.22.1",
				"@typescript-eslint/types": "4.22.1",
				"@typescript-eslint/typescript-estree": "4.22.1",
				"debug": "^4.1.1"
			}
		},
		"@typescript-eslint/scope-manager": {
			"version": "4.22.1",
			"resolved": "https://registry.npmjs.org/@typescript-eslint/scope-manager/-/scope-manager-4.22.1.tgz",
			"integrity": "sha512-d5bAiPBiessSmNi8Amq/RuLslvcumxLmyhf1/Xa9IuaoFJ0YtshlJKxhlbY7l2JdEk3wS0EnmnfeJWSvADOe0g==",
			"requires": {
				"@typescript-eslint/types": "4.22.1",
				"@typescript-eslint/visitor-keys": "4.22.1"
			}
		},
		"@typescript-eslint/types": {
			"version": "4.22.1",
			"resolved": "https://registry.npmjs.org/@typescript-eslint/types/-/types-4.22.1.tgz",
			"integrity": "sha512-2HTkbkdAeI3OOcWbqA8hWf/7z9c6gkmnWNGz0dKSLYLWywUlkOAQ2XcjhlKLj5xBFDf8FgAOF5aQbnLRvgNbCw=="
		},
		"@typescript-eslint/typescript-estree": {
			"version": "4.22.1",
			"resolved": "https://registry.npmjs.org/@typescript-eslint/typescript-estree/-/typescript-estree-4.22.1.tgz",
			"integrity": "sha512-p3We0pAPacT+onSGM+sPR+M9CblVqdA9F1JEdIqRVlxK5Qth4ochXQgIyb9daBomyQKAXbygxp1aXQRV0GC79A==",
			"requires": {
				"@typescript-eslint/types": "4.22.1",
				"@typescript-eslint/visitor-keys": "4.22.1",
				"debug": "^4.1.1",
				"globby": "^11.0.1",
				"is-glob": "^4.0.1",
				"semver": "^7.3.2",
				"tsutils": "^3.17.1"
			}
		},
		"@typescript-eslint/visitor-keys": {
			"version": "4.22.1",
			"resolved": "https://registry.npmjs.org/@typescript-eslint/visitor-keys/-/visitor-keys-4.22.1.tgz",
			"integrity": "sha512-WPkOrIRm+WCLZxXQHCi+WG8T2MMTUFR70rWjdWYddLT7cEfb2P4a3O/J2U1FBVsSFTocXLCoXWY6MZGejeStvQ==",
			"requires": {
				"@typescript-eslint/types": "4.22.1",
				"eslint-visitor-keys": "^2.0.0"
			}
		},
		"array-includes": {
			"version": "3.1.3",
			"resolved": "https://registry.npmjs.org/array-includes/-/array-includes-3.1.3.tgz",
			"integrity": "sha512-gcem1KlBU7c9rB+Rq8/3PPKsK2kjqeEBa3bD5kkQo4nYlOHQCJqIJFqBXDEfwaRuYTT4E+FxA9xez7Gf/e3Q7A==",
			"requires": {
				"call-bind": "^1.0.2",
				"define-properties": "^1.1.3",
				"es-abstract": "^1.18.0-next.2",
				"get-intrinsic": "^1.1.1",
				"is-string": "^1.0.5"
			}
		},
		"array-union": {
			"version": "2.1.0",
			"resolved": "https://registry.npmjs.org/array-union/-/array-union-2.1.0.tgz",
			"integrity": "sha512-HGyxoOTYUyCM6stUe6EJgnd4EoewAI7zMdfqO+kGjnlZmBDz/cR5pf8r/cR4Wq60sL/p0IkcjUEEPwS3GFrIyw=="
		},
		"array.prototype.flat": {
			"version": "1.2.4",
			"resolved": "https://registry.npmjs.org/array.prototype.flat/-/array.prototype.flat-1.2.4.tgz",
			"integrity": "sha512-4470Xi3GAPAjZqFcljX2xzckv1qeKPizoNkiS0+O4IoPR2ZNpcjE0pkhdihlDouK+x6QOast26B4Q/O9DJnwSg==",
			"requires": {
				"call-bind": "^1.0.0",
				"define-properties": "^1.1.3",
				"es-abstract": "^1.18.0-next.1"
			}
		},
		"balanced-match": {
			"version": "1.0.2",
			"resolved": "https://registry.npmjs.org/balanced-match/-/balanced-match-1.0.2.tgz",
			"integrity": "sha512-3oSeUO0TMV67hN1AmbXsK4yaqU7tjiHlbxRDZOpH0KW9+CeX4bRAaX0Anxt0tx2MrpRpWwQaPwIlISEJhYU5Pw=="
		},
		"brace-expansion": {
			"version": "1.1.11",
			"resolved": "https://registry.npmjs.org/brace-expansion/-/brace-expansion-1.1.11.tgz",
			"integrity": "sha512-iCuPHDFgrHX7H2vEI/5xpz07zSHB00TpugqhmYtVmMO6518mCuRMoOYFldEBl0g187ufozdaHgWKcYFb61qGiA==",
			"requires": {
				"balanced-match": "^1.0.0",
				"concat-map": "0.0.1"
			}
		},
		"braces": {
			"version": "3.0.2",
			"resolved": "https://registry.npmjs.org/braces/-/braces-3.0.2.tgz",
			"integrity": "sha512-b8um+L1RzM3WDSzvhm6gIz1yfTbBt6YTlcEKAvsmqCZZFw46z626lVj9j1yEPW33H5H+lBQpZMP1k8l+78Ha0A==",
			"requires": {
				"fill-range": "^7.0.1"
			}
		},
		"call-bind": {
			"version": "1.0.2",
			"resolved": "https://registry.npmjs.org/call-bind/-/call-bind-1.0.2.tgz",
			"integrity": "sha512-7O+FbCihrB5WGbFYesctwmTKae6rOiIzmz1icreWJ+0aA7LJfuqhEso2T9ncpcFtzMQtzXf2QGGueWJGTYsqrA==",
			"requires": {
				"function-bind": "^1.1.1",
				"get-intrinsic": "^1.0.2"
			}
		},
		"concat-map": {
			"version": "0.0.1",
			"resolved": "https://registry.npmjs.org/concat-map/-/concat-map-0.0.1.tgz",
			"integrity": "sha1-2Klr13/Wjfd5OnMDajug1UBdR3s="
		},
		"debug": {
			"version": "4.3.1",
			"resolved": "https://registry.npmjs.org/debug/-/debug-4.3.1.tgz",
			"integrity": "sha512-doEwdvm4PCeK4K3RQN2ZC2BYUBaxwLARCqZmMjtF8a51J2Rb0xpVloFRnCODwqjpwnAoao4pelN8l3RJdv3gRQ==",
			"requires": {
				"ms": "2.1.2"
			}
		},
		"define-properties": {
			"version": "1.1.3",
			"resolved": "https://registry.npmjs.org/define-properties/-/define-properties-1.1.3.tgz",
			"integrity": "sha512-3MqfYKj2lLzdMSf8ZIZE/V+Zuy+BgD6f164e8K2w7dgnpKArBDerGYpM46IYYcjnkdPNMjPk9A6VFB8+3SKlXQ==",
			"requires": {
				"object-keys": "^1.0.12"
			}
		},
		"dir-glob": {
			"version": "3.0.1",
			"resolved": "https://registry.npmjs.org/dir-glob/-/dir-glob-3.0.1.tgz",
			"integrity": "sha512-WkrWp9GR4KXfKGYzOLmTuGVi1UWFfws377n9cc55/tb6DuqyF6pcQ5AbiHEshaDpY9v6oaSr2XCDidGmMwdzIA==",
			"requires": {
				"path-type": "^4.0.0"
			}
		},
		"doctrine": {
			"version": "2.1.0",
			"resolved": "https://registry.npmjs.org/doctrine/-/doctrine-2.1.0.tgz",
			"integrity": "sha512-35mSku4ZXK0vfCuHEDAwt55dg2jNajHZ1odvF+8SSr82EsZY4QmXfuWso8oEd8zRhVObSN18aM0CjSdoBX7zIw==",
			"requires": {
				"esutils": "^2.0.2"
			}
		},
		"error-ex": {
			"version": "1.3.2",
			"resolved": "https://registry.npmjs.org/error-ex/-/error-ex-1.3.2.tgz",
			"integrity": "sha512-7dFHNmqeFSEt2ZBsCriorKnn3Z2pj+fd9kmI6QoWw4//DL+icEBfc0U7qJCisqrTsKTjw4fNFy2pW9OqStD84g==",
			"requires": {
				"is-arrayish": "^0.2.1"
			}
		},
		"es-abstract": {
			"version": "1.18.5",
			"resolved": "https://registry.npmjs.org/es-abstract/-/es-abstract-1.18.5.tgz",
			"integrity": "sha512-DDggyJLoS91CkJjgauM5c0yZMjiD1uK3KcaCeAmffGwZ+ODWzOkPN4QwRbsK5DOFf06fywmyLci3ZD8jLGhVYA==",
			"requires": {
				"call-bind": "^1.0.2",
				"es-to-primitive": "^1.2.1",
				"function-bind": "^1.1.1",
				"get-intrinsic": "^1.1.1",
				"has": "^1.0.3",
				"has-symbols": "^1.0.2",
				"internal-slot": "^1.0.3",
				"is-callable": "^1.2.3",
				"is-negative-zero": "^2.0.1",
				"is-regex": "^1.1.3",
				"is-string": "^1.0.6",
				"object-inspect": "^1.11.0",
				"object-keys": "^1.1.1",
				"object.assign": "^4.1.2",
				"string.prototype.trimend": "^1.0.4",
				"string.prototype.trimstart": "^1.0.4",
				"unbox-primitive": "^1.0.1"
			}
		},
		"es-to-primitive": {
			"version": "1.2.1",
			"resolved": "https://registry.npmjs.org/es-to-primitive/-/es-to-primitive-1.2.1.tgz",
			"integrity": "sha512-QCOllgZJtaUo9miYBcLChTUaHNjJF3PYs1VidD7AwiEj1kYxKeQTctLAezAOH5ZKRH0g2IgPn6KwB4IT8iRpvA==",
			"requires": {
				"is-callable": "^1.1.4",
				"is-date-object": "^1.0.1",
				"is-symbol": "^1.0.2"
			}
		},
		"eslint-import-resolver-node": {
			"version": "0.3.5",
			"resolved": "https://registry.npmjs.org/eslint-import-resolver-node/-/eslint-import-resolver-node-0.3.5.tgz",
			"integrity": "sha512-XMoPKjSpXbkeJ7ZZ9icLnJMTY5Mc1kZbCakHquaFsXPpyWOwK0TK6CODO+0ca54UoM9LKOxyUNnoVZRl8TeaAg==",
			"requires": {
				"debug": "^3.2.7",
				"resolve": "^1.20.0"
			},
			"dependencies": {
				"debug": {
					"version": "3.2.7",
					"resolved": "https://registry.npmjs.org/debug/-/debug-3.2.7.tgz",
					"integrity": "sha512-CFjzYYAi4ThfiQvizrFQevTTXHtnCqWfe7x1AhgEscTz6ZbLbfoLRLPugTQyBth6f8ZERVUSyWHFD/7Wu4t1XQ==",
					"requires": {
						"ms": "^2.1.1"
					}
				}
			}
		},
		"eslint-import-resolver-typescript": {
			"version": "2.4.0",
			"resolved": "https://registry.npmjs.org/eslint-import-resolver-typescript/-/eslint-import-resolver-typescript-2.4.0.tgz",
			"integrity": "sha512-useJKURidCcldRLCNKWemr1fFQL1SzB3G4a0li6lFGvlc5xGe1hY343bvG07cbpCzPuM/lK19FIJB3XGFSkplA==",
			"requires": {
				"debug": "^4.1.1",
				"glob": "^7.1.6",
				"is-glob": "^4.0.1",
				"resolve": "^1.17.0",
				"tsconfig-paths": "^3.9.0"
			}
		},
		"eslint-module-utils": {
			"version": "2.6.2",
			"resolved": "https://registry.npmjs.org/eslint-module-utils/-/eslint-module-utils-2.6.2.tgz",
			"integrity": "sha512-QG8pcgThYOuqxupd06oYTZoNOGaUdTY1PqK+oS6ElF6vs4pBdk/aYxFVQQXzcrAqp9m7cl7lb2ubazX+g16k2Q==",
			"requires": {
				"debug": "^3.2.7",
				"pkg-dir": "^2.0.0"
			},
			"dependencies": {
				"debug": {
					"version": "3.2.7",
					"resolved": "https://registry.npmjs.org/debug/-/debug-3.2.7.tgz",
					"integrity": "sha512-CFjzYYAi4ThfiQvizrFQevTTXHtnCqWfe7x1AhgEscTz6ZbLbfoLRLPugTQyBth6f8ZERVUSyWHFD/7Wu4t1XQ==",
					"requires": {
						"ms": "^2.1.1"
					}
				}
			}
		},
		"eslint-plugin-import": {
			"version": "2.24.0",
			"resolved": "https://registry.npmjs.org/eslint-plugin-import/-/eslint-plugin-import-2.24.0.tgz",
			"integrity": "sha512-Kc6xqT9hiYi2cgybOc0I2vC9OgAYga5o/rAFinam/yF/t5uBqxQbauNPMC6fgb640T/89P0gFoO27FOilJ/Cqg==",
			"requires": {
				"array-includes": "^3.1.3",
				"array.prototype.flat": "^1.2.4",
				"debug": "^2.6.9",
				"doctrine": "^2.1.0",
				"eslint-import-resolver-node": "^0.3.5",
				"eslint-module-utils": "^2.6.2",
				"find-up": "^2.0.0",
				"has": "^1.0.3",
				"is-core-module": "^2.4.0",
				"minimatch": "^3.0.4",
				"object.values": "^1.1.3",
				"pkg-up": "^2.0.0",
				"read-pkg-up": "^3.0.0",
				"resolve": "^1.20.0",
				"tsconfig-paths": "^3.9.0"
			},
			"dependencies": {
				"debug": {
					"version": "2.6.9",
					"resolved": "https://registry.npmjs.org/debug/-/debug-2.6.9.tgz",
					"integrity": "sha512-bC7ElrdJaJnPbAP+1EotYvqZsb3ecl5wi6Bfi6BJTUcNowp6cvspg0jXznRTKDjm/E7AdgFBVeAPVMNcKGsHMA==",
					"requires": {
						"ms": "2.0.0"
					}
				},
				"is-core-module": {
					"version": "2.5.0",
					"resolved": "https://registry.npmjs.org/is-core-module/-/is-core-module-2.5.0.tgz",
					"integrity": "sha512-TXCMSDsEHMEEZ6eCA8rwRDbLu55MRGmrctljsBX/2v1d9/GzqHOxW5c5oPSgrUt2vBFXebu9rGqckXGPWOlYpg==",
					"requires": {
						"has": "^1.0.3"
					}
				},
				"ms": {
					"version": "2.0.0",
					"resolved": "https://registry.npmjs.org/ms/-/ms-2.0.0.tgz",
					"integrity": "sha1-VgiurfwAvmwpAd9fmGF4jeDVl8g="
				}
			}
		},
		"eslint-scope": {
			"version": "5.1.1",
			"resolved": "https://registry.npmjs.org/eslint-scope/-/eslint-scope-5.1.1.tgz",
			"integrity": "sha512-2NxwbF/hZ0KpepYN0cNbo+FN6XoK7GaHlQhgx/hIZl6Va0bF45RQOOwhLIy8lQDbuCiadSLCBnH2CFYquit5bw==",
			"requires": {
				"esrecurse": "^4.3.0",
				"estraverse": "^4.1.1"
			}
		},
		"eslint-utils": {
			"version": "2.1.0",
			"resolved": "https://registry.npmjs.org/eslint-utils/-/eslint-utils-2.1.0.tgz",
			"integrity": "sha512-w94dQYoauyvlDc43XnGB8lU3Zt713vNChgt4EWwhXAP2XkBvndfxF0AgIqKOOasjPIPzj9JqgwkwbCYD0/V3Zg==",
			"requires": {
				"eslint-visitor-keys": "^1.1.0"
			},
			"dependencies": {
				"eslint-visitor-keys": {
					"version": "1.3.0",
					"resolved": "https://registry.npmjs.org/eslint-visitor-keys/-/eslint-visitor-keys-1.3.0.tgz",
					"integrity": "sha512-6J72N8UNa462wa/KFODt/PJ3IU60SDpC3QXC1Hjc1BXXpfL2C9R5+AU7jhe0F6GREqVMh4Juu+NY7xn+6dipUQ=="
				}
			}
		},
		"eslint-visitor-keys": {
			"version": "2.1.0",
			"resolved": "https://registry.npmjs.org/eslint-visitor-keys/-/eslint-visitor-keys-2.1.0.tgz",
			"integrity": "sha512-0rSmRBzXgDzIsD6mGdJgevzgezI534Cer5L/vyMX0kHzT/jiB43jRhd9YUlMGYLQy2zprNmoT8qasCGtY+QaKw=="
		},
		"esrecurse": {
			"version": "4.3.0",
			"resolved": "https://registry.npmjs.org/esrecurse/-/esrecurse-4.3.0.tgz",
			"integrity": "sha512-KmfKL3b6G+RXvP8N1vr3Tq1kL/oCFgn2NYXEtqP8/L3pKapUA4G8cFVaoF3SU323CD4XypR/ffioHmkti6/Tag==",
			"requires": {
				"estraverse": "^5.2.0"
			},
			"dependencies": {
				"estraverse": {
					"version": "5.2.0",
					"resolved": "https://registry.npmjs.org/estraverse/-/estraverse-5.2.0.tgz",
					"integrity": "sha512-BxbNGGNm0RyRYvUdHpIwv9IWzeM9XClbOxwoATuFdOE7ZE6wHL+HQ5T8hoPM+zHvmKzzsEqhgy0GrQ5X13afiQ=="
				}
			}
		},
		"estraverse": {
			"version": "4.3.0",
			"resolved": "https://registry.npmjs.org/estraverse/-/estraverse-4.3.0.tgz",
			"integrity": "sha512-39nnKffWz8xN1BU/2c79n9nB9HDzo0niYUqx6xyqUnyoAnQyyWpOTdZEeiCch8BBu515t4wp9ZmgVfVhn9EBpw=="
		},
		"esutils": {
			"version": "2.0.3",
			"resolved": "https://registry.npmjs.org/esutils/-/esutils-2.0.3.tgz",
			"integrity": "sha512-kVscqXk4OCp68SZ0dkgEKVi6/8ij300KBWTJq32P/dYeWTSwK41WyTxalN1eRmA5Z9UU/LX9D7FWSmV9SAYx6g=="
		},
		"fast-glob": {
			"version": "3.2.5",
			"resolved": "https://registry.npmjs.org/fast-glob/-/fast-glob-3.2.5.tgz",
			"integrity": "sha512-2DtFcgT68wiTTiwZ2hNdJfcHNke9XOfnwmBRWXhmeKM8rF0TGwmC/Qto3S7RoZKp5cilZbxzO5iTNTQsJ+EeDg==",
			"requires": {
				"@nodelib/fs.stat": "^2.0.2",
				"@nodelib/fs.walk": "^1.2.3",
				"glob-parent": "^5.1.0",
				"merge2": "^1.3.0",
				"micromatch": "^4.0.2",
				"picomatch": "^2.2.1"
			}
		},
		"fastq": {
			"version": "1.11.0",
			"resolved": "https://registry.npmjs.org/fastq/-/fastq-1.11.0.tgz",
			"integrity": "sha512-7Eczs8gIPDrVzT+EksYBcupqMyxSHXXrHOLRRxU2/DicV8789MRBRR8+Hc2uWzUupOs4YS4JzBmBxjjCVBxD/g==",
			"requires": {
				"reusify": "^1.0.4"
			}
		},
		"fill-range": {
			"version": "7.0.1",
			"resolved": "https://registry.npmjs.org/fill-range/-/fill-range-7.0.1.tgz",
			"integrity": "sha512-qOo9F+dMUmC2Lcb4BbVvnKJxTPjCm+RRpe4gDuGrzkL7mEVl/djYSu2OdQ2Pa302N4oqkSg9ir6jaLWJ2USVpQ==",
			"requires": {
				"to-regex-range": "^5.0.1"
			}
		},
		"find-up": {
			"version": "2.1.0",
			"resolved": "https://registry.npmjs.org/find-up/-/find-up-2.1.0.tgz",
			"integrity": "sha1-RdG35QbHF93UgndaK3eSCjwMV6c=",
			"requires": {
				"locate-path": "^2.0.0"
			}
		},
		"fs.realpath": {
			"version": "1.0.0",
			"resolved": "https://registry.npmjs.org/fs.realpath/-/fs.realpath-1.0.0.tgz",
			"integrity": "sha1-FQStJSMVjKpA20onh8sBQRmU6k8="
		},
		"function-bind": {
			"version": "1.1.1",
			"resolved": "https://registry.npmjs.org/function-bind/-/function-bind-1.1.1.tgz",
			"integrity": "sha512-yIovAzMX49sF8Yl58fSCWJ5svSLuaibPxXQJFLmBObTuCr0Mf1KiPopGM9NiFjiYBCbfaa2Fh6breQ6ANVTI0A=="
		},
		"functional-red-black-tree": {
			"version": "1.0.1",
			"resolved": "https://registry.npmjs.org/functional-red-black-tree/-/functional-red-black-tree-1.0.1.tgz",
			"integrity": "sha1-GwqzvVU7Kg1jmdKcDj6gslIHgyc="
		},
		"get-intrinsic": {
			"version": "1.1.1",
			"resolved": "https://registry.npmjs.org/get-intrinsic/-/get-intrinsic-1.1.1.tgz",
			"integrity": "sha512-kWZrnVM42QCiEA2Ig1bG8zjoIMOgxWwYCEeNdwY6Tv/cOSeGpcoX4pXHfKUxNKVoArnrEr2e9srnAxxGIraS9Q==",
			"requires": {
				"function-bind": "^1.1.1",
				"has": "^1.0.3",
				"has-symbols": "^1.0.1"
			}
		},
		"glob": {
			"version": "7.1.6",
			"resolved": "https://registry.npmjs.org/glob/-/glob-7.1.6.tgz",
			"integrity": "sha512-LwaxwyZ72Lk7vZINtNNrywX0ZuLyStrdDtabefZKAY5ZGJhVtgdznluResxNmPitE0SAO+O26sWTHeKSI2wMBA==",
			"requires": {
				"fs.realpath": "^1.0.0",
				"inflight": "^1.0.4",
				"inherits": "2",
				"minimatch": "^3.0.4",
				"once": "^1.3.0",
				"path-is-absolute": "^1.0.0"
			}
		},
		"glob-parent": {
			"version": "5.1.2",
			"resolved": "https://registry.npmjs.org/glob-parent/-/glob-parent-5.1.2.tgz",
			"integrity": "sha512-AOIgSQCepiJYwP3ARnGx+5VnTu2HBYdzbGP45eLw1vr3zB3vZLeyed1sC9hnbcOc9/SrMyM5RPQrkGz4aS9Zow==",
			"requires": {
				"is-glob": "^4.0.1"
			}
		},
		"globby": {
			"version": "11.0.3",
			"resolved": "https://registry.npmjs.org/globby/-/globby-11.0.3.tgz",
			"integrity": "sha512-ffdmosjA807y7+lA1NM0jELARVmYul/715xiILEjo3hBLPTcirgQNnXECn5g3mtR8TOLCVbkfua1Hpen25/Xcg==",
			"requires": {
				"array-union": "^2.1.0",
				"dir-glob": "^3.0.1",
				"fast-glob": "^3.1.1",
				"ignore": "^5.1.4",
				"merge2": "^1.3.0",
				"slash": "^3.0.0"
			}
		},
		"graceful-fs": {
			"version": "4.2.8",
			"resolved": "https://registry.npmjs.org/graceful-fs/-/graceful-fs-4.2.8.tgz",
			"integrity": "sha512-qkIilPUYcNhJpd33n0GBXTB1MMPp14TxEsEs0pTrsSVucApsYzW5V+Q8Qxhik6KU3evy+qkAAowTByymK0avdg=="
		},
		"has": {
			"version": "1.0.3",
			"resolved": "https://registry.npmjs.org/has/-/has-1.0.3.tgz",
			"integrity": "sha512-f2dvO0VU6Oej7RkWJGrehjbzMAjFp5/VKPp5tTpWIV4JHHZK1/BxbFRtf/siA2SWTe09caDmVtYYzWEIbBS4zw==",
			"requires": {
				"function-bind": "^1.1.1"
			}
		},
		"has-bigints": {
			"version": "1.0.1",
			"resolved": "https://registry.npmjs.org/has-bigints/-/has-bigints-1.0.1.tgz",
			"integrity": "sha512-LSBS2LjbNBTf6287JEbEzvJgftkF5qFkmCo9hDRpAzKhUOlJ+hx8dd4USs00SgsUNwc4617J9ki5YtEClM2ffA=="
		},
		"has-symbols": {
			"version": "1.0.2",
			"resolved": "https://registry.npmjs.org/has-symbols/-/has-symbols-1.0.2.tgz",
			"integrity": "sha512-chXa79rL/UC2KlX17jo3vRGz0azaWEx5tGqZg5pO3NUyEJVB17dMruQlzCCOfUvElghKcm5194+BCRvi2Rv/Gw=="
		},
		"has-tostringtag": {
			"version": "1.0.0",
			"resolved": "https://registry.npmjs.org/has-tostringtag/-/has-tostringtag-1.0.0.tgz",
			"integrity": "sha512-kFjcSNhnlGV1kyoGk7OXKSawH5JOb/LzUc5w9B02hOTO0dfFRjbHQKvg1d6cf3HbeUmtU9VbbV3qzZ2Teh97WQ==",
			"requires": {
				"has-symbols": "^1.0.2"
			}
		},
		"hosted-git-info": {
			"version": "2.8.9",
			"resolved": "https://registry.npmjs.org/hosted-git-info/-/hosted-git-info-2.8.9.tgz",
			"integrity": "sha512-mxIDAb9Lsm6DoOJ7xH+5+X4y1LU/4Hi50L9C5sIswK3JzULS4bwk1FvjdBgvYR4bzT4tuUQiC15FE2f5HbLvYw=="
		},
		"ignore": {
			"version": "5.1.8",
			"resolved": "https://registry.npmjs.org/ignore/-/ignore-5.1.8.tgz",
			"integrity": "sha512-BMpfD7PpiETpBl/A6S498BaIJ6Y/ABT93ETbby2fP00v4EbvPBXWEoaR1UBPKs3iR53pJY7EtZk5KACI57i1Uw=="
		},
		"inflight": {
			"version": "1.0.6",
			"resolved": "https://registry.npmjs.org/inflight/-/inflight-1.0.6.tgz",
			"integrity": "sha1-Sb1jMdfQLQwJvJEKEHW6gWW1bfk=",
			"requires": {
				"once": "^1.3.0",
				"wrappy": "1"
			}
		},
		"inherits": {
			"version": "2.0.4",
			"resolved": "https://registry.npmjs.org/inherits/-/inherits-2.0.4.tgz",
			"integrity": "sha512-k/vGaX4/Yla3WzyMCvTQOXYeIHvqOKtnqBduzTHpzpQZzAskKMhZ2K+EnBiSM9zGSoIFeMpXKxa4dYeZIQqewQ=="
		},
		"internal-slot": {
			"version": "1.0.3",
			"resolved": "https://registry.npmjs.org/internal-slot/-/internal-slot-1.0.3.tgz",
			"integrity": "sha512-O0DB1JC/sPyZl7cIo78n5dR7eUSwwpYPiXRhTzNxZVAMUuB8vlnRFyLxdrVToks6XPLVnFfbzaVd5WLjhgg+vA==",
			"requires": {
				"get-intrinsic": "^1.1.0",
				"has": "^1.0.3",
				"side-channel": "^1.0.4"
			}
		},
		"is-arrayish": {
			"version": "0.2.1",
			"resolved": "https://registry.npmjs.org/is-arrayish/-/is-arrayish-0.2.1.tgz",
			"integrity": "sha1-d8mYQFJ6qOyxqLppe4BkWnqSap0="
		},
		"is-bigint": {
			"version": "1.0.3",
			"resolved": "https://registry.npmjs.org/is-bigint/-/is-bigint-1.0.3.tgz",
			"integrity": "sha512-ZU538ajmYJmzysE5yU4Y7uIrPQ2j704u+hXFiIPQExpqzzUbpe5jCPdTfmz7jXRxZdvjY3KZ3ZNenoXQovX+Dg=="
		},
		"is-boolean-object": {
			"version": "1.1.2",
			"resolved": "https://registry.npmjs.org/is-boolean-object/-/is-boolean-object-1.1.2.tgz",
			"integrity": "sha512-gDYaKHJmnj4aWxyj6YHyXVpdQawtVLHU5cb+eztPGczf6cjuTdwve5ZIEfgXqH4e57An1D1AKf8CZ3kYrQRqYA==",
			"requires": {
				"call-bind": "^1.0.2",
				"has-tostringtag": "^1.0.0"
			}
		},
		"is-callable": {
			"version": "1.2.4",
			"resolved": "https://registry.npmjs.org/is-callable/-/is-callable-1.2.4.tgz",
			"integrity": "sha512-nsuwtxZfMX67Oryl9LCQ+upnC0Z0BgpwntpS89m1H/TLF0zNfzfLMV/9Wa/6MZsj0acpEjAO0KF1xT6ZdLl95w=="
		},
		"is-core-module": {
			"version": "2.3.0",
			"resolved": "https://registry.npmjs.org/is-core-module/-/is-core-module-2.3.0.tgz",
			"integrity": "sha512-xSphU2KG9867tsYdLD4RWQ1VqdFl4HTO9Thf3I/3dLEfr0dbPTWKsuCKrgqMljg4nPE+Gq0VCnzT3gr0CyBmsw==",
			"requires": {
				"has": "^1.0.3"
			}
		},
		"is-date-object": {
			"version": "1.0.5",
			"resolved": "https://registry.npmjs.org/is-date-object/-/is-date-object-1.0.5.tgz",
			"integrity": "sha512-9YQaSxsAiSwcvS33MBk3wTCVnWK+HhF8VZR2jRxehM16QcVOdHqPn4VPHmRK4lSr38n9JriurInLcP90xsYNfQ==",
			"requires": {
				"has-tostringtag": "^1.0.0"
			}
		},
		"is-extglob": {
			"version": "2.1.1",
			"resolved": "https://registry.npmjs.org/is-extglob/-/is-extglob-2.1.1.tgz",
			"integrity": "sha1-qIwCU1eR8C7TfHahueqXc8gz+MI="
		},
		"is-glob": {
			"version": "4.0.1",
			"resolved": "https://registry.npmjs.org/is-glob/-/is-glob-4.0.1.tgz",
			"integrity": "sha512-5G0tKtBTFImOqDnLB2hG6Bp2qcKEFduo4tZu9MT/H6NQv/ghhy30o55ufafxJ/LdH79LLs2Kfrn85TLKyA7BUg==",
			"requires": {
				"is-extglob": "^2.1.1"
			}
		},
		"is-negative-zero": {
			"version": "2.0.1",
			"resolved": "https://registry.npmjs.org/is-negative-zero/-/is-negative-zero-2.0.1.tgz",
			"integrity": "sha512-2z6JzQvZRa9A2Y7xC6dQQm4FSTSTNWjKIYYTt4246eMTJmIo0Q+ZyOsU66X8lxK1AbB92dFeglPLrhwpeRKO6w=="
		},
		"is-number": {
			"version": "7.0.0",
			"resolved": "https://registry.npmjs.org/is-number/-/is-number-7.0.0.tgz",
			"integrity": "sha512-41Cifkg6e8TylSpdtTpeLVMqvSBEVzTttHvERD741+pnZ8ANv0004MRL43QKPDlK9cGvNp6NZWZUBlbGXYxxng=="
		},
		"is-number-object": {
			"version": "1.0.6",
			"resolved": "https://registry.npmjs.org/is-number-object/-/is-number-object-1.0.6.tgz",
			"integrity": "sha512-bEVOqiRcvo3zO1+G2lVMy+gkkEm9Yh7cDMRusKKu5ZJKPUYSJwICTKZrNKHA2EbSP0Tu0+6B/emsYNHZyn6K8g==",
			"requires": {
				"has-tostringtag": "^1.0.0"
			}
		},
		"is-regex": {
			"version": "1.1.4",
			"resolved": "https://registry.npmjs.org/is-regex/-/is-regex-1.1.4.tgz",
			"integrity": "sha512-kvRdxDsxZjhzUX07ZnLydzS1TU/TJlTUHHY4YLL87e37oUA49DfkLqgy+VjFocowy29cKvcSiu+kIv728jTTVg==",
			"requires": {
				"call-bind": "^1.0.2",
				"has-tostringtag": "^1.0.0"
			}
		},
		"is-string": {
			"version": "1.0.7",
			"resolved": "https://registry.npmjs.org/is-string/-/is-string-1.0.7.tgz",
			"integrity": "sha512-tE2UXzivje6ofPW7l23cjDOMa09gb7xlAqG6jG5ej6uPV32TlWP3NKPigtaGeHNu9fohccRYvIiZMfOOnOYUtg==",
			"requires": {
				"has-tostringtag": "^1.0.0"
			}
		},
		"is-symbol": {
			"version": "1.0.4",
			"resolved": "https://registry.npmjs.org/is-symbol/-/is-symbol-1.0.4.tgz",
			"integrity": "sha512-C/CPBqKWnvdcxqIARxyOh4v1UUEOCHpgDa0WYgpKDFMszcrPcffg5uhwSgPCLD2WWxmq6isisz87tzT01tuGhg==",
			"requires": {
				"has-symbols": "^1.0.2"
			}
		},
		"json-parse-better-errors": {
			"version": "1.0.2",
			"resolved": "https://registry.npmjs.org/json-parse-better-errors/-/json-parse-better-errors-1.0.2.tgz",
			"integrity": "sha512-mrqyZKfX5EhL7hvqcV6WG1yYjnjeuYDzDhhcAAUrq8Po85NBQBJP+ZDUT75qZQ98IkUoBqdkExkukOU7Ts2wrw=="
		},
		"json5": {
			"version": "1.0.1",
			"resolved": "https://registry.npmjs.org/json5/-/json5-1.0.1.tgz",
			"integrity": "sha512-aKS4WQjPenRxiQsC93MNfjx+nbF4PAdYzmd/1JIj8HYzqfbu86beTuNgXDzPknWk0n0uARlyewZo4s++ES36Ow==",
			"requires": {
				"minimist": "^1.2.0"
			}
		},
		"load-json-file": {
			"version": "4.0.0",
			"resolved": "https://registry.npmjs.org/load-json-file/-/load-json-file-4.0.0.tgz",
			"integrity": "sha1-L19Fq5HjMhYjT9U62rZo607AmTs=",
			"requires": {
				"graceful-fs": "^4.1.2",
				"parse-json": "^4.0.0",
				"pify": "^3.0.0",
				"strip-bom": "^3.0.0"
			}
		},
		"locate-path": {
			"version": "2.0.0",
			"resolved": "https://registry.npmjs.org/locate-path/-/locate-path-2.0.0.tgz",
			"integrity": "sha1-K1aLJl7slExtnA3pw9u7ygNUzY4=",
			"requires": {
				"p-locate": "^2.0.0",
				"path-exists": "^3.0.0"
			}
		},
		"lodash": {
			"version": "4.17.21",
			"resolved": "https://registry.npmjs.org/lodash/-/lodash-4.17.21.tgz",
			"integrity": "sha512-v2kDEe57lecTulaDIuNTPy3Ry4gLGJ6Z1O3vE1krgXZNrsQ+LFTGHVxVjcXPs17LhbZVGedAJv8XZ1tvj5FvSg=="
		},
		"lru-cache": {
			"version": "6.0.0",
			"resolved": "https://registry.npmjs.org/lru-cache/-/lru-cache-6.0.0.tgz",
			"integrity": "sha512-Jo6dJ04CmSjuznwJSS3pUeWmd/H0ffTlkXXgwZi+eq1UCmqQwCh+eLsYOYCwY991i2Fah4h1BEMCx4qThGbsiA==",
			"requires": {
				"yallist": "^4.0.0"
			}
		},
		"merge2": {
			"version": "1.4.1",
			"resolved": "https://registry.npmjs.org/merge2/-/merge2-1.4.1.tgz",
			"integrity": "sha512-8q7VEgMJW4J8tcfVPy8g09NcQwZdbwFEqhe/WZkoIzjn/3TGDwtOCYtXGxA3O8tPzpczCCDgv+P2P5y00ZJOOg=="
		},
		"micromatch": {
			"version": "4.0.4",
			"resolved": "https://registry.npmjs.org/micromatch/-/micromatch-4.0.4.tgz",
			"integrity": "sha512-pRmzw/XUcwXGpD9aI9q/0XOwLNygjETJ8y0ao0wdqprrzDa4YnxLcz7fQRZr8voh8V10kGhABbNcHVk5wHgWwg==",
			"requires": {
				"braces": "^3.0.1",
				"picomatch": "^2.2.3"
			}
		},
		"minimatch": {
			"version": "3.0.4",
			"resolved": "https://registry.npmjs.org/minimatch/-/minimatch-3.0.4.tgz",
			"integrity": "sha512-yJHVQEhyqPLUTgt9B83PXu6W3rx4MvvHvSUvToogpwoGDOUQ+yDrR0HRot+yOCdCO7u4hX3pWft6kWBBcqh0UA==",
			"requires": {
				"brace-expansion": "^1.1.7"
			}
		},
		"minimist": {
			"version": "1.2.5",
			"resolved": "https://registry.npmjs.org/minimist/-/minimist-1.2.5.tgz",
			"integrity": "sha512-FM9nNUYrRBAELZQT3xeZQ7fmMOBg6nWNmJKTcgsJeaLstP/UODVpGsr5OhXhhXg6f+qtJ8uiZ+PUxkDWcgIXLw=="
		},
		"ms": {
			"version": "2.1.2",
			"resolved": "https://registry.npmjs.org/ms/-/ms-2.1.2.tgz",
			"integrity": "sha512-sGkPx+VjMtmA6MX27oA4FBFELFCZZ4S4XqeGOXCv68tT+jb3vk/RyaKWP0PTKyWtmLSM0b+adUTEvbs1PEaH2w=="
		},
		"normalize-package-data": {
			"version": "2.5.0",
			"resolved": "https://registry.npmjs.org/normalize-package-data/-/normalize-package-data-2.5.0.tgz",
			"integrity": "sha512-/5CMN3T0R4XTj4DcGaexo+roZSdSFW/0AOOTROrjxzCG1wrWXEsGbRKevjlIL+ZDE4sZlJr5ED4YW0yqmkK+eA==",
			"requires": {
				"hosted-git-info": "^2.1.4",
				"resolve": "^1.10.0",
				"semver": "2 || 3 || 4 || 5",
				"validate-npm-package-license": "^3.0.1"
			},
			"dependencies": {
				"semver": {
					"version": "5.7.1",
					"resolved": "https://registry.npmjs.org/semver/-/semver-5.7.1.tgz",
					"integrity": "sha512-sauaDf/PZdVgrLTNYHRtpXa1iRiKcaebiKQ1BJdpQlWH2lCvexQdX55snPFyK7QzpudqbCI0qXFfOasHdyNDGQ=="
				}
			}
		},
		"object-inspect": {
			"version": "1.11.0",
			"resolved": "https://registry.npmjs.org/object-inspect/-/object-inspect-1.11.0.tgz",
			"integrity": "sha512-jp7ikS6Sd3GxQfZJPyH3cjcbJF6GZPClgdV+EFygjFLQ5FmW/dRUnTd9PQ9k0JhoNDabWFbpF1yCdSWCC6gexg=="
		},
		"object-keys": {
			"version": "1.1.1",
			"resolved": "https://registry.npmjs.org/object-keys/-/object-keys-1.1.1.tgz",
			"integrity": "sha512-NuAESUOUMrlIXOfHKzD6bpPu3tYt3xvjNdRIQ+FeT0lNb4K8WR70CaDxhuNguS2XG+GjkyMwOzsN5ZktImfhLA=="
		},
		"object.assign": {
			"version": "4.1.2",
			"resolved": "https://registry.npmjs.org/object.assign/-/object.assign-4.1.2.tgz",
			"integrity": "sha512-ixT2L5THXsApyiUPYKmW+2EHpXXe5Ii3M+f4e+aJFAHao5amFRW6J0OO6c/LU8Be47utCx2GL89hxGB6XSmKuQ==",
			"requires": {
				"call-bind": "^1.0.0",
				"define-properties": "^1.1.3",
				"has-symbols": "^1.0.1",
				"object-keys": "^1.1.1"
			}
		},
		"object.values": {
			"version": "1.1.4",
			"resolved": "https://registry.npmjs.org/object.values/-/object.values-1.1.4.tgz",
			"integrity": "sha512-TnGo7j4XSnKQoK3MfvkzqKCi0nVe/D9I9IjwTNYdb/fxYHpjrluHVOgw0AF6jrRFGMPHdfuidR09tIDiIvnaSg==",
			"requires": {
				"call-bind": "^1.0.2",
				"define-properties": "^1.1.3",
				"es-abstract": "^1.18.2"
			}
		},
		"once": {
			"version": "1.4.0",
			"resolved": "https://registry.npmjs.org/once/-/once-1.4.0.tgz",
			"integrity": "sha1-WDsap3WWHUsROsF9nFC6753Xa9E=",
			"requires": {
				"wrappy": "1"
			}
		},
		"p-limit": {
			"version": "1.3.0",
			"resolved": "https://registry.npmjs.org/p-limit/-/p-limit-1.3.0.tgz",
			"integrity": "sha512-vvcXsLAJ9Dr5rQOPk7toZQZJApBl2K4J6dANSsEuh6QI41JYcsS/qhTGa9ErIUUgK3WNQoJYvylxvjqmiqEA9Q==",
			"requires": {
				"p-try": "^1.0.0"
			}
		},
		"p-locate": {
			"version": "2.0.0",
			"resolved": "https://registry.npmjs.org/p-locate/-/p-locate-2.0.0.tgz",
			"integrity": "sha1-IKAQOyIqcMj9OcwuWAaA893l7EM=",
			"requires": {
				"p-limit": "^1.1.0"
			}
		},
		"p-try": {
			"version": "1.0.0",
			"resolved": "https://registry.npmjs.org/p-try/-/p-try-1.0.0.tgz",
			"integrity": "sha1-y8ec26+P1CKOE/Yh8rGiN8GyB7M="
		},
		"parse-json": {
			"version": "4.0.0",
			"resolved": "https://registry.npmjs.org/parse-json/-/parse-json-4.0.0.tgz",
			"integrity": "sha1-vjX1Qlvh9/bHRxhPmKeIy5lHfuA=",
			"requires": {
				"error-ex": "^1.3.1",
				"json-parse-better-errors": "^1.0.1"
			}
		},
		"path-exists": {
			"version": "3.0.0",
			"resolved": "https://registry.npmjs.org/path-exists/-/path-exists-3.0.0.tgz",
			"integrity": "sha1-zg6+ql94yxiSXqfYENe1mwEP1RU="
		},
		"path-is-absolute": {
			"version": "1.0.1",
			"resolved": "https://registry.npmjs.org/path-is-absolute/-/path-is-absolute-1.0.1.tgz",
			"integrity": "sha1-F0uSaHNVNP+8es5r9TpanhtcX18="
		},
		"path-parse": {
			"version": "1.0.7",
			"resolved": "https://registry.npmjs.org/path-parse/-/path-parse-1.0.7.tgz",
			"integrity": "sha512-LDJzPVEEEPR+y48z93A0Ed0yXb8pAByGWo/k5YYdYgpY2/2EsOsksJrq7lOHxryrVOn1ejG6oAp8ahvOIQD8sw=="
		},
		"path-type": {
			"version": "4.0.0",
			"resolved": "https://registry.npmjs.org/path-type/-/path-type-4.0.0.tgz",
			"integrity": "sha512-gDKb8aZMDeD/tZWs9P6+q0J9Mwkdl6xMV8TjnGP3qJVJ06bdMgkbBlLU8IdfOsIsFz2BW1rNVT3XuNEl8zPAvw=="
		},
		"picomatch": {
			"version": "2.2.3",
			"resolved": "https://registry.npmjs.org/picomatch/-/picomatch-2.2.3.tgz",
			"integrity": "sha512-KpELjfwcCDUb9PeigTs2mBJzXUPzAuP2oPcA989He8Rte0+YUAjw1JVedDhuTKPkHjSYzMN3npC9luThGYEKdg=="
		},
		"pify": {
			"version": "3.0.0",
			"resolved": "https://registry.npmjs.org/pify/-/pify-3.0.0.tgz",
			"integrity": "sha1-5aSs0sEB/fPZpNB/DbxNtJ3SgXY="
		},
		"pkg-dir": {
			"version": "2.0.0",
			"resolved": "https://registry.npmjs.org/pkg-dir/-/pkg-dir-2.0.0.tgz",
			"integrity": "sha1-9tXREJ4Z1j7fQo4L1X4Sd3YVM0s=",
			"requires": {
				"find-up": "^2.1.0"
			}
		},
		"pkg-up": {
			"version": "2.0.0",
			"resolved": "https://registry.npmjs.org/pkg-up/-/pkg-up-2.0.0.tgz",
			"integrity": "sha1-yBmscoBZpGHKscOImivjxJoATX8=",
			"requires": {
				"find-up": "^2.1.0"
			}
		},
		"queue-microtask": {
			"version": "1.2.3",
			"resolved": "https://registry.npmjs.org/queue-microtask/-/queue-microtask-1.2.3.tgz",
			"integrity": "sha512-NuaNSa6flKT5JaSYQzJok04JzTL1CA6aGhv5rfLW3PgqA+M2ChpZQnAC8h8i4ZFkBS8X5RqkDBHA7r4hej3K9A=="
		},
		"read-pkg": {
			"version": "3.0.0",
			"resolved": "https://registry.npmjs.org/read-pkg/-/read-pkg-3.0.0.tgz",
			"integrity": "sha1-nLxoaXj+5l0WwA4rGcI3/Pbjg4k=",
			"requires": {
				"load-json-file": "^4.0.0",
				"normalize-package-data": "^2.3.2",
				"path-type": "^3.0.0"
			},
			"dependencies": {
				"path-type": {
					"version": "3.0.0",
					"resolved": "https://registry.npmjs.org/path-type/-/path-type-3.0.0.tgz",
					"integrity": "sha512-T2ZUsdZFHgA3u4e5PfPbjd7HDDpxPnQb5jN0SrDsjNSuVXHJqtwTnWqG0B1jZrgmJ/7lj1EmVIByWt1gxGkWvg==",
					"requires": {
						"pify": "^3.0.0"
					}
				}
			}
		},
		"read-pkg-up": {
			"version": "3.0.0",
			"resolved": "https://registry.npmjs.org/read-pkg-up/-/read-pkg-up-3.0.0.tgz",
			"integrity": "sha1-PtSWaF26D4/hGNBpHcUfSh/5bwc=",
			"requires": {
				"find-up": "^2.0.0",
				"read-pkg": "^3.0.0"
			}
		},
		"regexpp": {
			"version": "3.1.0",
			"resolved": "https://registry.npmjs.org/regexpp/-/regexpp-3.1.0.tgz",
			"integrity": "sha512-ZOIzd8yVsQQA7j8GCSlPGXwg5PfmA1mrq0JP4nGhh54LaKN3xdai/vHUDu74pKwV8OxseMS65u2NImosQcSD0Q=="
		},
		"resolve": {
			"version": "1.20.0",
			"resolved": "https://registry.npmjs.org/resolve/-/resolve-1.20.0.tgz",
			"integrity": "sha512-wENBPt4ySzg4ybFQW2TT1zMQucPK95HSh/nq2CFTZVOGut2+pQvSsgtda4d26YrYcr067wjbmzOG8byDPBX63A==",
			"requires": {
				"is-core-module": "^2.2.0",
				"path-parse": "^1.0.6"
			}
		},
		"reusify": {
			"version": "1.0.4",
			"resolved": "https://registry.npmjs.org/reusify/-/reusify-1.0.4.tgz",
			"integrity": "sha512-U9nH88a3fc/ekCF1l0/UP1IosiuIjyTh7hBvXVMHYgVcfGvt897Xguj2UOLDeI5BG2m7/uwyaLVT6fbtCwTyzw=="
		},
		"run-parallel": {
			"version": "1.2.0",
			"resolved": "https://registry.npmjs.org/run-parallel/-/run-parallel-1.2.0.tgz",
			"integrity": "sha512-5l4VyZR86LZ/lDxZTR6jqL8AFE2S0IFLMP26AbjsLVADxHdhB/c0GUsH+y39UfCi3dzz8OlQuPmnaJOMoDHQBA==",
			"requires": {
				"queue-microtask": "^1.2.2"
			}
		},
		"semver": {
			"version": "7.3.5",
			"resolved": "https://registry.npmjs.org/semver/-/semver-7.3.5.tgz",
			"integrity": "sha512-PoeGJYh8HK4BTO/a9Tf6ZG3veo/A7ZVsYrSA6J8ny9nb3B1VrpkuN+z9OE5wfE5p6H4LchYZsegiQgbJD94ZFQ==",
			"requires": {
				"lru-cache": "^6.0.0"
			}
		},
		"side-channel": {
			"version": "1.0.4",
			"resolved": "https://registry.npmjs.org/side-channel/-/side-channel-1.0.4.tgz",
			"integrity": "sha512-q5XPytqFEIKHkGdiMIrY10mvLRvnQh42/+GoBlFW3b2LXLE2xxJpZFdm94we0BaoV3RwJyGqg5wS7epxTv0Zvw==",
			"requires": {
				"call-bind": "^1.0.0",
				"get-intrinsic": "^1.0.2",
				"object-inspect": "^1.9.0"
			}
		},
		"slash": {
			"version": "3.0.0",
			"resolved": "https://registry.npmjs.org/slash/-/slash-3.0.0.tgz",
			"integrity": "sha512-g9Q1haeby36OSStwb4ntCGGGaKsaVSjQ68fBxoQcutl5fS1vuY18H3wSt3jFyFtrkx+Kz0V1G85A4MyAdDMi2Q=="
		},
		"spdx-correct": {
			"version": "3.1.1",
			"resolved": "https://registry.npmjs.org/spdx-correct/-/spdx-correct-3.1.1.tgz",
			"integrity": "sha512-cOYcUWwhCuHCXi49RhFRCyJEK3iPj1Ziz9DpViV3tbZOwXD49QzIN3MpOLJNxh2qwq2lJJZaKMVw9qNi4jTC0w==",
			"requires": {
				"spdx-expression-parse": "^3.0.0",
				"spdx-license-ids": "^3.0.0"
			}
		},
		"spdx-exceptions": {
			"version": "2.3.0",
			"resolved": "https://registry.npmjs.org/spdx-exceptions/-/spdx-exceptions-2.3.0.tgz",
			"integrity": "sha512-/tTrYOC7PPI1nUAgx34hUpqXuyJG+DTHJTnIULG4rDygi4xu/tfgmq1e1cIRwRzwZgo4NLySi+ricLkZkw4i5A=="
		},
		"spdx-expression-parse": {
			"version": "3.0.1",
			"resolved": "https://registry.npmjs.org/spdx-expression-parse/-/spdx-expression-parse-3.0.1.tgz",
			"integrity": "sha512-cbqHunsQWnJNE6KhVSMsMeH5H/L9EpymbzqTQ3uLwNCLZ1Q481oWaofqH7nO6V07xlXwY6PhQdQ2IedWx/ZK4Q==",
			"requires": {
				"spdx-exceptions": "^2.1.0",
				"spdx-license-ids": "^3.0.0"
			}
		},
		"spdx-license-ids": {
			"version": "3.0.10",
			"resolved": "https://registry.npmjs.org/spdx-license-ids/-/spdx-license-ids-3.0.10.tgz",
			"integrity": "sha512-oie3/+gKf7QtpitB0LYLETe+k8SifzsX4KixvpOsbI6S0kRiRQ5MKOio8eMSAKQ17N06+wdEOXRiId+zOxo0hA=="
		},
		"string.prototype.trimend": {
			"version": "1.0.4",
			"resolved": "https://registry.npmjs.org/string.prototype.trimend/-/string.prototype.trimend-1.0.4.tgz",
			"integrity": "sha512-y9xCjw1P23Awk8EvTpcyL2NIr1j7wJ39f+k6lvRnSMz+mz9CGz9NYPelDk42kOz6+ql8xjfK8oYzy3jAP5QU5A==",
			"requires": {
				"call-bind": "^1.0.2",
				"define-properties": "^1.1.3"
			}
		},
		"string.prototype.trimstart": {
			"version": "1.0.4",
			"resolved": "https://registry.npmjs.org/string.prototype.trimstart/-/string.prototype.trimstart-1.0.4.tgz",
			"integrity": "sha512-jh6e984OBfvxS50tdY2nRZnoC5/mLFKOREQfw8t5yytkoUsJRNxvI/E39qu1sD0OtWI3OC0XgKSmcWwziwYuZw==",
			"requires": {
				"call-bind": "^1.0.2",
				"define-properties": "^1.1.3"
			}
		},
		"strip-bom": {
			"version": "3.0.0",
			"resolved": "https://registry.npmjs.org/strip-bom/-/strip-bom-3.0.0.tgz",
			"integrity": "sha1-IzTBjpx1n3vdVv3vfprj1YjmjtM="
		},
		"to-regex-range": {
			"version": "5.0.1",
			"resolved": "https://registry.npmjs.org/to-regex-range/-/to-regex-range-5.0.1.tgz",
			"integrity": "sha512-65P7iz6X5yEr1cwcgvQxbbIw7Uk3gOy5dIdtZ4rDveLqhrdJP+Li/Hx6tyK0NEb+2GCyneCMJiGqrADCSNk8sQ==",
			"requires": {
				"is-number": "^7.0.0"
			}
		},
		"tsconfig-paths": {
			"version": "3.9.0",
			"resolved": "https://registry.npmjs.org/tsconfig-paths/-/tsconfig-paths-3.9.0.tgz",
			"integrity": "sha512-dRcuzokWhajtZWkQsDVKbWyY+jgcLC5sqJhg2PSgf4ZkH2aHPvaOY8YWGhmjb68b5qqTfasSsDO9k7RUiEmZAw==",
			"requires": {
				"@types/json5": "^0.0.29",
				"json5": "^1.0.1",
				"minimist": "^1.2.0",
				"strip-bom": "^3.0.0"
			}
		},
		"tslib": {
			"version": "1.14.1",
			"resolved": "https://registry.npmjs.org/tslib/-/tslib-1.14.1.tgz",
			"integrity": "sha512-Xni35NKzjgMrwevysHTCArtLDpPvye8zV/0E4EyYn43P7/7qvQwPh9BGkHewbMulVntbigmcT7rdX3BNo9wRJg=="
		},
		"tsutils": {
			"version": "3.21.0",
			"resolved": "https://registry.npmjs.org/tsutils/-/tsutils-3.21.0.tgz",
			"integrity": "sha512-mHKK3iUXL+3UF6xL5k0PEhKRUBKPBCv/+RkEOpjRWxxx27KKRBmmA60A9pgOUvMi8GKhRMPEmjBRPzs2W7O1OA==",
			"requires": {
				"tslib": "^1.8.1"
			}
		},
		"unbox-primitive": {
			"version": "1.0.1",
			"resolved": "https://registry.npmjs.org/unbox-primitive/-/unbox-primitive-1.0.1.tgz",
			"integrity": "sha512-tZU/3NqK3dA5gpE1KtyiJUrEB0lxnGkMFHptJ7q6ewdZ8s12QrODwNbhIJStmJkd1QDXa1NRA8aF2A1zk/Ypyw==",
			"requires": {
				"function-bind": "^1.1.1",
				"has-bigints": "^1.0.1",
				"has-symbols": "^1.0.2",
				"which-boxed-primitive": "^1.0.2"
			}
		},
		"validate-npm-package-license": {
			"version": "3.0.4",
			"resolved": "https://registry.npmjs.org/validate-npm-package-license/-/validate-npm-package-license-3.0.4.tgz",
			"integrity": "sha512-DpKm2Ui/xN7/HQKCtpZxoRWBhZ9Z0kqtygG8XCgNQ8ZlDnxuQmWhj566j8fN4Cu3/JmbhsDo7fcAJq4s9h27Ew==",
			"requires": {
				"spdx-correct": "^3.0.0",
				"spdx-expression-parse": "^3.0.0"
			}
		},
		"which-boxed-primitive": {
			"version": "1.0.2",
			"resolved": "https://registry.npmjs.org/which-boxed-primitive/-/which-boxed-primitive-1.0.2.tgz",
			"integrity": "sha512-bwZdv0AKLpplFY2KZRX6TvyuN7ojjr7lwkg6ml0roIy9YeuSr7JS372qlNW18UQYzgYK9ziGcerWqZOmEn9VNg==",
			"requires": {
				"is-bigint": "^1.0.1",
				"is-boolean-object": "^1.1.0",
				"is-number-object": "^1.0.4",
				"is-string": "^1.0.5",
				"is-symbol": "^1.0.3"
			}
		},
		"wrappy": {
			"version": "1.0.2",
			"resolved": "https://registry.npmjs.org/wrappy/-/wrappy-1.0.2.tgz",
			"integrity": "sha1-tSQ9jz7BqjXxNkYFvA0QNuMKtp8="
		},
		"yallist": {
			"version": "4.0.0",
			"resolved": "https://registry.npmjs.org/yallist/-/yallist-4.0.0.tgz",
			"integrity": "sha512-3wdGidZyq5PB084XLES5TpOSRA3wjXAlIWMhum2kRcv/41Sn2emQ0dycQW4uZXLejwKvg6EsvbdlVL+FYEct7A=="
		}
	}
}
