{
	"name": "@strv/commitlint-config",
	"version": "1.1.0",
	"lockfileVersion": 1,
	"requires": true,
	"dependencies": {
		"@commitlint/config-conventional": {
			"version": "8.3.4",
			"resolved": "https://registry.npmjs.org/@commitlint/config-conventional/-/config-conventional-8.3.4.tgz",
			"integrity": "sha512-w0Yc5+aVAjZgjYqx29igBOnVCj8O22gy3Vo6Fyp7PwoS7+AYS1x3sN7IBq6i7Ae15Mv5P+rEx1pkxXo5zOMe4g==",
			"requires": {
				"conventional-changelog-conventionalcommits": "4.2.1"
			}
		},
		"@commitlint/config-lerna-scopes": {
			"version": "8.3.4",
			"resolved": "https://registry.npmjs.org/@commitlint/config-lerna-scopes/-/config-lerna-scopes-8.3.4.tgz",
			"integrity": "sha512-kaSZ4i9uA/v0AS4Nt4E0D+qYtnPEnkYqOYvgxee16rUxP8uCgBbiv6oNnF3Tk/eHxopHzbG80n1YVYcb2s7edw==",
			"requires": {
				"import-from": "3.0.0",
				"resolve-pkg": "2.0.0",
				"semver": "6.3.0"
			}
		},
		"array-ify": {
			"version": "1.0.0",
			"resolved": "https://registry.npmjs.org/array-ify/-/array-ify-1.0.0.tgz",
			"integrity": "sha1-nlKHYrSpBmrRY6aWKjZEGOlibs4="
		},
		"compare-func": {
			"version": "1.3.2",
			"resolved": "https://registry.npmjs.org/compare-func/-/compare-func-1.3.2.tgz",
			"integrity": "sha1-md0LpFfh+bxyKxLAjsM+6rMfpkg=",
			"requires": {
				"array-ify": "^1.0.0",
				"dot-prop": "^3.0.0"
			}
		},
		"conventional-changelog-conventionalcommits": {
			"version": "4.2.1",
			"resolved": "https://registry.npmjs.org/conventional-changelog-conventionalcommits/-/conventional-changelog-conventionalcommits-4.2.1.tgz",
			"integrity": "sha512-vC02KucnkNNap+foDKFm7BVUSDAXktXrUJqGszUuYnt6T0J2azsbYz/w9TDc3VsrW2v6JOtiQWVcgZnporHr4Q==",
			"requires": {
				"compare-func": "^1.3.1",
				"lodash": "^4.2.1",
				"q": "^1.5.1"
			}
		},
		"dot-prop": {
			"version": "3.0.0",
			"resolved": "https://registry.npmjs.org/dot-prop/-/dot-prop-3.0.0.tgz",
			"integrity": "sha1-G3CK8JSknJoOfbyteQq6U52sEXc=",
			"requires": {
				"is-obj": "^1.0.0"
			}
		},
		"import-from": {
			"version": "3.0.0",
			"resolved": "https://registry.npmjs.org/import-from/-/import-from-3.0.0.tgz",
			"integrity": "sha512-CiuXOFFSzkU5x/CR0+z7T91Iht4CXgfCxVOFRhh2Zyhg5wOpWvvDLQUsWl+gcN+QscYBjez8hDCt85O7RLDttQ==",
			"requires": {
				"resolve-from": "^5.0.0"
			}
		},
		"is-obj": {
			"version": "1.0.1",
			"resolved": "https://registry.npmjs.org/is-obj/-/is-obj-1.0.1.tgz",
			"integrity": "sha1-PkcprB9f3gJc19g6iW2rn09n2w8="
		},
		"lodash": {
			"version": "4.17.19",
			"resolved": "https://registry.npmjs.org/lodash/-/lodash-4.17.19.tgz",
			"integrity": "sha512-JNvd8XER9GQX0v2qJgsaN/mzFCNA5BRe/j8JN9d+tWyGLSodKQHKFicdwNYzWwI3wjRnaKPsGj1XkBjx/F96DQ=="
		},
		"q": {
			"version": "1.5.1",
			"resolved": "https://registry.npmjs.org/q/-/q-1.5.1.tgz",
			"integrity": "sha1-fjL3W0E4EpHQRhHxvxQQmsAGUdc="
		},
		"resolve-from": {
			"version": "5.0.0",
			"resolved": "https://registry.npmjs.org/resolve-from/-/resolve-from-5.0.0.tgz",
			"integrity": "sha512-qYg9KP24dD5qka9J47d0aVky0N+b4fTU89LN9iDnjB5waksiC49rvMB0PrUJQGoTmH50XPiqOvAjDfaijGxYZw=="
		},
		"resolve-pkg": {
			"version": "2.0.0",
			"resolved": "https://registry.npmjs.org/resolve-pkg/-/resolve-pkg-2.0.0.tgz",
			"integrity": "sha512-+1lzwXehGCXSeryaISr6WujZzowloigEofRB+dj75y9RRa/obVcYgbHJd53tdYw8pvZj8GojXaaENws8Ktw/hQ==",
			"requires": {
				"resolve-from": "^5.0.0"
			}
		},
		"semver": {
			"version": "6.3.0",
			"resolved": "https://registry.npmjs.org/semver/-/semver-6.3.0.tgz",
			"integrity": "sha512-b39TBaTSfV6yBrapU89p5fKekE2m/NwnDocOVruQFS1/veMgdzuPcnOM34M6CwxW8jH/lxEa5rBoDeUwu5HHTw=="
		}
	}
}
