{
	"name": "@strv/commitlint-config",
	"version": "2.0.0-alpha.0",
	"lockfileVersion": 1,
	"requires": true,
	"dependencies": {
		"@commitlint/config-conventional": {
			"version": "11.0.0",
			"resolved": "https://registry.npmjs.org/@commitlint/config-conventional/-/config-conventional-11.0.0.tgz",
			"integrity": "sha512-SNDRsb5gLuDd2PL83yCOQX6pE7gevC79UPFx+GLbLfw6jGnnbO9/tlL76MLD8MOViqGbo7ZicjChO9Gn+7tHhA==",
			"requires": {
				"conventional-changelog-conventionalcommits": "^4.3.1"
			}
		},
		"@commitlint/config-lerna-scopes": {
			"version": "11.0.0",
			"resolved": "https://registry.npmjs.org/@commitlint/config-lerna-scopes/-/config-lerna-scopes-11.0.0.tgz",
			"integrity": "sha512-/PjLKefMlnG+Sk27MY3MZo+T/9/PrgDcLk1YCSPVHNkXibXiS2Hb5NEMuNHzPxwts4IvJo0WIOb0YOBx5GBsdA==",
			"requires": {
				"import-from": "3.0.0",
				"resolve-pkg": "2.0.0",
				"semver": "7.3.2"
			}
		},
		"array-ify": {
			"version": "1.0.0",
			"resolved": "https://registry.npmjs.org/array-ify/-/array-ify-1.0.0.tgz",
			"integrity": "sha1-nlKHYrSpBmrRY6aWKjZEGOlibs4="
		},
		"compare-func": {
			"version": "2.0.0",
			"resolved": "https://registry.npmjs.org/compare-func/-/compare-func-2.0.0.tgz",
			"integrity": "sha512-zHig5N+tPWARooBnb0Zx1MFcdfpyJrfTJ3Y5L+IFvUm8rM74hHz66z0gw0x4tijh5CorKkKUCnW82R2vmpeCRA==",
			"requires": {
				"array-ify": "^1.0.0",
				"dot-prop": "^5.1.0"
			}
		},
		"conventional-changelog-conventionalcommits": {
			"version": "4.5.0",
			"resolved": "https://registry.npmjs.org/conventional-changelog-conventionalcommits/-/conventional-changelog-conventionalcommits-4.5.0.tgz",
			"integrity": "sha512-buge9xDvjjOxJlyxUnar/+6i/aVEVGA7EEh4OafBCXPlLUQPGbRUBhBUveWRxzvR8TEjhKEP4BdepnpG2FSZXw==",
			"requires": {
				"compare-func": "^2.0.0",
				"lodash": "^4.17.15",
				"q": "^1.5.1"
			}
		},
		"dot-prop": {
			"version": "5.3.0",
			"resolved": "https://registry.npmjs.org/dot-prop/-/dot-prop-5.3.0.tgz",
			"integrity": "sha512-QM8q3zDe58hqUqjraQOmzZ1LIH9SWQJTlEKCH4kJ2oQvLZk7RbQXvtDM2XEq3fwkV9CCvvH4LA0AV+ogFsBM2Q==",
			"requires": {
				"is-obj": "^2.0.0"
			}
		},
		"import-from": {
			"version": "3.0.0",
			"resolved": "https://registry.npmjs.org/import-from/-/import-from-3.0.0.tgz",
			"integrity": "sha512-CiuXOFFSzkU5x/CR0+z7T91Iht4CXgfCxVOFRhh2Zyhg5wOpWvvDLQUsWl+gcN+QscYBjez8hDCt85O7RLDttQ==",
			"requires": {
				"resolve-from": "^5.0.0"
			}
		},
		"is-obj": {
			"version": "2.0.0",
			"resolved": "https://registry.npmjs.org/is-obj/-/is-obj-2.0.0.tgz",
			"integrity": "sha512-drqDG3cbczxxEJRoOXcOjtdp1J/lyp1mNn0xaznRs8+muBhgQcrnbspox5X5fOw0HnMnbfDzvnEMEtqDEJEo8w=="
		},
		"lodash": {
			"version": "4.17.20",
			"resolved": "https://registry.npmjs.org/lodash/-/lodash-4.17.20.tgz",
			"integrity": "sha512-PlhdFcillOINfeV7Ni6oF1TAEayyZBoZ8bcshTHqOYJYlrqzRK5hagpagky5o4HfCzzd1TRkXPMFq6cKk9rGmA=="
		},
		"q": {
			"version": "1.5.1",
			"resolved": "https://registry.npmjs.org/q/-/q-1.5.1.tgz",
			"integrity": "sha1-fjL3W0E4EpHQRhHxvxQQmsAGUdc="
		},
		"resolve-from": {
			"version": "5.0.0",
			"resolved": "https://registry.npmjs.org/resolve-from/-/resolve-from-5.0.0.tgz",
			"integrity": "sha512-qYg9KP24dD5qka9J47d0aVky0N+b4fTU89LN9iDnjB5waksiC49rvMB0PrUJQGoTmH50XPiqOvAjDfaijGxYZw=="
		},
		"resolve-pkg": {
			"version": "2.0.0",
			"resolved": "https://registry.npmjs.org/resolve-pkg/-/resolve-pkg-2.0.0.tgz",
			"integrity": "sha512-+1lzwXehGCXSeryaISr6WujZzowloigEofRB+dj75y9RRa/obVcYgbHJd53tdYw8pvZj8GojXaaENws8Ktw/hQ==",
			"requires": {
				"resolve-from": "^5.0.0"
			}
		},
		"semver": {
			"version": "7.3.2",
			"resolved": "https://registry.npmjs.org/semver/-/semver-7.3.2.tgz",
			"integrity": "sha512-OrOb32TeeambH6UrhtShmF7CRDqhL6/5XpPNp2DuRH6+9QLw/orhp72j87v8Qa1ScDkvrrBNpZcDejAirJmfXQ=="
		}
	}
}
