{
	"name": "@strv/commitlint-config",
	"version": "1.1.0",
	"lockfileVersion": 1,
	"requires": true,
	"dependencies": {
		"@commitlint/config-conventional": {
			"version": "8.2.0",
			"resolved": "https://registry.npmjs.org/@commitlint/config-conventional/-/config-conventional-8.2.0.tgz",
			"integrity": "sha512-HuwlHQ3DyVhpK9GHgTMhJXD8Zp8PGIQVpQGYh/iTrEU6TVxdRC61BxIDZvfWatCaiG617Z/U8maRAFrqFM4TqA=="
		},
		"@commitlint/config-lerna-scopes": {
			"version": "8.2.0",
			"resolved": "https://registry.npmjs.org/@commitlint/config-lerna-scopes/-/config-lerna-scopes-8.2.0.tgz",
			"integrity": "sha512-V8Y4wq0UfZhKZGWLn0F3J11OANOp5wGPS6OdNf67PDbV0Xs39zc9j6HoH1PCEnVcaRHlSCr09B1kkxZvsABUEw==",
			"requires": {
				"import-from": "3.0.0",
				"resolve-pkg": "2.0.0",
				"semver": "6.2.0"
			}
		},
		"import-from": {
			"version": "3.0.0",
			"resolved": "https://registry.npmjs.org/import-from/-/import-from-3.0.0.tgz",
			"integrity": "sha512-CiuXOFFSzkU5x/CR0+z7T91Iht4CXgfCxVOFRhh2Zyhg5wOpWvvDLQUsWl+gcN+QscYBjez8hDCt85O7RLDttQ==",
			"requires": {
				"resolve-from": "^5.0.0"
			}
		},
		"resolve-from": {
			"version": "5.0.0",
			"resolved": "https://registry.npmjs.org/resolve-from/-/resolve-from-5.0.0.tgz",
			"integrity": "sha512-qYg9KP24dD5qka9J47d0aVky0N+b4fTU89LN9iDnjB5waksiC49rvMB0PrUJQGoTmH50XPiqOvAjDfaijGxYZw=="
		},
		"resolve-pkg": {
			"version": "2.0.0",
			"resolved": "https://registry.npmjs.org/resolve-pkg/-/resolve-pkg-2.0.0.tgz",
			"integrity": "sha512-+1lzwXehGCXSeryaISr6WujZzowloigEofRB+dj75y9RRa/obVcYgbHJd53tdYw8pvZj8GojXaaENws8Ktw/hQ==",
			"requires": {
				"resolve-from": "^5.0.0"
			}
		},
		"semver": {
			"version": "6.2.0",
			"resolved": "https://registry.npmjs.org/semver/-/semver-6.2.0.tgz",
			"integrity": "sha512-jdFC1VdUGT/2Scgbimf7FSx9iJLXoqfglSF+gJeuNWVpiE37OIbc1jywR/GJyFdz3mnkz2/id0L0J/cr0izR5A=="
		}
	}
}
